// !$*UTF8*$!
{
	archiveVersion = 1;
	classes = {
	};
	objectVersion = 46;
	objects = {

/* Begin PBXBuildFile section */
		59182B351D6448CE00842352 /* NSData+AES.m in Sources */ = {isa = PBXBuildFile; fileRef = 59182B341D6448CE00842352 /* NSData+AES.m */; };
		59182B3B1D644C7B00842352 /* GTMBase64.m in Sources */ = {isa = PBXBuildFile; fileRef = 59182B391D644C7B00842352 /* GTMBase64.m */; };
		59182B3F1D644D7E00842352 /* NSString+BASE64.m in Sources */ = {isa = PBXBuildFile; fileRef = 59182B3E1D644D7E00842352 /* NSString+BASE64.m */; };
		59474CF11D6D413D00DC6E50 /* PhoneListController.m in Sources */ = {isa = PBXBuildFile; fileRef = 59474CF01D6D413D00DC6E50 /* PhoneListController.m */; };
		59474CF61D6D863000DC6E50 /* MMSQManagerTool.m in Sources */ = {isa = PBXBuildFile; fileRef = 59474CF51D6D863000DC6E50 /* MMSQManagerTool.m */; };
		59474CF81D6D956000DC6E50 /* libsqlite3.tbd in Frameworks */ = {isa = PBXBuildFile; fileRef = 59474CF71D6D956000DC6E50 /* libsqlite3.tbd */; };
		595B45BB1D502FD30054ED8C /* MMMianCell.m in Sources */ = {isa = PBXBuildFile; fileRef = 595B45BA1D502FD30054ED8C /* MMMianCell.m */; };
		597762171D489AE000BD8472 /* main.m in Sources */ = {isa = PBXBuildFile; fileRef = 597762161D489AE000BD8472 /* main.m */; };
		5977621A1D489AE000BD8472 /* AppDelegate.mm in Sources */ = {isa = PBXBuildFile; fileRef = 597762191D489AE000BD8472 /* AppDelegate.mm */; };
		5977621D1D489AE000BD8472 /* ViewController.m in Sources */ = {isa = PBXBuildFile; fileRef = 5977621C1D489AE000BD8472 /* ViewController.m */; };
		597762201D489AE000BD8472 /* Main.storyboard in Resources */ = {isa = PBXBuildFile; fileRef = 5977621E1D489AE000BD8472 /* Main.storyboard */; };
		597762221D489AE000BD8472 /* Assets.xcassets in Resources */ = {isa = PBXBuildFile; fileRef = 597762211D489AE000BD8472 /* Assets.xcassets */; };
		597762251D489AE000BD8472 /* LaunchScreen.storyboard in Resources */ = {isa = PBXBuildFile; fileRef = 597762231D489AE000BD8472 /* LaunchScreen.storyboard */; };
		597762301D489AE000BD8472 /* MM_FESCOTests.m in Sources */ = {isa = PBXBuildFile; fileRef = 5977622F1D489AE000BD8472 /* MM_FESCOTests.m */; };
		5977623B1D489AE000BD8472 /* MM_FESCOUITests.m in Sources */ = {isa = PBXBuildFile; fileRef = 5977623A1D489AE000BD8472 /* MM_FESCOUITests.m */; };
		597762501D48ABCB00BD8472 /* NetworkTool.m in Sources */ = {isa = PBXBuildFile; fileRef = 5977624F1D48ABCB00BD8472 /* NetworkTool.m */; };
		5981A9511D66D8F700DAC097 /* PersonalMessageHeaderView.m in Sources */ = {isa = PBXBuildFile; fileRef = 5981A9501D66D8F700DAC097 /* PersonalMessageHeaderView.m */; };
		5996FFB01D58163D0005307C /* SignDetailController.m in Sources */ = {isa = PBXBuildFile; fileRef = 5996FFAF1D58163D0005307C /* SignDetailController.m */; };
		5996FFB31D5876BE0005307C /* NSString+MD5.m in Sources */ = {isa = PBXBuildFile; fileRef = 5996FFB21D5876BE0005307C /* NSString+MD5.m */; };
		59A59DFC1D499937001F3122 /* NSDictionary+StrDic.m in Sources */ = {isa = PBXBuildFile; fileRef = 59A59DEF1D499937001F3122 /* NSDictionary+StrDic.m */; };
		59A59DFD1D499937001F3122 /* ToastAlertView.m in Sources */ = {isa = PBXBuildFile; fileRef = 59A59DF21D499937001F3122 /* ToastAlertView.m */; };
		59A59DFE1D499937001F3122 /* UIView+Sizes.m in Sources */ = {isa = PBXBuildFile; fileRef = 59A59DF71D499937001F3122 /* UIView+Sizes.m */; };
		59A59DFF1D499937001F3122 /* UIView+TKCategory.m in Sources */ = {isa = PBXBuildFile; fileRef = 59A59DF91D499937001F3122 /* UIView+TKCategory.m */; };
		59A59E001D499937001F3122 /* UIViewAdditions.m in Sources */ = {isa = PBXBuildFile; fileRef = 59A59DFB1D499937001F3122 /* UIViewAdditions.m */; };
		59A59E1B1D499EF2001F3122 /* DVVDoubleRowToolBarView.m in Sources */ = {isa = PBXBuildFile; fileRef = 59A59E041D499EF2001F3122 /* DVVDoubleRowToolBarView.m */; };
		59A59E1C1D499EF2001F3122 /* DVVToolBarView.m in Sources */ = {isa = PBXBuildFile; fileRef = 59A59E061D499EF2001F3122 /* DVVToolBarView.m */; };
		59A59E1D1D499EF2001F3122 /* HMButton.m in Sources */ = {isa = PBXBuildFile; fileRef = 59A59E081D499EF2001F3122 /* HMButton.m */; };
		59A59E1E1D499EF2001F3122 /* NGOSegmentControl.m in Sources */ = {isa = PBXBuildFile; fileRef = 59A59E0A1D499EF2001F3122 /* NGOSegmentControl.m */; };
		59A59E1F1D499EF2001F3122 /* NSString+Helper.m in Sources */ = {isa = PBXBuildFile; fileRef = 59A59E0C1D499EF2001F3122 /* NSString+Helper.m */; };
		59A59E201D499EF2001F3122 /* PortraitView.m in Sources */ = {isa = PBXBuildFile; fileRef = 59A59E0E1D499EF2001F3122 /* PortraitView.m */; };
		59A59E211D499EF2001F3122 /* UIBarButtonItem+Helper.m in Sources */ = {isa = PBXBuildFile; fileRef = 59A59E101D499EF2001F3122 /* UIBarButtonItem+Helper.m */; };
		59A59E221D499EF2001F3122 /* UIColor+Extension.m in Sources */ = {isa = PBXBuildFile; fileRef = 59A59E121D499EF2001F3122 /* UIColor+Extension.m */; };
		59A59E231D499EF2001F3122 /* UIImage+Helper.m in Sources */ = {isa = PBXBuildFile; fileRef = 59A59E141D499EF2001F3122 /* UIImage+Helper.m */; };
		59A59E241D499EF2001F3122 /* UIImageView+SDWedImage.m in Sources */ = {isa = PBXBuildFile; fileRef = 59A59E161D499EF2001F3122 /* UIImageView+SDWedImage.m */; };
		59A59E251D499EF2001F3122 /* UINavigationItem+BackItem.m in Sources */ = {isa = PBXBuildFile; fileRef = 59A59E181D499EF2001F3122 /* UINavigationItem+BackItem.m */; };
		59A59E331D49C6A3001F3122 /* MMLoginController.m in Sources */ = {isa = PBXBuildFile; fileRef = 59A59E321D49C6A3001F3122 /* MMLoginController.m */; };
		59A59E3A1D49CADF001F3122 /* MMMainController.m in Sources */ = {isa = PBXBuildFile; fileRef = 59A59E381D49CADF001F3122 /* MMMainController.m */; };
		59C197C51D5ABFB100C7F593 /* UserInfoModel.m in Sources */ = {isa = PBXBuildFile; fileRef = 59C197C41D5ABFB100C7F593 /* UserInfoModel.m */; };
		59C197C81D5AC27A00C7F593 /* UIViewController+Method.m in Sources */ = {isa = PBXBuildFile; fileRef = 59C197C71D5AC27A00C7F593 /* UIViewController+Method.m */; };
		59C90C2F1D5C07B300CE0385 /* UIViewController+HUD.m in Sources */ = {isa = PBXBuildFile; fileRef = 59C90C2E1D5C07B300CE0385 /* UIViewController+HUD.m */; };
		59C90C321D5C27F900CE0385 /* NSDate+Category.m in Sources */ = {isa = PBXBuildFile; fileRef = 59C90C311D5C27F900CE0385 /* NSDate+Category.m */; };
		59C90C391D5C281700CE0385 /* NSDateFormatter+Category.m in Sources */ = {isa = PBXBuildFile; fileRef = 59C90C341D5C281700CE0385 /* NSDateFormatter+Category.m */; };
		59C90C3A1D5C281700CE0385 /* NSDateFormatter+sharedDateFormatter.m in Sources */ = {isa = PBXBuildFile; fileRef = 59C90C361D5C281700CE0385 /* NSDateFormatter+sharedDateFormatter.m */; };
		59C90C3B1D5C281700CE0385 /* NSString+CurrentTimeDay.m in Sources */ = {isa = PBXBuildFile; fileRef = 59C90C381D5C281700CE0385 /* NSString+CurrentTimeDay.m */; };
		59C90C411D5C627500CE0385 /* MMCycleShowImageView.m in Sources */ = {isa = PBXBuildFile; fileRef = 59C90C401D5C627500CE0385 /* MMCycleShowImageView.m */; };
		59C90C441D5C6FE900CE0385 /* MMMainCollectionCell.m in Sources */ = {isa = PBXBuildFile; fileRef = 59C90C431D5C6FE900CE0385 /* MMMainCollectionCell.m */; };
		59D3FE931D506CFA002CCCA4 /* PersonalMessageController.m in Sources */ = {isa = PBXBuildFile; fileRef = 59D3FE921D506CFA002CCCA4 /* PersonalMessageController.m */; };
		59D3FE961D506E7C002CCCA4 /* PersonalMessageDetailCell.m in Sources */ = {isa = PBXBuildFile; fileRef = 59D3FE951D506E7C002CCCA4 /* PersonalMessageDetailCell.m */; };
		59D3FE991D507C62002CCCA4 /* NetworkEntity.m in Sources */ = {isa = PBXBuildFile; fileRef = 59D3FE981D507C62002CCCA4 /* NetworkEntity.m */; };
		59E729EC1D6A8AD700920CC1 /* DVVImagePickerControllerManager.m in Sources */ = {isa = PBXBuildFile; fileRef = 59E729EB1D6A8AD700920CC1 /* DVVImagePickerControllerManager.m */; };
		59E729EF1D6A8B6200920CC1 /* PFActionSheetView.m in Sources */ = {isa = PBXBuildFile; fileRef = 59E729EE1D6A8B6200920CC1 /* PFActionSheetView.m */; };
		59E729F21D6A8C0300920CC1 /* BLPFAlertView.m in Sources */ = {isa = PBXBuildFile; fileRef = 59E729F11D6A8C0300920CC1 /* BLPFAlertView.m */; };
		59E729F61D6AE3E800920CC1 /* PersonalMessageModel.m in Sources */ = {isa = PBXBuildFile; fileRef = 59E729F51D6AE3E800920CC1 /* PersonalMessageModel.m */; };
		59FA657E1D51E5E50013D490 /* LeaveApplicationDetailController.m in Sources */ = {isa = PBXBuildFile; fileRef = 59FA657D1D51E5E50013D490 /* LeaveApplicationDetailController.m */; };
		59FA65811D51EAA70013D490 /* LeaveApplicationDetailCell.m in Sources */ = {isa = PBXBuildFile; fileRef = 59FA65801D51EAA70013D490 /* LeaveApplicationDetailCell.m */; };
		F58695894A44DEB24A883CFF /* libPods-MM_FESCO.a in Frameworks */ = {isa = PBXBuildFile; fileRef = 4B2715EDED2AD43181CF343F /* libPods-MM_FESCO.a */; };
/* End PBXBuildFile section */

/* Begin PBXContainerItemProxy section */
		5977622C1D489AE000BD8472 /* PBXContainerItemProxy */ = {
			isa = PBXContainerItemProxy;
			containerPortal = 5977620A1D489AE000BD8472 /* Project object */;
			proxyType = 1;
			remoteGlobalIDString = 597762111D489AE000BD8472;
			remoteInfo = MM_FESCO;
		};
		597762371D489AE000BD8472 /* PBXContainerItemProxy */ = {
			isa = PBXContainerItemProxy;
			containerPortal = 5977620A1D489AE000BD8472 /* Project object */;
			proxyType = 1;
			remoteGlobalIDString = 597762111D489AE000BD8472;
			remoteInfo = MM_FESCO;
		};
/* End PBXContainerItemProxy section */

/* Begin PBXFileReference section */
		0EC1627435845BB3423165EA /* Pods-MM_FESCO.debug.xcconfig */ = {isa = PBXFileReference; includeInIndex = 1; lastKnownFileType = text.xcconfig; name = "Pods-MM_FESCO.debug.xcconfig"; path = "Pods/Target Support Files/Pods-MM_FESCO/Pods-MM_FESCO.debug.xcconfig"; sourceTree = "<group>"; };
		4B2715EDED2AD43181CF343F /* libPods-MM_FESCO.a */ = {isa = PBXFileReference; explicitFileType = archive.ar; includeInIndex = 0; path = "libPods-MM_FESCO.a"; sourceTree = BUILT_PRODUCTS_DIR; };
		59182B331D6448CE00842352 /* NSData+AES.h */ = {isa = PBXFileReference; fileEncoding = 4; lastKnownFileType = sourcecode.c.h; path = "NSData+AES.h"; sourceTree = "<group>"; };
		59182B341D6448CE00842352 /* NSData+AES.m */ = {isa = PBXFileReference; fileEncoding = 4; lastKnownFileType = sourcecode.c.objc; path = "NSData+AES.m"; sourceTree = "<group>"; };
		59182B381D644C7B00842352 /* GTMBase64.h */ = {isa = PBXFileReference; fileEncoding = 4; lastKnownFileType = sourcecode.c.h; path = GTMBase64.h; sourceTree = "<group>"; };
		59182B391D644C7B00842352 /* GTMBase64.m */ = {isa = PBXFileReference; fileEncoding = 4; lastKnownFileType = sourcecode.c.objc; path = GTMBase64.m; sourceTree = "<group>"; };
		59182B3A1D644C7B00842352 /* GTMDefines.h */ = {isa = PBXFileReference; fileEncoding = 4; lastKnownFileType = sourcecode.c.h; path = GTMDefines.h; sourceTree = "<group>"; };
		59182B3D1D644D7E00842352 /* NSString+BASE64.h */ = {isa = PBXFileReference; fileEncoding = 4; lastKnownFileType = sourcecode.c.h; path = "NSString+BASE64.h"; sourceTree = "<group>"; };
		59182B3E1D644D7E00842352 /* NSString+BASE64.m */ = {isa = PBXFileReference; fileEncoding = 4; lastKnownFileType = sourcecode.c.objc; path = "NSString+BASE64.m"; sourceTree = "<group>"; };
		59474CEF1D6D413D00DC6E50 /* PhoneListController.h */ = {isa = PBXFileReference; fileEncoding = 4; lastKnownFileType = sourcecode.c.h; path = PhoneListController.h; sourceTree = "<group>"; };
		59474CF01D6D413D00DC6E50 /* PhoneListController.m */ = {isa = PBXFileReference; fileEncoding = 4; lastKnownFileType = sourcecode.c.objc; path = PhoneListController.m; sourceTree = "<group>"; };
		59474CF41D6D863000DC6E50 /* MMSQManagerTool.h */ = {isa = PBXFileReference; fileEncoding = 4; lastKnownFileType = sourcecode.c.h; path = MMSQManagerTool.h; sourceTree = "<group>"; };
		59474CF51D6D863000DC6E50 /* MMSQManagerTool.m */ = {isa = PBXFileReference; fileEncoding = 4; lastKnownFileType = sourcecode.c.objc; path = MMSQManagerTool.m; sourceTree = "<group>"; };
		59474CF71D6D956000DC6E50 /* libsqlite3.tbd */ = {isa = PBXFileReference; lastKnownFileType = "sourcecode.text-based-dylib-definition"; name = libsqlite3.tbd; path = usr/lib/libsqlite3.tbd; sourceTree = SDKROOT; };
		595B45B91D502FD30054ED8C /* MMMianCell.h */ = {isa = PBXFileReference; fileEncoding = 4; lastKnownFileType = sourcecode.c.h; path = MMMianCell.h; sourceTree = "<group>"; };
		595B45BA1D502FD30054ED8C /* MMMianCell.m */ = {isa = PBXFileReference; fileEncoding = 4; lastKnownFileType = sourcecode.c.objc; path = MMMianCell.m; sourceTree = "<group>"; };
		597762121D489AE000BD8472 /* MM_FESCO.app */ = {isa = PBXFileReference; explicitFileType = wrapper.application; includeInIndex = 0; path = MM_FESCO.app; sourceTree = BUILT_PRODUCTS_DIR; };
		597762161D489AE000BD8472 /* main.m */ = {isa = PBXFileReference; lastKnownFileType = sourcecode.c.objc; path = main.m; sourceTree = "<group>"; };
		597762181D489AE000BD8472 /* AppDelegate.h */ = {isa = PBXFileReference; lastKnownFileType = sourcecode.c.h; path = AppDelegate.h; sourceTree = "<group>"; };
		597762191D489AE000BD8472 /* AppDelegate.mm */ = {isa = PBXFileReference; lastKnownFileType = sourcecode.cpp.objcpp; path = AppDelegate.mm; sourceTree = "<group>"; };
		5977621B1D489AE000BD8472 /* ViewController.h */ = {isa = PBXFileReference; lastKnownFileType = sourcecode.c.h; path = ViewController.h; sourceTree = "<group>"; };
		5977621C1D489AE000BD8472 /* ViewController.m */ = {isa = PBXFileReference; lastKnownFileType = sourcecode.c.objc; path = ViewController.m; sourceTree = "<group>"; };
		5977621F1D489AE000BD8472 /* Base */ = {isa = PBXFileReference; lastKnownFileType = file.storyboard; name = Base; path = Base.lproj/Main.storyboard; sourceTree = "<group>"; };
		597762211D489AE000BD8472 /* Assets.xcassets */ = {isa = PBXFileReference; lastKnownFileType = folder.assetcatalog; path = Assets.xcassets; sourceTree = "<group>"; };
		597762241D489AE000BD8472 /* Base */ = {isa = PBXFileReference; lastKnownFileType = file.storyboard; name = Base; path = Base.lproj/LaunchScreen.storyboard; sourceTree = "<group>"; };
		597762261D489AE000BD8472 /* Info.plist */ = {isa = PBXFileReference; lastKnownFileType = text.plist.xml; path = Info.plist; sourceTree = "<group>"; };
		5977622B1D489AE000BD8472 /* MM_FESCOTests.xctest */ = {isa = PBXFileReference; explicitFileType = wrapper.cfbundle; includeInIndex = 0; path = MM_FESCOTests.xctest; sourceTree = BUILT_PRODUCTS_DIR; };
		5977622F1D489AE000BD8472 /* MM_FESCOTests.m */ = {isa = PBXFileReference; lastKnownFileType = sourcecode.c.objc; path = MM_FESCOTests.m; sourceTree = "<group>"; };
		597762311D489AE000BD8472 /* Info.plist */ = {isa = PBXFileReference; lastKnownFileType = text.plist.xml; path = Info.plist; sourceTree = "<group>"; };
		597762361D489AE000BD8472 /* MM_FESCOUITests.xctest */ = {isa = PBXFileReference; explicitFileType = wrapper.cfbundle; includeInIndex = 0; path = MM_FESCOUITests.xctest; sourceTree = BUILT_PRODUCTS_DIR; };
		5977623A1D489AE000BD8472 /* MM_FESCOUITests.m */ = {isa = PBXFileReference; lastKnownFileType = sourcecode.c.objc; path = MM_FESCOUITests.m; sourceTree = "<group>"; };
		5977623C1D489AE000BD8472 /* Info.plist */ = {isa = PBXFileReference; lastKnownFileType = text.plist.xml; path = Info.plist; sourceTree = "<group>"; };
		5977624E1D48ABCB00BD8472 /* NetworkTool.h */ = {isa = PBXFileReference; fileEncoding = 4; lastKnownFileType = sourcecode.c.h; path = NetworkTool.h; sourceTree = "<group>"; };
		5977624F1D48ABCB00BD8472 /* NetworkTool.m */ = {isa = PBXFileReference; fileEncoding = 4; lastKnownFileType = sourcecode.c.objc; path = NetworkTool.m; sourceTree = "<group>"; };
		5981A94F1D66D8F700DAC097 /* PersonalMessageHeaderView.h */ = {isa = PBXFileReference; fileEncoding = 4; lastKnownFileType = sourcecode.c.h; path = PersonalMessageHeaderView.h; sourceTree = "<group>"; };
		5981A9501D66D8F700DAC097 /* PersonalMessageHeaderView.m */ = {isa = PBXFileReference; fileEncoding = 4; lastKnownFileType = sourcecode.c.objc; path = PersonalMessageHeaderView.m; sourceTree = "<group>"; };
		5996FFAE1D58163D0005307C /* SignDetailController.h */ = {isa = PBXFileReference; fileEncoding = 4; lastKnownFileType = sourcecode.c.h; path = SignDetailController.h; sourceTree = "<group>"; };
		5996FFAF1D58163D0005307C /* SignDetailController.m */ = {isa = PBXFileReference; fileEncoding = 4; lastKnownFileType = sourcecode.c.objc; path = SignDetailController.m; sourceTree = "<group>"; };
		5996FFB11D5876BE0005307C /* NSString+MD5.h */ = {isa = PBXFileReference; fileEncoding = 4; lastKnownFileType = sourcecode.c.h; name = "NSString+MD5.h"; path = "../SafeDic/NSString+MD5.h"; sourceTree = "<group>"; };
		5996FFB21D5876BE0005307C /* NSString+MD5.m */ = {isa = PBXFileReference; fileEncoding = 4; lastKnownFileType = sourcecode.c.objc; name = "NSString+MD5.m"; path = "../SafeDic/NSString+MD5.m"; sourceTree = "<group>"; };
		59A59DEE1D499937001F3122 /* NSDictionary+StrDic.h */ = {isa = PBXFileReference; fileEncoding = 4; lastKnownFileType = sourcecode.c.h; path = "NSDictionary+StrDic.h"; sourceTree = "<group>"; };
		59A59DEF1D499937001F3122 /* NSDictionary+StrDic.m */ = {isa = PBXFileReference; fileEncoding = 4; lastKnownFileType = sourcecode.c.objc; path = "NSDictionary+StrDic.m"; sourceTree = "<group>"; };
		59A59DF11D499937001F3122 /* ToastAlertView.h */ = {isa = PBXFileReference; fileEncoding = 4; lastKnownFileType = sourcecode.c.h; path = ToastAlertView.h; sourceTree = "<group>"; };
		59A59DF21D499937001F3122 /* ToastAlertView.m */ = {isa = PBXFileReference; fileEncoding = 4; lastKnownFileType = sourcecode.c.objc; path = ToastAlertView.m; sourceTree = "<group>"; };
		59A59DF41D499937001F3122 /* Dlog.h */ = {isa = PBXFileReference; fileEncoding = 4; lastKnownFileType = sourcecode.c.h; path = Dlog.h; sourceTree = "<group>"; };
		59A59DF51D499937001F3122 /* SWCommonMacro.h */ = {isa = PBXFileReference; fileEncoding = 4; lastKnownFileType = sourcecode.c.h; path = SWCommonMacro.h; sourceTree = "<group>"; };
		59A59DF61D499937001F3122 /* UIView+Sizes.h */ = {isa = PBXFileReference; fileEncoding = 4; lastKnownFileType = sourcecode.c.h; path = "UIView+Sizes.h"; sourceTree = "<group>"; };
		59A59DF71D499937001F3122 /* UIView+Sizes.m */ = {isa = PBXFileReference; fileEncoding = 4; lastKnownFileType = sourcecode.c.objc; path = "UIView+Sizes.m"; sourceTree = "<group>"; };
		59A59DF81D499937001F3122 /* UIView+TKCategory.h */ = {isa = PBXFileReference; fileEncoding = 4; lastKnownFileType = sourcecode.c.h; path = "UIView+TKCategory.h"; sourceTree = "<group>"; };
		59A59DF91D499937001F3122 /* UIView+TKCategory.m */ = {isa = PBXFileReference; fileEncoding = 4; lastKnownFileType = sourcecode.c.objc; path = "UIView+TKCategory.m"; sourceTree = "<group>"; };
		59A59DFA1D499937001F3122 /* UIViewAdditions.h */ = {isa = PBXFileReference; fileEncoding = 4; lastKnownFileType = sourcecode.c.h; path = UIViewAdditions.h; sourceTree = "<group>"; };
		59A59DFB1D499937001F3122 /* UIViewAdditions.m */ = {isa = PBXFileReference; fileEncoding = 4; lastKnownFileType = sourcecode.c.objc; path = UIViewAdditions.m; sourceTree = "<group>"; };
		59A59E011D499BDC001F3122 /* PrefixHeader.pch */ = {isa = PBXFileReference; lastKnownFileType = sourcecode.c.h; path = PrefixHeader.pch; sourceTree = "<group>"; };
		59A59E031D499EF2001F3122 /* DVVDoubleRowToolBarView.h */ = {isa = PBXFileReference; fileEncoding = 4; lastKnownFileType = sourcecode.c.h; path = DVVDoubleRowToolBarView.h; sourceTree = "<group>"; };
		59A59E041D499EF2001F3122 /* DVVDoubleRowToolBarView.m */ = {isa = PBXFileReference; fileEncoding = 4; lastKnownFileType = sourcecode.c.objc; path = DVVDoubleRowToolBarView.m; sourceTree = "<group>"; };
		59A59E051D499EF2001F3122 /* DVVToolBarView.h */ = {isa = PBXFileReference; fileEncoding = 4; lastKnownFileType = sourcecode.c.h; path = DVVToolBarView.h; sourceTree = "<group>"; };
		59A59E061D499EF2001F3122 /* DVVToolBarView.m */ = {isa = PBXFileReference; fileEncoding = 4; lastKnownFileType = sourcecode.c.objc; path = DVVToolBarView.m; sourceTree = "<group>"; };
		59A59E071D499EF2001F3122 /* HMButton.h */ = {isa = PBXFileReference; fileEncoding = 4; lastKnownFileType = sourcecode.c.h; path = HMButton.h; sourceTree = "<group>"; };
		59A59E081D499EF2001F3122 /* HMButton.m */ = {isa = PBXFileReference; fileEncoding = 4; lastKnownFileType = sourcecode.c.objc; path = HMButton.m; sourceTree = "<group>"; };
		59A59E091D499EF2001F3122 /* NGOSegmentControl.h */ = {isa = PBXFileReference; fileEncoding = 4; lastKnownFileType = sourcecode.c.h; path = NGOSegmentControl.h; sourceTree = "<group>"; };
		59A59E0A1D499EF2001F3122 /* NGOSegmentControl.m */ = {isa = PBXFileReference; fileEncoding = 4; lastKnownFileType = sourcecode.c.objc; path = NGOSegmentControl.m; sourceTree = "<group>"; };
		59A59E0B1D499EF2001F3122 /* NSString+Helper.h */ = {isa = PBXFileReference; fileEncoding = 4; lastKnownFileType = sourcecode.c.h; path = "NSString+Helper.h"; sourceTree = "<group>"; };
		59A59E0C1D499EF2001F3122 /* NSString+Helper.m */ = {isa = PBXFileReference; fileEncoding = 4; lastKnownFileType = sourcecode.c.objc; path = "NSString+Helper.m"; sourceTree = "<group>"; };
		59A59E0D1D499EF2001F3122 /* PortraitView.h */ = {isa = PBXFileReference; fileEncoding = 4; lastKnownFileType = sourcecode.c.h; path = PortraitView.h; sourceTree = "<group>"; };
		59A59E0E1D499EF2001F3122 /* PortraitView.m */ = {isa = PBXFileReference; fileEncoding = 4; lastKnownFileType = sourcecode.c.objc; path = PortraitView.m; sourceTree = "<group>"; };
		59A59E0F1D499EF2001F3122 /* UIBarButtonItem+Helper.h */ = {isa = PBXFileReference; fileEncoding = 4; lastKnownFileType = sourcecode.c.h; path = "UIBarButtonItem+Helper.h"; sourceTree = "<group>"; };
		59A59E101D499EF2001F3122 /* UIBarButtonItem+Helper.m */ = {isa = PBXFileReference; fileEncoding = 4; lastKnownFileType = sourcecode.c.objc; path = "UIBarButtonItem+Helper.m"; sourceTree = "<group>"; };
		59A59E111D499EF2001F3122 /* UIColor+Extension.h */ = {isa = PBXFileReference; fileEncoding = 4; lastKnownFileType = sourcecode.c.h; path = "UIColor+Extension.h"; sourceTree = "<group>"; };
		59A59E121D499EF2001F3122 /* UIColor+Extension.m */ = {isa = PBXFileReference; fileEncoding = 4; lastKnownFileType = sourcecode.c.objc; path = "UIColor+Extension.m"; sourceTree = "<group>"; };
		59A59E131D499EF2001F3122 /* UIImage+Helper.h */ = {isa = PBXFileReference; fileEncoding = 4; lastKnownFileType = sourcecode.c.h; path = "UIImage+Helper.h"; sourceTree = "<group>"; };
		59A59E141D499EF2001F3122 /* UIImage+Helper.m */ = {isa = PBXFileReference; fileEncoding = 4; lastKnownFileType = sourcecode.c.objc; path = "UIImage+Helper.m"; sourceTree = "<group>"; };
		59A59E151D499EF2001F3122 /* UIImageView+SDWedImage.h */ = {isa = PBXFileReference; fileEncoding = 4; lastKnownFileType = sourcecode.c.h; path = "UIImageView+SDWedImage.h"; sourceTree = "<group>"; };
		59A59E161D499EF2001F3122 /* UIImageView+SDWedImage.m */ = {isa = PBXFileReference; fileEncoding = 4; lastKnownFileType = sourcecode.c.objc; path = "UIImageView+SDWedImage.m"; sourceTree = "<group>"; };
		59A59E171D499EF2001F3122 /* UINavigationItem+BackItem.h */ = {isa = PBXFileReference; fileEncoding = 4; lastKnownFileType = sourcecode.c.h; path = "UINavigationItem+BackItem.h"; sourceTree = "<group>"; };
		59A59E181D499EF2001F3122 /* UINavigationItem+BackItem.m */ = {isa = PBXFileReference; fileEncoding = 4; lastKnownFileType = sourcecode.c.objc; path = "UINavigationItem+BackItem.m"; sourceTree = "<group>"; };
		59A59E311D49C6A3001F3122 /* MMLoginController.h */ = {isa = PBXFileReference; fileEncoding = 4; lastKnownFileType = sourcecode.c.h; path = MMLoginController.h; sourceTree = "<group>"; };
		59A59E321D49C6A3001F3122 /* MMLoginController.m */ = {isa = PBXFileReference; fileEncoding = 4; lastKnownFileType = sourcecode.c.objc; path = MMLoginController.m; sourceTree = "<group>"; };
		59A59E371D49CADF001F3122 /* MMMainController.h */ = {isa = PBXFileReference; fileEncoding = 4; lastKnownFileType = sourcecode.c.h; path = MMMainController.h; sourceTree = "<group>"; };
		59A59E381D49CADF001F3122 /* MMMainController.m */ = {isa = PBXFileReference; fileEncoding = 4; lastKnownFileType = sourcecode.c.objc; path = MMMainController.m; sourceTree = "<group>"; };
		59C197C31D5ABFB100C7F593 /* UserInfoModel.h */ = {isa = PBXFileReference; fileEncoding = 4; lastKnownFileType = sourcecode.c.h; path = UserInfoModel.h; sourceTree = "<group>"; };
		59C197C41D5ABFB100C7F593 /* UserInfoModel.m */ = {isa = PBXFileReference; fileEncoding = 4; lastKnownFileType = sourcecode.c.objc; path = UserInfoModel.m; sourceTree = "<group>"; };
		59C197C61D5AC27A00C7F593 /* UIViewController+Method.h */ = {isa = PBXFileReference; fileEncoding = 4; lastKnownFileType = sourcecode.c.h; path = "UIViewController+Method.h"; sourceTree = "<group>"; };
		59C197C71D5AC27A00C7F593 /* UIViewController+Method.m */ = {isa = PBXFileReference; fileEncoding = 4; lastKnownFileType = sourcecode.c.objc; path = "UIViewController+Method.m"; sourceTree = "<group>"; };
		59C90C2D1D5C07B300CE0385 /* UIViewController+HUD.h */ = {isa = PBXFileReference; fileEncoding = 4; lastKnownFileType = sourcecode.c.h; path = "UIViewController+HUD.h"; sourceTree = "<group>"; };
		59C90C2E1D5C07B300CE0385 /* UIViewController+HUD.m */ = {isa = PBXFileReference; fileEncoding = 4; lastKnownFileType = sourcecode.c.objc; path = "UIViewController+HUD.m"; sourceTree = "<group>"; };
		59C90C301D5C27F900CE0385 /* NSDate+Category.h */ = {isa = PBXFileReference; fileEncoding = 4; lastKnownFileType = sourcecode.c.h; path = "NSDate+Category.h"; sourceTree = "<group>"; };
		59C90C311D5C27F900CE0385 /* NSDate+Category.m */ = {isa = PBXFileReference; fileEncoding = 4; lastKnownFileType = sourcecode.c.objc; path = "NSDate+Category.m"; sourceTree = "<group>"; };
		59C90C331D5C281700CE0385 /* NSDateFormatter+Category.h */ = {isa = PBXFileReference; fileEncoding = 4; lastKnownFileType = sourcecode.c.h; path = "NSDateFormatter+Category.h"; sourceTree = "<group>"; };
		59C90C341D5C281700CE0385 /* NSDateFormatter+Category.m */ = {isa = PBXFileReference; fileEncoding = 4; lastKnownFileType = sourcecode.c.objc; path = "NSDateFormatter+Category.m"; sourceTree = "<group>"; };
		59C90C351D5C281700CE0385 /* NSDateFormatter+sharedDateFormatter.h */ = {isa = PBXFileReference; fileEncoding = 4; lastKnownFileType = sourcecode.c.h; path = "NSDateFormatter+sharedDateFormatter.h"; sourceTree = "<group>"; };
		59C90C361D5C281700CE0385 /* NSDateFormatter+sharedDateFormatter.m */ = {isa = PBXFileReference; fileEncoding = 4; lastKnownFileType = sourcecode.c.objc; path = "NSDateFormatter+sharedDateFormatter.m"; sourceTree = "<group>"; };
		59C90C371D5C281700CE0385 /* NSString+CurrentTimeDay.h */ = {isa = PBXFileReference; fileEncoding = 4; lastKnownFileType = sourcecode.c.h; path = "NSString+CurrentTimeDay.h"; sourceTree = "<group>"; };
		59C90C381D5C281700CE0385 /* NSString+CurrentTimeDay.m */ = {isa = PBXFileReference; fileEncoding = 4; lastKnownFileType = sourcecode.c.objc; path = "NSString+CurrentTimeDay.m"; sourceTree = "<group>"; };
		59C90C3F1D5C627500CE0385 /* MMCycleShowImageView.h */ = {isa = PBXFileReference; fileEncoding = 4; lastKnownFileType = sourcecode.c.h; name = MMCycleShowImageView.h; path = ../Controller/MMCycleShowImageView.h; sourceTree = "<group>"; };
		59C90C401D5C627500CE0385 /* MMCycleShowImageView.m */ = {isa = PBXFileReference; fileEncoding = 4; lastKnownFileType = sourcecode.c.objc; name = MMCycleShowImageView.m; path = ../Controller/MMCycleShowImageView.m; sourceTree = "<group>"; };
		59C90C421D5C6FE900CE0385 /* MMMainCollectionCell.h */ = {isa = PBXFileReference; fileEncoding = 4; lastKnownFileType = sourcecode.c.h; path = MMMainCollectionCell.h; sourceTree = "<group>"; };
		59C90C431D5C6FE900CE0385 /* MMMainCollectionCell.m */ = {isa = PBXFileReference; fileEncoding = 4; lastKnownFileType = sourcecode.c.objc; path = MMMainCollectionCell.m; sourceTree = "<group>"; };
		59D3FE911D506CFA002CCCA4 /* PersonalMessageController.h */ = {isa = PBXFileReference; fileEncoding = 4; lastKnownFileType = sourcecode.c.h; path = PersonalMessageController.h; sourceTree = "<group>"; };
		59D3FE921D506CFA002CCCA4 /* PersonalMessageController.m */ = {isa = PBXFileReference; fileEncoding = 4; lastKnownFileType = sourcecode.c.objc; path = PersonalMessageController.m; sourceTree = "<group>"; };
		59D3FE941D506E7C002CCCA4 /* PersonalMessageDetailCell.h */ = {isa = PBXFileReference; fileEncoding = 4; lastKnownFileType = sourcecode.c.h; path = PersonalMessageDetailCell.h; sourceTree = "<group>"; };
		59D3FE951D506E7C002CCCA4 /* PersonalMessageDetailCell.m */ = {isa = PBXFileReference; fileEncoding = 4; lastKnownFileType = sourcecode.c.objc; path = PersonalMessageDetailCell.m; sourceTree = "<group>"; };
		59D3FE971D507C62002CCCA4 /* NetworkEntity.h */ = {isa = PBXFileReference; fileEncoding = 4; lastKnownFileType = sourcecode.c.h; path = NetworkEntity.h; sourceTree = "<group>"; };
		59D3FE981D507C62002CCCA4 /* NetworkEntity.m */ = {isa = PBXFileReference; fileEncoding = 4; lastKnownFileType = sourcecode.c.objc; path = NetworkEntity.m; sourceTree = "<group>"; };
		59E729EA1D6A8AD700920CC1 /* DVVImagePickerControllerManager.h */ = {isa = PBXFileReference; fileEncoding = 4; lastKnownFileType = sourcecode.c.h; path = DVVImagePickerControllerManager.h; sourceTree = "<group>"; };
		59E729EB1D6A8AD700920CC1 /* DVVImagePickerControllerManager.m */ = {isa = PBXFileReference; fileEncoding = 4; lastKnownFileType = sourcecode.c.objc; path = DVVImagePickerControllerManager.m; sourceTree = "<group>"; };
		59E729ED1D6A8B6200920CC1 /* PFActionSheetView.h */ = {isa = PBXFileReference; fileEncoding = 4; lastKnownFileType = sourcecode.c.h; path = PFActionSheetView.h; sourceTree = "<group>"; };
		59E729EE1D6A8B6200920CC1 /* PFActionSheetView.m */ = {isa = PBXFileReference; fileEncoding = 4; lastKnownFileType = sourcecode.c.objc; path = PFActionSheetView.m; sourceTree = "<group>"; };
		59E729F01D6A8C0300920CC1 /* BLPFAlertView.h */ = {isa = PBXFileReference; fileEncoding = 4; lastKnownFileType = sourcecode.c.h; path = BLPFAlertView.h; sourceTree = "<group>"; };
		59E729F11D6A8C0300920CC1 /* BLPFAlertView.m */ = {isa = PBXFileReference; fileEncoding = 4; lastKnownFileType = sourcecode.c.objc; path = BLPFAlertView.m; sourceTree = "<group>"; };
		59E729F41D6AE3E800920CC1 /* PersonalMessageModel.h */ = {isa = PBXFileReference; fileEncoding = 4; lastKnownFileType = sourcecode.c.h; path = PersonalMessageModel.h; sourceTree = "<group>"; };
		59E729F51D6AE3E800920CC1 /* PersonalMessageModel.m */ = {isa = PBXFileReference; fileEncoding = 4; lastKnownFileType = sourcecode.c.objc; path = PersonalMessageModel.m; sourceTree = "<group>"; };
		59FA657C1D51E5E50013D490 /* LeaveApplicationDetailController.h */ = {isa = PBXFileReference; fileEncoding = 4; lastKnownFileType = sourcecode.c.h; name = LeaveApplicationDetailController.h; path = ../../View/MMMainDetailView/LeaveApplicationDetailController.h; sourceTree = "<group>"; };
		59FA657D1D51E5E50013D490 /* LeaveApplicationDetailController.m */ = {isa = PBXFileReference; fileEncoding = 4; lastKnownFileType = sourcecode.c.objc; name = LeaveApplicationDetailController.m; path = ../../View/MMMainDetailView/LeaveApplicationDetailController.m; sourceTree = "<group>"; };
		59FA657F1D51EAA70013D490 /* LeaveApplicationDetailCell.h */ = {isa = PBXFileReference; fileEncoding = 4; lastKnownFileType = sourcecode.c.h; path = LeaveApplicationDetailCell.h; sourceTree = "<group>"; };
		59FA65801D51EAA70013D490 /* LeaveApplicationDetailCell.m */ = {isa = PBXFileReference; fileEncoding = 4; lastKnownFileType = sourcecode.c.objc; path = LeaveApplicationDetailCell.m; sourceTree = "<group>"; };
		851A1D3507C23C93B738EF89 /* Pods-MM_FESCO.release.xcconfig */ = {isa = PBXFileReference; includeInIndex = 1; lastKnownFileType = text.xcconfig; name = "Pods-MM_FESCO.release.xcconfig"; path = "Pods/Target Support Files/Pods-MM_FESCO/Pods-MM_FESCO.release.xcconfig"; sourceTree = "<group>"; };
/* End PBXFileReference section */

/* Begin PBXFrameworksBuildPhase section */
		5977620F1D489AE000BD8472 /* Frameworks */ = {
			isa = PBXFrameworksBuildPhase;
			buildActionMask = 2147483647;
			files = (
				59474CF81D6D956000DC6E50 /* libsqlite3.tbd in Frameworks */,
				F58695894A44DEB24A883CFF /* libPods-MM_FESCO.a in Frameworks */,
			);
			runOnlyForDeploymentPostprocessing = 0;
		};
		597762281D489AE000BD8472 /* Frameworks */ = {
			isa = PBXFrameworksBuildPhase;
			buildActionMask = 2147483647;
			files = (
			);
			runOnlyForDeploymentPostprocessing = 0;
		};
		597762331D489AE000BD8472 /* Frameworks */ = {
			isa = PBXFrameworksBuildPhase;
			buildActionMask = 2147483647;
			files = (
			);
			runOnlyForDeploymentPostprocessing = 0;
		};
/* End PBXFrameworksBuildPhase section */

/* Begin PBXGroup section */
		3307DFA9C514EA781167E167 /* Frameworks */ = {
			isa = PBXGroup;
			children = (
				59474CF71D6D956000DC6E50 /* libsqlite3.tbd */,
				4B2715EDED2AD43181CF343F /* libPods-MM_FESCO.a */,
			);
			name = Frameworks;
			sourceTree = "<group>";
		};
		59182B371D644C7B00842352 /* Base64 */ = {
			isa = PBXGroup;
			children = (
				59182B381D644C7B00842352 /* GTMBase64.h */,
				59182B391D644C7B00842352 /* GTMBase64.m */,
				59182B3A1D644C7B00842352 /* GTMDefines.h */,
				59182B3D1D644D7E00842352 /* NSString+BASE64.h */,
				59182B3E1D644D7E00842352 /* NSString+BASE64.m */,
			);
			path = Base64;
			sourceTree = "<group>";
		};
		59474CF31D6D85D400DC6E50 /* 数据库 */ = {
			isa = PBXGroup;
			children = (
				59474CF41D6D863000DC6E50 /* MMSQManagerTool.h */,
				59474CF51D6D863000DC6E50 /* MMSQManagerTool.m */,
			);
			path = "数据库";
			sourceTree = "<group>";
		};
		597762091D489AE000BD8472 = {
			isa = PBXGroup;
			children = (
				597762141D489AE000BD8472 /* MM_FESCO */,
				5977622E1D489AE000BD8472 /* MM_FESCOTests */,
				597762391D489AE000BD8472 /* MM_FESCOUITests */,
				597762131D489AE000BD8472 /* Products */,
				D21145FCB92E766519624DFD /* Pods */,
				3307DFA9C514EA781167E167 /* Frameworks */,
			);
			sourceTree = "<group>";
		};
		597762131D489AE000BD8472 /* Products */ = {
			isa = PBXGroup;
			children = (
				597762121D489AE000BD8472 /* MM_FESCO.app */,
				5977622B1D489AE000BD8472 /* MM_FESCOTests.xctest */,
				597762361D489AE000BD8472 /* MM_FESCOUITests.xctest */,
			);
			name = Products;
			sourceTree = "<group>";
		};
		597762141D489AE000BD8472 /* MM_FESCO */ = {
			isa = PBXGroup;
			children = (
				597762181D489AE000BD8472 /* AppDelegate.h */,
				597762191D489AE000BD8472 /* AppDelegate.mm */,
				5977621B1D489AE000BD8472 /* ViewController.h */,
				5977621C1D489AE000BD8472 /* ViewController.m */,
				59A59E351D49CADF001F3122 /* MM_HomeMain */,
				59A59E301D49C6A3001F3122 /* MM_Login */,
				59A59DEC1D499937001F3122 /* ThirdPary */,
				5977624C1D48AB8100BD8472 /* Tool */,
				597762151D489AE000BD8472 /* Supporting Files */,
			);
			path = MM_FESCO;
			sourceTree = "<group>";
		};
		597762151D489AE000BD8472 /* Supporting Files */ = {
			isa = PBXGroup;
			children = (
				597762161D489AE000BD8472 /* main.m */,
				5977621E1D489AE000BD8472 /* Main.storyboard */,
				597762211D489AE000BD8472 /* Assets.xcassets */,
				597762231D489AE000BD8472 /* LaunchScreen.storyboard */,
				597762261D489AE000BD8472 /* Info.plist */,
				59A59E011D499BDC001F3122 /* PrefixHeader.pch */,
			);
			name = "Supporting Files";
			sourceTree = "<group>";
		};
		5977622E1D489AE000BD8472 /* MM_FESCOTests */ = {
			isa = PBXGroup;
			children = (
				5977622F1D489AE000BD8472 /* MM_FESCOTests.m */,
				597762311D489AE000BD8472 /* Info.plist */,
			);
			path = MM_FESCOTests;
			sourceTree = "<group>";
		};
		597762391D489AE000BD8472 /* MM_FESCOUITests */ = {
			isa = PBXGroup;
			children = (
				5977623A1D489AE000BD8472 /* MM_FESCOUITests.m */,
				5977623C1D489AE000BD8472 /* Info.plist */,
			);
			path = MM_FESCOUITests;
			sourceTree = "<group>";
		};
		5977624C1D48AB8100BD8472 /* Tool */ = {
			isa = PBXGroup;
			children = (
				59474CF31D6D85D400DC6E50 /* 数据库 */,
				59C197C21D5ABF8D00C7F593 /* UserInfoModel */,
				5977624D1D48AB8100BD8472 /* 网络 */,
			);
			path = Tool;
			sourceTree = "<group>";
		};
		5977624D1D48AB8100BD8472 /* 网络 */ = {
			isa = PBXGroup;
			children = (
				5977624E1D48ABCB00BD8472 /* NetworkTool.h */,
				5977624F1D48ABCB00BD8472 /* NetworkTool.m */,
				59D3FE971D507C62002CCCA4 /* NetworkEntity.h */,
				59D3FE981D507C62002CCCA4 /* NetworkEntity.m */,
			);
			path = "网络";
			sourceTree = "<group>";
		};
		59A59DEC1D499937001F3122 /* ThirdPary */ = {
			isa = PBXGroup;
			children = (
				59182B371D644C7B00842352 /* Base64 */,
				59A59E021D499EF2001F3122 /* UntityBox */,
				59A59DED1D499937001F3122 /* SafeDic */,
				59A59DF01D499937001F3122 /* ToastAlertView */,
				59A59DF31D499937001F3122 /* UIView+Sizes */,
			);
			path = ThirdPary;
			sourceTree = "<group>";
		};
		59A59DED1D499937001F3122 /* SafeDic */ = {
			isa = PBXGroup;
			children = (
				59A59DEE1D499937001F3122 /* NSDictionary+StrDic.h */,
				59A59DEF1D499937001F3122 /* NSDictionary+StrDic.m */,
			);
			path = SafeDic;
			sourceTree = "<group>";
		};
		59A59DF01D499937001F3122 /* ToastAlertView */ = {
			isa = PBXGroup;
			children = (
				59A59DF11D499937001F3122 /* ToastAlertView.h */,
				59A59DF21D499937001F3122 /* ToastAlertView.m */,
				59E729F01D6A8C0300920CC1 /* BLPFAlertView.h */,
				59E729F11D6A8C0300920CC1 /* BLPFAlertView.m */,
			);
			path = ToastAlertView;
			sourceTree = "<group>";
		};
		59A59DF31D499937001F3122 /* UIView+Sizes */ = {
			isa = PBXGroup;
			children = (
				59A59DF41D499937001F3122 /* Dlog.h */,
				59A59DF51D499937001F3122 /* SWCommonMacro.h */,
				59A59DF61D499937001F3122 /* UIView+Sizes.h */,
				59A59DF71D499937001F3122 /* UIView+Sizes.m */,
				59A59DF81D499937001F3122 /* UIView+TKCategory.h */,
				59A59DF91D499937001F3122 /* UIView+TKCategory.m */,
				59A59DFA1D499937001F3122 /* UIViewAdditions.h */,
				59A59DFB1D499937001F3122 /* UIViewAdditions.m */,
			);
			path = "UIView+Sizes";
			sourceTree = "<group>";
		};
		59A59E021D499EF2001F3122 /* UntityBox */ = {
			isa = PBXGroup;
			children = (
				59E729ED1D6A8B6200920CC1 /* PFActionSheetView.h */,
				59E729EE1D6A8B6200920CC1 /* PFActionSheetView.m */,
				59E729EA1D6A8AD700920CC1 /* DVVImagePickerControllerManager.h */,
				59E729EB1D6A8AD700920CC1 /* DVVImagePickerControllerManager.m */,
				59C90C301D5C27F900CE0385 /* NSDate+Category.h */,
				59C90C311D5C27F900CE0385 /* NSDate+Category.m */,
				59C90C331D5C281700CE0385 /* NSDateFormatter+Category.h */,
				59C90C341D5C281700CE0385 /* NSDateFormatter+Category.m */,
				59C90C351D5C281700CE0385 /* NSDateFormatter+sharedDateFormatter.h */,
				59C90C361D5C281700CE0385 /* NSDateFormatter+sharedDateFormatter.m */,
				59C90C371D5C281700CE0385 /* NSString+CurrentTimeDay.h */,
				59C90C381D5C281700CE0385 /* NSString+CurrentTimeDay.m */,
				59C90C2D1D5C07B300CE0385 /* UIViewController+HUD.h */,
				59C90C2E1D5C07B300CE0385 /* UIViewController+HUD.m */,
				59C197C61D5AC27A00C7F593 /* UIViewController+Method.h */,
				59C197C71D5AC27A00C7F593 /* UIViewController+Method.m */,
				59A59E031D499EF2001F3122 /* DVVDoubleRowToolBarView.h */,
				59A59E041D499EF2001F3122 /* DVVDoubleRowToolBarView.m */,
				59A59E051D499EF2001F3122 /* DVVToolBarView.h */,
				59A59E061D499EF2001F3122 /* DVVToolBarView.m */,
				59A59E071D499EF2001F3122 /* HMButton.h */,
				59A59E081D499EF2001F3122 /* HMButton.m */,
				59A59E091D499EF2001F3122 /* NGOSegmentControl.h */,
				59A59E0A1D499EF2001F3122 /* NGOSegmentControl.m */,
				59A59E0B1D499EF2001F3122 /* NSString+Helper.h */,
				59A59E0C1D499EF2001F3122 /* NSString+Helper.m */,
				59A59E0D1D499EF2001F3122 /* PortraitView.h */,
				59A59E0E1D499EF2001F3122 /* PortraitView.m */,
				59A59E0F1D499EF2001F3122 /* UIBarButtonItem+Helper.h */,
				59A59E101D499EF2001F3122 /* UIBarButtonItem+Helper.m */,
				59A59E111D499EF2001F3122 /* UIColor+Extension.h */,
				59A59E121D499EF2001F3122 /* UIColor+Extension.m */,
				59A59E131D499EF2001F3122 /* UIImage+Helper.h */,
				59A59E141D499EF2001F3122 /* UIImage+Helper.m */,
				59A59E151D499EF2001F3122 /* UIImageView+SDWedImage.h */,
				59A59E161D499EF2001F3122 /* UIImageView+SDWedImage.m */,
				59A59E171D499EF2001F3122 /* UINavigationItem+BackItem.h */,
				59A59E181D499EF2001F3122 /* UINavigationItem+BackItem.m */,
				5996FFB11D5876BE0005307C /* NSString+MD5.h */,
				5996FFB21D5876BE0005307C /* NSString+MD5.m */,
				59182B331D6448CE00842352 /* NSData+AES.h */,
				59182B341D6448CE00842352 /* NSData+AES.m */,
			);
			path = UntityBox;
			sourceTree = "<group>";
		};
		59A59E301D49C6A3001F3122 /* MM_Login */ = {
			isa = PBXGroup;
			children = (
				59A59E311D49C6A3001F3122 /* MMLoginController.h */,
				59A59E321D49C6A3001F3122 /* MMLoginController.m */,
			);
			path = MM_Login;
			sourceTree = "<group>";
		};
		59A59E351D49CADF001F3122 /* MM_HomeMain */ = {
			isa = PBXGroup;
			children = (
				59E729F31D6AE38100920CC1 /* Model */,
				59A59E361D49CADF001F3122 /* Controller */,
				59A59E391D49CADF001F3122 /* View */,
			);
			path = MM_HomeMain;
			sourceTree = "<group>";
		};
		59A59E361D49CADF001F3122 /* Controller */ = {
			isa = PBXGroup;
			children = (
				59A59E371D49CADF001F3122 /* MMMainController.h */,
				59A59E381D49CADF001F3122 /* MMMainController.m */,
				59D3FE901D506CAB002CCCA4 /* MMMainDetailController */,
			);
			path = Controller;
			sourceTree = "<group>";
		};
		59A59E391D49CADF001F3122 /* View */ = {
			isa = PBXGroup;
			children = (
				59C90C3F1D5C627500CE0385 /* MMCycleShowImageView.h */,
				59C90C401D5C627500CE0385 /* MMCycleShowImageView.m */,
				595B45B91D502FD30054ED8C /* MMMianCell.h */,
				595B45BA1D502FD30054ED8C /* MMMianCell.m */,
				59C90C421D5C6FE900CE0385 /* MMMainCollectionCell.h */,
				59C90C431D5C6FE900CE0385 /* MMMainCollectionCell.m */,
				59D3FE8F1D506C97002CCCA4 /* MMMainDetailView */,
			);
			path = View;
			sourceTree = "<group>";
		};
		59C197C21D5ABF8D00C7F593 /* UserInfoModel */ = {
			isa = PBXGroup;
			children = (
				59C197C31D5ABFB100C7F593 /* UserInfoModel.h */,
				59C197C41D5ABFB100C7F593 /* UserInfoModel.m */,
			);
			path = UserInfoModel;
			sourceTree = "<group>";
		};
		59D3FE8F1D506C97002CCCA4 /* MMMainDetailView */ = {
			isa = PBXGroup;
			children = (
				59D3FE941D506E7C002CCCA4 /* PersonalMessageDetailCell.h */,
				59D3FE951D506E7C002CCCA4 /* PersonalMessageDetailCell.m */,
				59FA657F1D51EAA70013D490 /* LeaveApplicationDetailCell.h */,
				59FA65801D51EAA70013D490 /* LeaveApplicationDetailCell.m */,
				5981A94F1D66D8F700DAC097 /* PersonalMessageHeaderView.h */,
				5981A9501D66D8F700DAC097 /* PersonalMessageHeaderView.m */,
			);
			path = MMMainDetailView;
			sourceTree = "<group>";
		};
		59D3FE901D506CAB002CCCA4 /* MMMainDetailController */ = {
			isa = PBXGroup;
			children = (
				59D3FE911D506CFA002CCCA4 /* PersonalMessageController.h */,
				59D3FE921D506CFA002CCCA4 /* PersonalMessageController.m */,
				59FA657C1D51E5E50013D490 /* LeaveApplicationDetailController.h */,
				59FA657D1D51E5E50013D490 /* LeaveApplicationDetailController.m */,
				5996FFAE1D58163D0005307C /* SignDetailController.h */,
				5996FFAF1D58163D0005307C /* SignDetailController.m */,
				59474CEF1D6D413D00DC6E50 /* PhoneListController.h */,
				59474CF01D6D413D00DC6E50 /* PhoneListController.m */,
			);
			path = MMMainDetailController;
			sourceTree = "<group>";
		};
		59E729F31D6AE38100920CC1 /* Model */ = {
			isa = PBXGroup;
			children = (
				59E729F41D6AE3E800920CC1 /* PersonalMessageModel.h */,
				59E729F51D6AE3E800920CC1 /* PersonalMessageModel.m */,
			);
			path = Model;
			sourceTree = "<group>";
		};
		D21145FCB92E766519624DFD /* Pods */ = {
			isa = PBXGroup;
			children = (
				0EC1627435845BB3423165EA /* Pods-MM_FESCO.debug.xcconfig */,
				851A1D3507C23C93B738EF89 /* Pods-MM_FESCO.release.xcconfig */,
			);
			name = Pods;
			sourceTree = "<group>";
		};
/* End PBXGroup section */

/* Begin PBXNativeTarget section */
		597762111D489AE000BD8472 /* MM_FESCO */ = {
			isa = PBXNativeTarget;
			buildConfigurationList = 5977623F1D489AE000BD8472 /* Build configuration list for PBXNativeTarget "MM_FESCO" */;
			buildPhases = (
				3AEE7BCBEF451046856A7050 /* [CP] Check Pods Manifest.lock */,
				5977620E1D489AE000BD8472 /* Sources */,
				5977620F1D489AE000BD8472 /* Frameworks */,
				597762101D489AE000BD8472 /* Resources */,
				AE628FD50888F688C3811A9D /* [CP] Embed Pods Frameworks */,
				937AE8C062C1D19AD144FAAB /* [CP] Copy Pods Resources */,
			);
			buildRules = (
			);
			dependencies = (
			);
			name = MM_FESCO;
			productName = MM_FESCO;
			productReference = 597762121D489AE000BD8472 /* MM_FESCO.app */;
			productType = "com.apple.product-type.application";
		};
		5977622A1D489AE000BD8472 /* MM_FESCOTests */ = {
			isa = PBXNativeTarget;
			buildConfigurationList = 597762421D489AE000BD8472 /* Build configuration list for PBXNativeTarget "MM_FESCOTests" */;
			buildPhases = (
				597762271D489AE000BD8472 /* Sources */,
				597762281D489AE000BD8472 /* Frameworks */,
				597762291D489AE000BD8472 /* Resources */,
			);
			buildRules = (
			);
			dependencies = (
				5977622D1D489AE000BD8472 /* PBXTargetDependency */,
			);
			name = MM_FESCOTests;
			productName = MM_FESCOTests;
			productReference = 5977622B1D489AE000BD8472 /* MM_FESCOTests.xctest */;
			productType = "com.apple.product-type.bundle.unit-test";
		};
		597762351D489AE000BD8472 /* MM_FESCOUITests */ = {
			isa = PBXNativeTarget;
			buildConfigurationList = 597762451D489AE000BD8472 /* Build configuration list for PBXNativeTarget "MM_FESCOUITests" */;
			buildPhases = (
				597762321D489AE000BD8472 /* Sources */,
				597762331D489AE000BD8472 /* Frameworks */,
				597762341D489AE000BD8472 /* Resources */,
			);
			buildRules = (
			);
			dependencies = (
				597762381D489AE000BD8472 /* PBXTargetDependency */,
			);
			name = MM_FESCOUITests;
			productName = MM_FESCOUITests;
			productReference = 597762361D489AE000BD8472 /* MM_FESCOUITests.xctest */;
			productType = "com.apple.product-type.bundle.ui-testing";
		};
/* End PBXNativeTarget section */

/* Begin PBXProject section */
		5977620A1D489AE000BD8472 /* Project object */ = {
			isa = PBXProject;
			attributes = {
				LastUpgradeCheck = 0720;
				ORGANIZATIONNAME = Mortimey;
				TargetAttributes = {
					597762111D489AE000BD8472 = {
						CreatedOnToolsVersion = 7.2.1;
					};
					5977622A1D489AE000BD8472 = {
						CreatedOnToolsVersion = 7.2.1;
						TestTargetID = 597762111D489AE000BD8472;
					};
					597762351D489AE000BD8472 = {
						CreatedOnToolsVersion = 7.2.1;
						TestTargetID = 597762111D489AE000BD8472;
					};
				};
			};
			buildConfigurationList = 5977620D1D489AE000BD8472 /* Build configuration list for PBXProject "MM_FESCO" */;
			compatibilityVersion = "Xcode 3.2";
			developmentRegion = English;
			hasScannedForEncodings = 0;
			knownRegions = (
				en,
				Base,
			);
			mainGroup = 597762091D489AE000BD8472;
			productRefGroup = 597762131D489AE000BD8472 /* Products */;
			projectDirPath = "";
			projectRoot = "";
			targets = (
				597762111D489AE000BD8472 /* MM_FESCO */,
				5977622A1D489AE000BD8472 /* MM_FESCOTests */,
				597762351D489AE000BD8472 /* MM_FESCOUITests */,
			);
		};
/* End PBXProject section */

/* Begin PBXResourcesBuildPhase section */
		597762101D489AE000BD8472 /* Resources */ = {
			isa = PBXResourcesBuildPhase;
			buildActionMask = 2147483647;
			files = (
				597762251D489AE000BD8472 /* LaunchScreen.storyboard in Resources */,
				597762221D489AE000BD8472 /* Assets.xcassets in Resources */,
				597762201D489AE000BD8472 /* Main.storyboard in Resources */,
			);
			runOnlyForDeploymentPostprocessing = 0;
		};
		597762291D489AE000BD8472 /* Resources */ = {
			isa = PBXResourcesBuildPhase;
			buildActionMask = 2147483647;
			files = (
			);
			runOnlyForDeploymentPostprocessing = 0;
		};
		597762341D489AE000BD8472 /* Resources */ = {
			isa = PBXResourcesBuildPhase;
			buildActionMask = 2147483647;
			files = (
			);
			runOnlyForDeploymentPostprocessing = 0;
		};
/* End PBXResourcesBuildPhase section */

/* Begin PBXShellScriptBuildPhase section */
		3AEE7BCBEF451046856A7050 /* [CP] Check Pods Manifest.lock */ = {
			isa = PBXShellScriptBuildPhase;
			buildActionMask = 2147483647;
			files = (
			);
			inputPaths = (
			);
			name = "[CP] Check Pods Manifest.lock";
			outputPaths = (
			);
			runOnlyForDeploymentPostprocessing = 0;
			shellPath = /bin/sh;
			shellScript = "diff \"${PODS_ROOT}/../Podfile.lock\" \"${PODS_ROOT}/Manifest.lock\" > /dev/null\nif [[ $? != 0 ]] ; then\n    cat << EOM\nerror: The sandbox is not in sync with the Podfile.lock. Run 'pod install' or update your CocoaPods installation.\nEOM\n    exit 1\nfi\n";
			showEnvVarsInLog = 0;
		};
		937AE8C062C1D19AD144FAAB /* [CP] Copy Pods Resources */ = {
			isa = PBXShellScriptBuildPhase;
			buildActionMask = 2147483647;
			files = (
			);
			inputPaths = (
			);
			name = "[CP] Copy Pods Resources";
			outputPaths = (
			);
			runOnlyForDeploymentPostprocessing = 0;
			shellPath = /bin/sh;
			shellScript = "\"${SRCROOT}/Pods/Target Support Files/Pods-MM_FESCO/Pods-MM_FESCO-resources.sh\"\n";
			showEnvVarsInLog = 0;
		};
		AE628FD50888F688C3811A9D /* [CP] Embed Pods Frameworks */ = {
			isa = PBXShellScriptBuildPhase;
			buildActionMask = 2147483647;
			files = (
			);
			inputPaths = (
			);
			name = "[CP] Embed Pods Frameworks";
			outputPaths = (
			);
			runOnlyForDeploymentPostprocessing = 0;
			shellPath = /bin/sh;
			shellScript = "\"${SRCROOT}/Pods/Target Support Files/Pods-MM_FESCO/Pods-MM_FESCO-frameworks.sh\"\n";
			showEnvVarsInLog = 0;
		};
/* End PBXShellScriptBuildPhase section */

/* Begin PBXSourcesBuildPhase section */
		5977620E1D489AE000BD8472 /* Sources */ = {
			isa = PBXSourcesBuildPhase;
			buildActionMask = 2147483647;
			files = (
				59A59E1E1D499EF2001F3122 /* NGOSegmentControl.m in Sources */,
				59E729F61D6AE3E800920CC1 /* PersonalMessageModel.m in Sources */,
				59FA657E1D51E5E50013D490 /* LeaveApplicationDetailController.m in Sources */,
				59D3FE961D506E7C002CCCA4 /* PersonalMessageDetailCell.m in Sources */,
				59C90C3A1D5C281700CE0385 /* NSDateFormatter+sharedDateFormatter.m in Sources */,
				59A59DFD1D499937001F3122 /* ToastAlertView.m in Sources */,
				59E729F21D6A8C0300920CC1 /* BLPFAlertView.m in Sources */,
				597762501D48ABCB00BD8472 /* NetworkTool.m in Sources */,
				59D3FE931D506CFA002CCCA4 /* PersonalMessageController.m in Sources */,
				59C90C2F1D5C07B300CE0385 /* UIViewController+HUD.m in Sources */,
				59474CF11D6D413D00DC6E50 /* PhoneListController.m in Sources */,
				5977621D1D489AE000BD8472 /* ViewController.m in Sources */,
				59A59DFE1D499937001F3122 /* UIView+Sizes.m in Sources */,
				59A59E1F1D499EF2001F3122 /* NSString+Helper.m in Sources */,
				59A59E3A1D49CADF001F3122 /* MMMainController.m in Sources */,
				59E729EC1D6A8AD700920CC1 /* DVVImagePickerControllerManager.m in Sources */,
				5977621A1D489AE000BD8472 /* AppDelegate.mm in Sources */,
				59A59E331D49C6A3001F3122 /* MMLoginController.m in Sources */,
				5996FFB31D5876BE0005307C /* NSString+MD5.m in Sources */,
				59A59E251D499EF2001F3122 /* UINavigationItem+BackItem.m in Sources */,
				597762171D489AE000BD8472 /* main.m in Sources */,
				59C197C51D5ABFB100C7F593 /* UserInfoModel.m in Sources */,
				59C90C391D5C281700CE0385 /* NSDateFormatter+Category.m in Sources */,
				59C90C441D5C6FE900CE0385 /* MMMainCollectionCell.m in Sources */,
				59D3FE991D507C62002CCCA4 /* NetworkEntity.m in Sources */,
				5981A9511D66D8F700DAC097 /* PersonalMessageHeaderView.m in Sources */,
				59A59E1D1D499EF2001F3122 /* HMButton.m in Sources */,
				59A59E201D499EF2001F3122 /* PortraitView.m in Sources */,
				59C90C321D5C27F900CE0385 /* NSDate+Category.m in Sources */,
				59A59E001D499937001F3122 /* UIViewAdditions.m in Sources */,
				59A59E1B1D499EF2001F3122 /* DVVDoubleRowToolBarView.m in Sources */,
				59474CF61D6D863000DC6E50 /* MMSQManagerTool.m in Sources */,
				59A59E221D499EF2001F3122 /* UIColor+Extension.m in Sources */,
				59A59E1C1D499EF2001F3122 /* DVVToolBarView.m in Sources */,
				59A59E211D499EF2001F3122 /* UIBarButtonItem+Helper.m in Sources */,
				59C90C411D5C627500CE0385 /* MMCycleShowImageView.m in Sources */,
				59182B351D6448CE00842352 /* NSData+AES.m in Sources */,
				59A59E241D499EF2001F3122 /* UIImageView+SDWedImage.m in Sources */,
				59C90C3B1D5C281700CE0385 /* NSString+CurrentTimeDay.m in Sources */,
				5996FFB01D58163D0005307C /* SignDetailController.m in Sources */,
				59182B3F1D644D7E00842352 /* NSString+BASE64.m in Sources */,
				595B45BB1D502FD30054ED8C /* MMMianCell.m in Sources */,
				59A59DFC1D499937001F3122 /* NSDictionary+StrDic.m in Sources */,
				59A59E231D499EF2001F3122 /* UIImage+Helper.m in Sources */,
				59E729EF1D6A8B6200920CC1 /* PFActionSheetView.m in Sources */,
				59182B3B1D644C7B00842352 /* GTMBase64.m in Sources */,
				59C197C81D5AC27A00C7F593 /* UIViewController+Method.m in Sources */,
				59A59DFF1D499937001F3122 /* UIView+TKCategory.m in Sources */,
				59FA65811D51EAA70013D490 /* LeaveApplicationDetailCell.m in Sources */,
			);
			runOnlyForDeploymentPostprocessing = 0;
		};
		597762271D489AE000BD8472 /* Sources */ = {
			isa = PBXSourcesBuildPhase;
			buildActionMask = 2147483647;
			files = (
				597762301D489AE000BD8472 /* MM_FESCOTests.m in Sources */,
			);
			runOnlyForDeploymentPostprocessing = 0;
		};
		597762321D489AE000BD8472 /* Sources */ = {
			isa = PBXSourcesBuildPhase;
			buildActionMask = 2147483647;
			files = (
				5977623B1D489AE000BD8472 /* MM_FESCOUITests.m in Sources */,
			);
			runOnlyForDeploymentPostprocessing = 0;
		};
/* End PBXSourcesBuildPhase section */

/* Begin PBXTargetDependency section */
		5977622D1D489AE000BD8472 /* PBXTargetDependency */ = {
			isa = PBXTargetDependency;
			target = 597762111D489AE000BD8472 /* MM_FESCO */;
			targetProxy = 5977622C1D489AE000BD8472 /* PBXContainerItemProxy */;
		};
		597762381D489AE000BD8472 /* PBXTargetDependency */ = {
			isa = PBXTargetDependency;
			target = 597762111D489AE000BD8472 /* MM_FESCO */;
			targetProxy = 597762371D489AE000BD8472 /* PBXContainerItemProxy */;
		};
/* End PBXTargetDependency section */

/* Begin PBXVariantGroup section */
		5977621E1D489AE000BD8472 /* Main.storyboard */ = {
			isa = PBXVariantGroup;
			children = (
				5977621F1D489AE000BD8472 /* Base */,
			);
			name = Main.storyboard;
			sourceTree = "<group>";
		};
		597762231D489AE000BD8472 /* LaunchScreen.storyboard */ = {
			isa = PBXVariantGroup;
			children = (
				597762241D489AE000BD8472 /* Base */,
			);
			name = LaunchScreen.storyboard;
			sourceTree = "<group>";
		};
/* End PBXVariantGroup section */

/* Begin XCBuildConfiguration section */
		5977623D1D489AE000BD8472 /* Debug */ = {
			isa = XCBuildConfiguration;
			buildSettings = {
				ALWAYS_SEARCH_USER_PATHS = NO;
				CLANG_CXX_LANGUAGE_STANDARD = "gnu++0x";
				CLANG_CXX_LIBRARY = "libc++";
				CLANG_ENABLE_MODULES = YES;
				CLANG_ENABLE_OBJC_ARC = YES;
				CLANG_WARN_BOOL_CONVERSION = YES;
				CLANG_WARN_CONSTANT_CONVERSION = YES;
				CLANG_WARN_DIRECT_OBJC_ISA_USAGE = YES_ERROR;
				CLANG_WARN_EMPTY_BODY = YES;
				CLANG_WARN_ENUM_CONVERSION = YES;
				CLANG_WARN_INT_CONVERSION = YES;
				CLANG_WARN_OBJC_ROOT_CLASS = YES_ERROR;
				CLANG_WARN_UNREACHABLE_CODE = YES;
				CLANG_WARN__DUPLICATE_METHOD_MATCH = YES;
				"CODE_SIGN_IDENTITY[sdk=iphoneos*]" = "iPhone Developer";
				COPY_PHASE_STRIP = NO;
				DEBUG_INFORMATION_FORMAT = dwarf;
				ENABLE_STRICT_OBJC_MSGSEND = YES;
				ENABLE_TESTABILITY = YES;
				GCC_C_LANGUAGE_STANDARD = gnu99;
				GCC_DYNAMIC_NO_PIC = NO;
				GCC_NO_COMMON_BLOCKS = YES;
				GCC_OPTIMIZATION_LEVEL = 0;
				GCC_PREPROCESSOR_DEFINITIONS = (
					"DEBUG=1",
					"$(inherited)",
				);
				GCC_WARN_64_TO_32_BIT_CONVERSION = YES;
				GCC_WARN_ABOUT_RETURN_TYPE = YES_ERROR;
				GCC_WARN_UNDECLARED_SELECTOR = YES;
				GCC_WARN_UNINITIALIZED_AUTOS = YES_AGGRESSIVE;
				GCC_WARN_UNUSED_FUNCTION = YES;
				GCC_WARN_UNUSED_VARIABLE = YES;
				IPHONEOS_DEPLOYMENT_TARGET = 9.2;
				MTL_ENABLE_DEBUG_INFO = YES;
				ONLY_ACTIVE_ARCH = YES;
				SDKROOT = iphoneos;
				TARGETED_DEVICE_FAMILY = "1,2";
			};
			name = Debug;
		};
		5977623E1D489AE000BD8472 /* Release */ = {
			isa = XCBuildConfiguration;
			buildSettings = {
				ALWAYS_SEARCH_USER_PATHS = NO;
				CLANG_CXX_LANGUAGE_STANDARD = "gnu++0x";
				CLANG_CXX_LIBRARY = "libc++";
				CLANG_ENABLE_MODULES = YES;
				CLANG_ENABLE_OBJC_ARC = YES;
				CLANG_WARN_BOOL_CONVERSION = YES;
				CLANG_WARN_CONSTANT_CONVERSION = YES;
				CLANG_WARN_DIRECT_OBJC_ISA_USAGE = YES_ERROR;
				CLANG_WARN_EMPTY_BODY = YES;
				CLANG_WARN_ENUM_CONVERSION = YES;
				CLANG_WARN_INT_CONVERSION = YES;
				CLANG_WARN_OBJC_ROOT_CLASS = YES_ERROR;
				CLANG_WARN_UNREACHABLE_CODE = YES;
				CLANG_WARN__DUPLICATE_METHOD_MATCH = YES;
				"CODE_SIGN_IDENTITY[sdk=iphoneos*]" = "iPhone Developer";
				COPY_PHASE_STRIP = NO;
				DEBUG_INFORMATION_FORMAT = "dwarf-with-dsym";
				ENABLE_NS_ASSERTIONS = NO;
				ENABLE_STRICT_OBJC_MSGSEND = YES;
				GCC_C_LANGUAGE_STANDARD = gnu99;
				GCC_NO_COMMON_BLOCKS = YES;
				GCC_WARN_64_TO_32_BIT_CONVERSION = YES;
				GCC_WARN_ABOUT_RETURN_TYPE = YES_ERROR;
				GCC_WARN_UNDECLARED_SELECTOR = YES;
				GCC_WARN_UNINITIALIZED_AUTOS = YES_AGGRESSIVE;
				GCC_WARN_UNUSED_FUNCTION = YES;
				GCC_WARN_UNUSED_VARIABLE = YES;
				IPHONEOS_DEPLOYMENT_TARGET = 9.2;
				MTL_ENABLE_DEBUG_INFO = NO;
				SDKROOT = iphoneos;
				TARGETED_DEVICE_FAMILY = "1,2";
				VALIDATE_PRODUCT = YES;
			};
			name = Release;
		};
		597762401D489AE000BD8472 /* Debug */ = {
			isa = XCBuildConfiguration;
			baseConfigurationReference = 0EC1627435845BB3423165EA /* Pods-MM_FESCO.debug.xcconfig */;
			buildSettings = {
				ASSETCATALOG_COMPILER_APPICON_NAME = AppIcon;
				CLANG_WARN_DIRECT_OBJC_ISA_USAGE = YES_ERROR;
				CODE_SIGN_IDENTITY = "iPhone Developer: 松 胡 (M7PG3DZT68)";
				ENABLE_BITCODE = NO;
				GCC_PREFIX_HEADER = /Users/fesco/Desktop/MM_FESCO/MM_FESCO/PrefixHeader.pch;
				INFOPLIST_FILE = MM_FESCO/Info.plist;
				LD_RUNPATH_SEARCH_PATHS = "$(inherited) @executable_path/Frameworks";
				PRODUCT_BUNDLE_IDENTIFIER = com.fesco.shuxinDev;
				PRODUCT_NAME = "$(TARGET_NAME)";
				PROVISIONING_PROFILE = "d67da61a-8685-4cf8-b341-f5fee74aba1c";
			};
			name = Debug;
		};
		597762411D489AE000BD8472 /* Release */ = {
			isa = XCBuildConfiguration;
			baseConfigurationReference = 851A1D3507C23C93B738EF89 /* Pods-MM_FESCO.release.xcconfig */;
			buildSettings = {
				ASSETCATALOG_COMPILER_APPICON_NAME = AppIcon;
				CLANG_WARN_DIRECT_OBJC_ISA_USAGE = YES_ERROR;
				CODE_SIGN_IDENTITY = "iPhone Developer: 松 胡 (M7PG3DZT68)";
				ENABLE_BITCODE = NO;
				GCC_PREFIX_HEADER = /Users/fesco/Desktop/MM_FESCO/MM_FESCO/PrefixHeader.pch;
				INFOPLIST_FILE = MM_FESCO/Info.plist;
				LD_RUNPATH_SEARCH_PATHS = "$(inherited) @executable_path/Frameworks";
				PRODUCT_BUNDLE_IDENTIFIER = com.fesco.shuxinDev;
				PRODUCT_NAME = "$(TARGET_NAME)";
				PROVISIONING_PROFILE = "d67da61a-8685-4cf8-b341-f5fee74aba1c";
			};
			name = Release;
		};
		597762431D489AE000BD8472 /* Debug */ = {
			isa = XCBuildConfiguration;
			buildSettings = {
				BUNDLE_LOADER = "$(TEST_HOST)";
				INFOPLIST_FILE = MM_FESCOTests/Info.plist;
				LD_RUNPATH_SEARCH_PATHS = "$(inherited) @executable_path/Frameworks @loader_path/Frameworks";
				PRODUCT_BUNDLE_IDENTIFIER = "Mortimey.MM-FESCOTests";
				PRODUCT_NAME = "$(TARGET_NAME)";
				TEST_HOST = "$(BUILT_PRODUCTS_DIR)/MM_FESCO.app/MM_FESCO";
			};
			name = Debug;
		};
		597762441D489AE000BD8472 /* Release */ = {
			isa = XCBuildConfiguration;
			buildSettings = {
				BUNDLE_LOADER = "$(TEST_HOST)";
				INFOPLIST_FILE = MM_FESCOTests/Info.plist;
				LD_RUNPATH_SEARCH_PATHS = "$(inherited) @executable_path/Frameworks @loader_path/Frameworks";
				PRODUCT_BUNDLE_IDENTIFIER = "Mortimey.MM-FESCOTests";
				PRODUCT_NAME = "$(TARGET_NAME)";
				TEST_HOST = "$(BUILT_PRODUCTS_DIR)/MM_FESCO.app/MM_FESCO";
			};
			name = Release;
		};
		597762461D489AE000BD8472 /* Debug */ = {
			isa = XCBuildConfiguration;
			buildSettings = {
				INFOPLIST_FILE = MM_FESCOUITests/Info.plist;
				LD_RUNPATH_SEARCH_PATHS = "$(inherited) @executable_path/Frameworks @loader_path/Frameworks";
				PRODUCT_BUNDLE_IDENTIFIER = "Mortimey.MM-FESCOUITests";
				PRODUCT_NAME = "$(TARGET_NAME)";
				TEST_TARGET_NAME = MM_FESCO;
				USES_XCTRUNNER = YES;
			};
			name = Debug;
		};
		597762471D489AE000BD8472 /* Release */ = {
			isa = XCBuildConfiguration;
			buildSettings = {
				INFOPLIST_FILE = MM_FESCOUITests/Info.plist;
				LD_RUNPATH_SEARCH_PATHS = "$(inherited) @executable_path/Frameworks @loader_path/Frameworks";
				PRODUCT_BUNDLE_IDENTIFIER = "Mortimey.MM-FESCOUITests";
				PRODUCT_NAME = "$(TARGET_NAME)";
				TEST_TARGET_NAME = MM_FESCO;
				USES_XCTRUNNER = YES;
			};
			name = Release;
		};
/* End XCBuildConfiguration section */

/* Begin XCConfigurationList section */
		5977620D1D489AE000BD8472 /* Build configuration list for PBXProject "MM_FESCO" */ = {
			isa = XCConfigurationList;
			buildConfigurations = (
				5977623D1D489AE000BD8472 /* Debug */,
				5977623E1D489AE000BD8472 /* Release */,
			);
			defaultConfigurationIsVisible = 0;
			defaultConfigurationName = Release;
		};
		5977623F1D489AE000BD8472 /* Build configuration list for PBXNativeTarget "MM_FESCO" */ = {
			isa = XCConfigurationList;
			buildConfigurations = (
				597762401D489AE000BD8472 /* Debug */,
				597762411D489AE000BD8472 /* Release */,
			);
			defaultConfigurationIsVisible = 0;
			defaultConfigurationName = Release;
		};
		597762421D489AE000BD8472 /* Build configuration list for PBXNativeTarget "MM_FESCOTests" */ = {
			isa = XCConfigurationList;
			buildConfigurations = (
				597762431D489AE000BD8472 /* Debug */,
				597762441D489AE000BD8472 /* Release */,
			);
			defaultConfigurationIsVisible = 0;
			defaultConfigurationName = Release;
		};
		597762451D489AE000BD8472 /* Build configuration list for PBXNativeTarget "MM_FESCOUITests" */ = {
			isa = XCConfigurationList;
			buildConfigurations = (
				597762461D489AE000BD8472 /* Debug */,
				597762471D489AE000BD8472 /* Release */,
			);
			defaultConfigurationIsVisible = 0;
			defaultConfigurationName = Release;
		};
/* End XCConfigurationList section */
	};
	rootObject = 5977620A1D489AE000BD8472 /* Project object */;
}
