// !$*UTF8*$!
{
	archiveVersion = 1;
	classes = {
	};
	objectVersion = 46;
	objects = {

/* Begin PBXBuildFile section */
		59182B351D6448CE00842352 /* NSData+AES.m in Sources */ = {isa = PBXBuildFile; fileRef = 59182B341D6448CE00842352 /* NSData+AES.m */; };
		59182B3B1D644C7B00842352 /* GTMBase64.m in Sources */ = {isa = PBXBuildFile; fileRef = 59182B391D644C7B00842352 /* GTMBase64.m */; };
		59182B3F1D644D7E00842352 /* NSString+BASE64.m in Sources */ = {isa = PBXBuildFile; fileRef = 59182B3E1D644D7E00842352 /* NSString+BASE64.m */; };
		59474CF11D6D413D00DC6E50 /* PhoneListController.m in Sources */ = {isa = PBXBuildFile; fileRef = 59474CF01D6D413D00DC6E50 /* PhoneListController.m */; };
		59474CF61D6D863000DC6E50 /* MMSQManagerTool.m in Sources */ = {isa = PBXBuildFile; fileRef = 59474CF51D6D863000DC6E50 /* MMSQManagerTool.m */; };
		59474CF81D6D956000DC6E50 /* libsqlite3.tbd in Frameworks */ = {isa = PBXBuildFile; fileRef = 59474CF71D6D956000DC6E50 /* libsqlite3.tbd */; };
		594775DD1D752B990094D354 /* NSArray+Sort.m in Sources */ = {isa = PBXBuildFile; fileRef = 594775DC1D752B990094D354 /* NSArray+Sort.m */; };
		594775EB1D7674AC0094D354 /* CheckWorkController.m in Sources */ = {isa = PBXBuildFile; fileRef = 594775EA1D7674AC0094D354 /* CheckWorkController.m */; };
		594775EE1D7678410094D354 /* JZPassRateToolBarView.m in Sources */ = {isa = PBXBuildFile; fileRef = 594775ED1D7678410094D354 /* JZPassRateToolBarView.m */; };
		594775F21D767FF90094D354 /* CheckView.m in Sources */ = {isa = PBXBuildFile; fileRef = 594775F11D767FF90094D354 /* CheckView.m */; };
		594775F71D7684D80094D354 /* MMBaseViewController.m in Sources */ = {isa = PBXBuildFile; fileRef = 594775F61D7684D80094D354 /* MMBaseViewController.m */; };
		594775FD1D7686DB0094D354 /* YiRefreshFooter.m in Sources */ = {isa = PBXBuildFile; fileRef = 594775FA1D7686DB0094D354 /* YiRefreshFooter.m */; };
		594775FE1D7686DB0094D354 /* YiRefreshHeader.m in Sources */ = {isa = PBXBuildFile; fileRef = 594775FC1D7686DB0094D354 /* YiRefreshHeader.m */; };
		594776011D768FEF0094D354 /* RefreshTableView.m in Sources */ = {isa = PBXBuildFile; fileRef = 594776001D768FEF0094D354 /* RefreshTableView.m */; };
		594776041D76906C0094D354 /* CheckRecordView.m in Sources */ = {isa = PBXBuildFile; fileRef = 594776031D76906C0094D354 /* CheckRecordView.m */; };
		594776071D7691F30094D354 /* CheckRecordCell.m in Sources */ = {isa = PBXBuildFile; fileRef = 594776061D7691F30094D354 /* CheckRecordCell.m */; };
		5947760D1D76ACBE0094D354 /* FillRecordView.m in Sources */ = {isa = PBXBuildFile; fileRef = 5947760C1D76ACBE0094D354 /* FillRecordView.m */; };
		594776101D76AD0A0094D354 /* FillRecordCell.m in Sources */ = {isa = PBXBuildFile; fileRef = 5947760F1D76AD0A0094D354 /* FillRecordCell.m */; };
		594776131D76CE290094D354 /* MMChooseTextFile.m in Sources */ = {isa = PBXBuildFile; fileRef = 594776121D76CE290094D354 /* MMChooseTextFile.m */; };
		594776161D76D5CF0094D354 /* FillApplyView.m in Sources */ = {isa = PBXBuildFile; fileRef = 594776151D76D5CF0094D354 /* FillApplyView.m */; };
		595B45BB1D502FD30054ED8C /* MMMianCell.m in Sources */ = {isa = PBXBuildFile; fileRef = 595B45BA1D502FD30054ED8C /* MMMianCell.m */; };
		59614F751D7E4626004D3AAE /* SignUpViewModel.m in Sources */ = {isa = PBXBuildFile; fileRef = 59614F741D7E4626004D3AAE /* SignUpViewModel.m */; };
		59614F7A1D7E90A8004D3AAE /* TTRefreshFooter.m in Sources */ = {isa = PBXBuildFile; fileRef = 59614F791D7E90A8004D3AAE /* TTRefreshFooter.m */; };
		59614F7D1D7E9911004D3AAE /* CheckListModel.m in Sources */ = {isa = PBXBuildFile; fileRef = 59614F7C1D7E9911004D3AAE /* CheckListModel.m */; };
		59614F801D7E9A5E004D3AAE /* FillListModel.m in Sources */ = {isa = PBXBuildFile; fileRef = 59614F7F1D7E9A5E004D3AAE /* FillListModel.m */; };
		596606C71D7D751E0020CAB0 /* MMBaseViewModel.m in Sources */ = {isa = PBXBuildFile; fileRef = 596606C61D7D751E0020CAB0 /* MMBaseViewModel.m */; };
		597762171D489AE000BD8472 /* main.m in Sources */ = {isa = PBXBuildFile; fileRef = 597762161D489AE000BD8472 /* main.m */; };
		5977621A1D489AE000BD8472 /* AppDelegate.mm in Sources */ = {isa = PBXBuildFile; fileRef = 597762191D489AE000BD8472 /* AppDelegate.mm */; };
		5977621D1D489AE000BD8472 /* ViewController.m in Sources */ = {isa = PBXBuildFile; fileRef = 5977621C1D489AE000BD8472 /* ViewController.m */; };
		597762201D489AE000BD8472 /* Main.storyboard in Resources */ = {isa = PBXBuildFile; fileRef = 5977621E1D489AE000BD8472 /* Main.storyboard */; };
		597762221D489AE000BD8472 /* Assets.xcassets in Resources */ = {isa = PBXBuildFile; fileRef = 597762211D489AE000BD8472 /* Assets.xcassets */; };
		597762251D489AE000BD8472 /* LaunchScreen.storyboard in Resources */ = {isa = PBXBuildFile; fileRef = 597762231D489AE000BD8472 /* LaunchScreen.storyboard */; };
		597762301D489AE000BD8472 /* MM_FESCOTests.m in Sources */ = {isa = PBXBuildFile; fileRef = 5977622F1D489AE000BD8472 /* MM_FESCOTests.m */; };
		5977623B1D489AE000BD8472 /* MM_FESCOUITests.m in Sources */ = {isa = PBXBuildFile; fileRef = 5977623A1D489AE000BD8472 /* MM_FESCOUITests.m */; };
		597762501D48ABCB00BD8472 /* NetworkTool.m in Sources */ = {isa = PBXBuildFile; fileRef = 5977624F1D48ABCB00BD8472 /* NetworkTool.m */; };
		5981A9511D66D8F700DAC097 /* PersonalMessageHeaderView.m in Sources */ = {isa = PBXBuildFile; fileRef = 5981A9501D66D8F700DAC097 /* PersonalMessageHeaderView.m */; };
		5981AFBC1D73C43D0003166C /* MMDataBase.m in Sources */ = {isa = PBXBuildFile; fileRef = 5981AFBB1D73C43D0003166C /* MMDataBase.m */; };
		598EAF191D87A82800D36889 /* ApprovalController.m in Sources */ = {isa = PBXBuildFile; fileRef = 598EAF181D87A82800D36889 /* ApprovalController.m */; };
		598EAF201D87CD4100D36889 /* OverTimeView.m in Sources */ = {isa = PBXBuildFile; fileRef = 598EAF1F1D87CD4100D36889 /* OverTimeView.m */; };
		598EAF231D87CE4500D36889 /* OverTimeCell.m in Sources */ = {isa = PBXBuildFile; fileRef = 598EAF221D87CE4500D36889 /* OverTimeCell.m */; };
		598EAF261D87CF4600D36889 /* ApprovalViewModel.m in Sources */ = {isa = PBXBuildFile; fileRef = 598EAF251D87CF4600D36889 /* ApprovalViewModel.m */; };
		598EAF291D87DBE300D36889 /* SignUpApprovalView.m in Sources */ = {isa = PBXBuildFile; fileRef = 598EAF281D87DBE300D36889 /* SignUpApprovalView.m */; };
		598EAF2F1D87DC7700D36889 /* SignUpApprovalCell.m in Sources */ = {isa = PBXBuildFile; fileRef = 598EAF2E1D87DC7700D36889 /* SignUpApprovalCell.m */; };
		598EAF321D87DF9E00D36889 /* LeaveApprovalView.m in Sources */ = {isa = PBXBuildFile; fileRef = 598EAF311D87DF9E00D36889 /* LeaveApprovalView.m */; };
		598EAF351D87DFBD00D36889 /* LeaveApprovalCell.m in Sources */ = {isa = PBXBuildFile; fileRef = 598EAF341D87DFBD00D36889 /* LeaveApprovalCell.m */; };
		598EAF381D87F45C00D36889 /* OverTimeDetailController.m in Sources */ = {isa = PBXBuildFile; fileRef = 598EAF371D87F45C00D36889 /* OverTimeDetailController.m */; };
		598EAF3B1D87F84100D36889 /* TextMainApprovalDetailCell.m in Sources */ = {isa = PBXBuildFile; fileRef = 598EAF3A1D87F84100D36889 /* TextMainApprovalDetailCell.m */; };
		598EAF3E1D87F86100D36889 /* FileMainApprovalDetailCell.m in Sources */ = {isa = PBXBuildFile; fileRef = 598EAF3D1D87F86100D36889 /* FileMainApprovalDetailCell.m */; };
		5994C46F1D823615007660DD /* ModifyPasswordViewController.m in Sources */ = {isa = PBXBuildFile; fileRef = 5994C46E1D823615007660DD /* ModifyPasswordViewController.m */; };
		5994C4721D8271FD007660DD /* MMLoginTool.m in Sources */ = {isa = PBXBuildFile; fileRef = 5994C4711D8271FD007660DD /* MMLoginTool.m */; };
		5996FFB31D5876BE0005307C /* NSString+MD5.m in Sources */ = {isa = PBXBuildFile; fileRef = 5996FFB21D5876BE0005307C /* NSString+MD5.m */; };
		599A253B1D6F374800EF27F4 /* MMCyeleShowLableTagView.m in Sources */ = {isa = PBXBuildFile; fileRef = 599A253A1D6F374800EF27F4 /* MMCyeleShowLableTagView.m */; };
		59A59DFC1D499937001F3122 /* NSDictionary+StrDic.m in Sources */ = {isa = PBXBuildFile; fileRef = 59A59DEF1D499937001F3122 /* NSDictionary+StrDic.m */; };
		59A59DFD1D499937001F3122 /* ToastAlertView.m in Sources */ = {isa = PBXBuildFile; fileRef = 59A59DF21D499937001F3122 /* ToastAlertView.m */; };
		59A59DFE1D499937001F3122 /* UIView+Sizes.m in Sources */ = {isa = PBXBuildFile; fileRef = 59A59DF71D499937001F3122 /* UIView+Sizes.m */; };
		59A59DFF1D499937001F3122 /* UIView+TKCategory.m in Sources */ = {isa = PBXBuildFile; fileRef = 59A59DF91D499937001F3122 /* UIView+TKCategory.m */; };
		59A59E001D499937001F3122 /* UIViewAdditions.m in Sources */ = {isa = PBXBuildFile; fileRef = 59A59DFB1D499937001F3122 /* UIViewAdditions.m */; };
		59A59E1B1D499EF2001F3122 /* DVVDoubleRowToolBarView.m in Sources */ = {isa = PBXBuildFile; fileRef = 59A59E041D499EF2001F3122 /* DVVDoubleRowToolBarView.m */; };
		59A59E1C1D499EF2001F3122 /* DVVToolBarView.m in Sources */ = {isa = PBXBuildFile; fileRef = 59A59E061D499EF2001F3122 /* DVVToolBarView.m */; };
		59A59E1D1D499EF2001F3122 /* HMButton.m in Sources */ = {isa = PBXBuildFile; fileRef = 59A59E081D499EF2001F3122 /* HMButton.m */; };
		59A59E1E1D499EF2001F3122 /* NGOSegmentControl.m in Sources */ = {isa = PBXBuildFile; fileRef = 59A59E0A1D499EF2001F3122 /* NGOSegmentControl.m */; };
		59A59E1F1D499EF2001F3122 /* NSString+Helper.m in Sources */ = {isa = PBXBuildFile; fileRef = 59A59E0C1D499EF2001F3122 /* NSString+Helper.m */; };
		59A59E201D499EF2001F3122 /* PortraitView.m in Sources */ = {isa = PBXBuildFile; fileRef = 59A59E0E1D499EF2001F3122 /* PortraitView.m */; };
		59A59E211D499EF2001F3122 /* UIBarButtonItem+Helper.m in Sources */ = {isa = PBXBuildFile; fileRef = 59A59E101D499EF2001F3122 /* UIBarButtonItem+Helper.m */; };
		59A59E221D499EF2001F3122 /* UIColor+Extension.m in Sources */ = {isa = PBXBuildFile; fileRef = 59A59E121D499EF2001F3122 /* UIColor+Extension.m */; };
		59A59E231D499EF2001F3122 /* UIImage+Helper.m in Sources */ = {isa = PBXBuildFile; fileRef = 59A59E141D499EF2001F3122 /* UIImage+Helper.m */; };
		59A59E241D499EF2001F3122 /* UIImageView+SDWedImage.m in Sources */ = {isa = PBXBuildFile; fileRef = 59A59E161D499EF2001F3122 /* UIImageView+SDWedImage.m */; };
		59A59E251D499EF2001F3122 /* UINavigationItem+BackItem.m in Sources */ = {isa = PBXBuildFile; fileRef = 59A59E181D499EF2001F3122 /* UINavigationItem+BackItem.m */; };
		59A59E331D49C6A3001F3122 /* MMLoginController.m in Sources */ = {isa = PBXBuildFile; fileRef = 59A59E321D49C6A3001F3122 /* MMLoginController.m */; };
		59A59E3A1D49CADF001F3122 /* MMMainController.m in Sources */ = {isa = PBXBuildFile; fileRef = 59A59E381D49CADF001F3122 /* MMMainController.m */; };
		59A8D1071D6E944F002CB709 /* PhoneListCell.m in Sources */ = {isa = PBXBuildFile; fileRef = 59A8D1061D6E944F002CB709 /* PhoneListCell.m */; };
		59A8D10A1D6E94E8002CB709 /* PhoneListTableController.m in Sources */ = {isa = PBXBuildFile; fileRef = 59A8D1091D6E94E8002CB709 /* PhoneListTableController.m */; };
		59A8D10D1D6E9646002CB709 /* PhoneListTableCell.m in Sources */ = {isa = PBXBuildFile; fileRef = 59A8D10C1D6E9646002CB709 /* PhoneListTableCell.m */; };
		59A8D1111D6EB001002CB709 /* DDChannelLabel.m in Sources */ = {isa = PBXBuildFile; fileRef = 59A8D1101D6EB001002CB709 /* DDChannelLabel.m */; };
		59C197C51D5ABFB100C7F593 /* UserInfoModel.m in Sources */ = {isa = PBXBuildFile; fileRef = 59C197C41D5ABFB100C7F593 /* UserInfoModel.m */; };
		59C197C81D5AC27A00C7F593 /* UIViewController+Method.m in Sources */ = {isa = PBXBuildFile; fileRef = 59C197C71D5AC27A00C7F593 /* UIViewController+Method.m */; };
		59C90C2F1D5C07B300CE0385 /* UIViewController+HUD.m in Sources */ = {isa = PBXBuildFile; fileRef = 59C90C2E1D5C07B300CE0385 /* UIViewController+HUD.m */; };
		59C90C321D5C27F900CE0385 /* NSDate+Category.m in Sources */ = {isa = PBXBuildFile; fileRef = 59C90C311D5C27F900CE0385 /* NSDate+Category.m */; };
		59C90C391D5C281700CE0385 /* NSDateFormatter+Category.m in Sources */ = {isa = PBXBuildFile; fileRef = 59C90C341D5C281700CE0385 /* NSDateFormatter+Category.m */; };
		59C90C3A1D5C281700CE0385 /* NSDateFormatter+sharedDateFormatter.m in Sources */ = {isa = PBXBuildFile; fileRef = 59C90C361D5C281700CE0385 /* NSDateFormatter+sharedDateFormatter.m */; };
		59C90C3B1D5C281700CE0385 /* NSString+CurrentTimeDay.m in Sources */ = {isa = PBXBuildFile; fileRef = 59C90C381D5C281700CE0385 /* NSString+CurrentTimeDay.m */; };
		59C90C411D5C627500CE0385 /* MMCycleShowImageView.m in Sources */ = {isa = PBXBuildFile; fileRef = 59C90C401D5C627500CE0385 /* MMCycleShowImageView.m */; };
		59C90C441D5C6FE900CE0385 /* MMMainCollectionCell.m in Sources */ = {isa = PBXBuildFile; fileRef = 59C90C431D5C6FE900CE0385 /* MMMainCollectionCell.m */; };
		59D3FE931D506CFA002CCCA4 /* PersonalMessageController.m in Sources */ = {isa = PBXBuildFile; fileRef = 59D3FE921D506CFA002CCCA4 /* PersonalMessageController.m */; };
		59D3FE961D506E7C002CCCA4 /* PersonalMessageDetailCell.m in Sources */ = {isa = PBXBuildFile; fileRef = 59D3FE951D506E7C002CCCA4 /* PersonalMessageDetailCell.m */; };
		59D3FE991D507C62002CCCA4 /* NetworkEntity.m in Sources */ = {isa = PBXBuildFile; fileRef = 59D3FE981D507C62002CCCA4 /* NetworkEntity.m */; };
		59E729EC1D6A8AD700920CC1 /* DVVImagePickerControllerManager.m in Sources */ = {isa = PBXBuildFile; fileRef = 59E729EB1D6A8AD700920CC1 /* DVVImagePickerControllerManager.m */; };
		59E729EF1D6A8B6200920CC1 /* PFActionSheetView.m in Sources */ = {isa = PBXBuildFile; fileRef = 59E729EE1D6A8B6200920CC1 /* PFActionSheetView.m */; };
		59E729F21D6A8C0300920CC1 /* BLPFAlertView.m in Sources */ = {isa = PBXBuildFile; fileRef = 59E729F11D6A8C0300920CC1 /* BLPFAlertView.m */; };
		59E729F61D6AE3E800920CC1 /* PersonalMessageModel.m in Sources */ = {isa = PBXBuildFile; fileRef = 59E729F51D6AE3E800920CC1 /* PersonalMessageModel.m */; };
		59F4D6391D81387200C56E5D /* JZUserLoginManager.m in Sources */ = {isa = PBXBuildFile; fileRef = 59F4D6381D81387200C56E5D /* JZUserLoginManager.m */; };
		59F4D63D1D814B9E00C56E5D /* MMShuxin.plist in Resources */ = {isa = PBXBuildFile; fileRef = 59F4D63C1D814B9E00C56E5D /* MMShuxin.plist */; };
		59F650EE1D6FCC41000596A7 /* PhoneListModel.m in Sources */ = {isa = PBXBuildFile; fileRef = 59F650ED1D6FCC41000596A7 /* PhoneListModel.m */; };
		59F650F11D70333D000596A7 /* EasySerachViewController.m in Sources */ = {isa = PBXBuildFile; fileRef = 59F650F01D70333D000596A7 /* EasySerachViewController.m */; };
		59F651041D70338C000596A7 /* ChineseInclude.m in Sources */ = {isa = PBXBuildFile; fileRef = 59F650F41D70338C000596A7 /* ChineseInclude.m */; };
		59F651051D70338C000596A7 /* ChineseToPinyinResource.m in Sources */ = {isa = PBXBuildFile; fileRef = 59F650F61D70338C000596A7 /* ChineseToPinyinResource.m */; };
		59F651061D70338C000596A7 /* HanyuPinyinOutputFormat.m in Sources */ = {isa = PBXBuildFile; fileRef = 59F650F81D70338C000596A7 /* HanyuPinyinOutputFormat.m */; };
		59F651071D70338C000596A7 /* NSString+PinYin4Cocoa.m in Sources */ = {isa = PBXBuildFile; fileRef = 59F650FA1D70338C000596A7 /* NSString+PinYin4Cocoa.m */; };
		59F651081D70338C000596A7 /* PinyinFormatter.m in Sources */ = {isa = PBXBuildFile; fileRef = 59F650FC1D70338C000596A7 /* PinyinFormatter.m */; };
		59F651091D70338C000596A7 /* PinYinForObjc.m in Sources */ = {isa = PBXBuildFile; fileRef = 59F650FE1D70338C000596A7 /* PinYinForObjc.m */; };
		59F6510A1D70338C000596A7 /* PinyinHelper.m in Sources */ = {isa = PBXBuildFile; fileRef = 59F651001D70338C000596A7 /* PinyinHelper.m */; };
		59F6510B1D70338C000596A7 /* unicode_to_hanyu_pinyin.txt in Resources */ = {isa = PBXBuildFile; fileRef = 59F651011D70338C000596A7 /* unicode_to_hanyu_pinyin.txt */; };
		59F6510C1D70338C000596A7 /* ZYPinYinSearch.m in Sources */ = {isa = PBXBuildFile; fileRef = 59F651031D70338C000596A7 /* ZYPinYinSearch.m */; };
		59FA657E1D51E5E50013D490 /* LeaveApplicationDetailController.m in Sources */ = {isa = PBXBuildFile; fileRef = 59FA657D1D51E5E50013D490 /* LeaveApplicationDetailController.m */; };
		59FA65811D51EAA70013D490 /* LeaveApplicationDetailCell.m in Sources */ = {isa = PBXBuildFile; fileRef = 59FA65801D51EAA70013D490 /* LeaveApplicationDetailCell.m */; };
		59FECE341D7FF3B10094EDD4 /* popOutView.m in Sources */ = {isa = PBXBuildFile; fileRef = 59FECE331D7FF3B10094EDD4 /* popOutView.m */; };
		F58695894A44DEB24A883CFF /* libPods-MM_FESCO.a in Frameworks */ = {isa = PBXBuildFile; fileRef = 4B2715EDED2AD43181CF343F /* libPods-MM_FESCO.a */; };
/* End PBXBuildFile section */

/* Begin PBXContainerItemProxy section */
		5977622C1D489AE000BD8472 /* PBXContainerItemProxy */ = {
			isa = PBXContainerItemProxy;
			containerPortal = 5977620A1D489AE000BD8472 /* Project object */;
			proxyType = 1;
			remoteGlobalIDString = 597762111D489AE000BD8472;
			remoteInfo = MM_FESCO;
		};
		597762371D489AE000BD8472 /* PBXContainerItemProxy */ = {
			isa = PBXContainerItemProxy;
			containerPortal = 5977620A1D489AE000BD8472 /* Project object */;
			proxyType = 1;
			remoteGlobalIDString = 597762111D489AE000BD8472;
			remoteInfo = MM_FESCO;
		};
/* End PBXContainerItemProxy section */

/* Begin PBXFileReference section */
		0EC1627435845BB3423165EA /* Pods-MM_FESCO.debug.xcconfig */ = {isa = PBXFileReference; includeInIndex = 1; lastKnownFileType = text.xcconfig; name = "Pods-MM_FESCO.debug.xcconfig"; path = "Pods/Target Support Files/Pods-MM_FESCO/Pods-MM_FESCO.debug.xcconfig"; sourceTree = "<group>"; };
		4B2715EDED2AD43181CF343F /* libPods-MM_FESCO.a */ = {isa = PBXFileReference; explicitFileType = archive.ar; includeInIndex = 0; path = "libPods-MM_FESCO.a"; sourceTree = BUILT_PRODUCTS_DIR; };
		59182B331D6448CE00842352 /* NSData+AES.h */ = {isa = PBXFileReference; fileEncoding = 4; lastKnownFileType = sourcecode.c.h; path = "NSData+AES.h"; sourceTree = "<group>"; };
		59182B341D6448CE00842352 /* NSData+AES.m */ = {isa = PBXFileReference; fileEncoding = 4; lastKnownFileType = sourcecode.c.objc; path = "NSData+AES.m"; sourceTree = "<group>"; };
		59182B381D644C7B00842352 /* GTMBase64.h */ = {isa = PBXFileReference; fileEncoding = 4; lastKnownFileType = sourcecode.c.h; path = GTMBase64.h; sourceTree = "<group>"; };
		59182B391D644C7B00842352 /* GTMBase64.m */ = {isa = PBXFileReference; fileEncoding = 4; lastKnownFileType = sourcecode.c.objc; path = GTMBase64.m; sourceTree = "<group>"; };
		59182B3A1D644C7B00842352 /* GTMDefines.h */ = {isa = PBXFileReference; fileEncoding = 4; lastKnownFileType = sourcecode.c.h; path = GTMDefines.h; sourceTree = "<group>"; };
		59182B3D1D644D7E00842352 /* NSString+BASE64.h */ = {isa = PBXFileReference; fileEncoding = 4; lastKnownFileType = sourcecode.c.h; path = "NSString+BASE64.h"; sourceTree = "<group>"; };
		59182B3E1D644D7E00842352 /* NSString+BASE64.m */ = {isa = PBXFileReference; fileEncoding = 4; lastKnownFileType = sourcecode.c.objc; path = "NSString+BASE64.m"; sourceTree = "<group>"; };
		59474CEF1D6D413D00DC6E50 /* PhoneListController.h */ = {isa = PBXFileReference; fileEncoding = 4; lastKnownFileType = sourcecode.c.h; path = PhoneListController.h; sourceTree = "<group>"; };
		59474CF01D6D413D00DC6E50 /* PhoneListController.m */ = {isa = PBXFileReference; fileEncoding = 4; lastKnownFileType = sourcecode.c.objc; path = PhoneListController.m; sourceTree = "<group>"; };
		59474CF41D6D863000DC6E50 /* MMSQManagerTool.h */ = {isa = PBXFileReference; fileEncoding = 4; lastKnownFileType = sourcecode.c.h; path = MMSQManagerTool.h; sourceTree = "<group>"; };
		59474CF51D6D863000DC6E50 /* MMSQManagerTool.m */ = {isa = PBXFileReference; fileEncoding = 4; lastKnownFileType = sourcecode.c.objc; path = MMSQManagerTool.m; sourceTree = "<group>"; };
		59474CF71D6D956000DC6E50 /* libsqlite3.tbd */ = {isa = PBXFileReference; lastKnownFileType = "sourcecode.text-based-dylib-definition"; name = libsqlite3.tbd; path = usr/lib/libsqlite3.tbd; sourceTree = SDKROOT; };
		594775DB1D752B990094D354 /* NSArray+Sort.h */ = {isa = PBXFileReference; fileEncoding = 4; lastKnownFileType = sourcecode.c.h; path = "NSArray+Sort.h"; sourceTree = "<group>"; };
		594775DC1D752B990094D354 /* NSArray+Sort.m */ = {isa = PBXFileReference; fileEncoding = 4; lastKnownFileType = sourcecode.c.objc; path = "NSArray+Sort.m"; sourceTree = "<group>"; };
		594775E91D7674AC0094D354 /* CheckWorkController.h */ = {isa = PBXFileReference; fileEncoding = 4; lastKnownFileType = sourcecode.c.h; path = CheckWorkController.h; sourceTree = "<group>"; };
		594775EA1D7674AC0094D354 /* CheckWorkController.m */ = {isa = PBXFileReference; fileEncoding = 4; lastKnownFileType = sourcecode.c.objc; path = CheckWorkController.m; sourceTree = "<group>"; };
		594775EC1D7678410094D354 /* JZPassRateToolBarView.h */ = {isa = PBXFileReference; fileEncoding = 4; lastKnownFileType = sourcecode.c.h; path = JZPassRateToolBarView.h; sourceTree = "<group>"; };
		594775ED1D7678410094D354 /* JZPassRateToolBarView.m */ = {isa = PBXFileReference; fileEncoding = 4; lastKnownFileType = sourcecode.c.objc; path = JZPassRateToolBarView.m; sourceTree = "<group>"; };
		594775F01D767FF90094D354 /* CheckView.h */ = {isa = PBXFileReference; fileEncoding = 4; lastKnownFileType = sourcecode.c.h; path = CheckView.h; sourceTree = "<group>"; };
		594775F11D767FF90094D354 /* CheckView.m */ = {isa = PBXFileReference; fileEncoding = 4; lastKnownFileType = sourcecode.c.objc; path = CheckView.m; sourceTree = "<group>"; };
		594775F51D7684D80094D354 /* MMBaseViewController.h */ = {isa = PBXFileReference; fileEncoding = 4; lastKnownFileType = sourcecode.c.h; path = MMBaseViewController.h; sourceTree = "<group>"; };
		594775F61D7684D80094D354 /* MMBaseViewController.m */ = {isa = PBXFileReference; fileEncoding = 4; lastKnownFileType = sourcecode.c.objc; path = MMBaseViewController.m; sourceTree = "<group>"; };
		594775F81D7686DB0094D354 /* Header.h */ = {isa = PBXFileReference; fileEncoding = 4; lastKnownFileType = sourcecode.c.h; path = Header.h; sourceTree = "<group>"; };
		594775F91D7686DB0094D354 /* YiRefreshFooter.h */ = {isa = PBXFileReference; fileEncoding = 4; lastKnownFileType = sourcecode.c.h; path = YiRefreshFooter.h; sourceTree = "<group>"; };
		594775FA1D7686DB0094D354 /* YiRefreshFooter.m */ = {isa = PBXFileReference; fileEncoding = 4; lastKnownFileType = sourcecode.c.objc; path = YiRefreshFooter.m; sourceTree = "<group>"; };
		594775FB1D7686DB0094D354 /* YiRefreshHeader.h */ = {isa = PBXFileReference; fileEncoding = 4; lastKnownFileType = sourcecode.c.h; path = YiRefreshHeader.h; sourceTree = "<group>"; };
		594775FC1D7686DB0094D354 /* YiRefreshHeader.m */ = {isa = PBXFileReference; fileEncoding = 4; lastKnownFileType = sourcecode.c.objc; path = YiRefreshHeader.m; sourceTree = "<group>"; };
		594775FF1D768FEF0094D354 /* RefreshTableView.h */ = {isa = PBXFileReference; fileEncoding = 4; lastKnownFileType = sourcecode.c.h; path = RefreshTableView.h; sourceTree = "<group>"; };
		594776001D768FEF0094D354 /* RefreshTableView.m */ = {isa = PBXFileReference; fileEncoding = 4; lastKnownFileType = sourcecode.c.objc; path = RefreshTableView.m; sourceTree = "<group>"; };
		594776021D76906C0094D354 /* CheckRecordView.h */ = {isa = PBXFileReference; fileEncoding = 4; lastKnownFileType = sourcecode.c.h; path = CheckRecordView.h; sourceTree = "<group>"; };
		594776031D76906C0094D354 /* CheckRecordView.m */ = {isa = PBXFileReference; fileEncoding = 4; lastKnownFileType = sourcecode.c.objc; path = CheckRecordView.m; sourceTree = "<group>"; };
		594776051D7691F30094D354 /* CheckRecordCell.h */ = {isa = PBXFileReference; fileEncoding = 4; lastKnownFileType = sourcecode.c.h; path = CheckRecordCell.h; sourceTree = "<group>"; };
		594776061D7691F30094D354 /* CheckRecordCell.m */ = {isa = PBXFileReference; fileEncoding = 4; lastKnownFileType = sourcecode.c.objc; path = CheckRecordCell.m; sourceTree = "<group>"; };
		5947760B1D76ACBE0094D354 /* FillRecordView.h */ = {isa = PBXFileReference; fileEncoding = 4; lastKnownFileType = sourcecode.c.h; path = FillRecordView.h; sourceTree = "<group>"; };
		5947760C1D76ACBE0094D354 /* FillRecordView.m */ = {isa = PBXFileReference; fileEncoding = 4; lastKnownFileType = sourcecode.c.objc; path = FillRecordView.m; sourceTree = "<group>"; };
		5947760E1D76AD0A0094D354 /* FillRecordCell.h */ = {isa = PBXFileReference; fileEncoding = 4; lastKnownFileType = sourcecode.c.h; path = FillRecordCell.h; sourceTree = "<group>"; };
		5947760F1D76AD0A0094D354 /* FillRecordCell.m */ = {isa = PBXFileReference; fileEncoding = 4; lastKnownFileType = sourcecode.c.objc; path = FillRecordCell.m; sourceTree = "<group>"; };
		594776111D76CE290094D354 /* MMChooseTextFile.h */ = {isa = PBXFileReference; fileEncoding = 4; lastKnownFileType = sourcecode.c.h; path = MMChooseTextFile.h; sourceTree = "<group>"; };
		594776121D76CE290094D354 /* MMChooseTextFile.m */ = {isa = PBXFileReference; fileEncoding = 4; lastKnownFileType = sourcecode.c.objc; path = MMChooseTextFile.m; sourceTree = "<group>"; };
		594776141D76D5CF0094D354 /* FillApplyView.h */ = {isa = PBXFileReference; fileEncoding = 4; lastKnownFileType = sourcecode.c.h; path = FillApplyView.h; sourceTree = "<group>"; };
		594776151D76D5CF0094D354 /* FillApplyView.m */ = {isa = PBXFileReference; fileEncoding = 4; lastKnownFileType = sourcecode.c.objc; path = FillApplyView.m; sourceTree = "<group>"; };
		595B45B91D502FD30054ED8C /* MMMianCell.h */ = {isa = PBXFileReference; fileEncoding = 4; lastKnownFileType = sourcecode.c.h; path = MMMianCell.h; sourceTree = "<group>"; };
		595B45BA1D502FD30054ED8C /* MMMianCell.m */ = {isa = PBXFileReference; fileEncoding = 4; lastKnownFileType = sourcecode.c.objc; path = MMMianCell.m; sourceTree = "<group>"; };
		59614F731D7E4626004D3AAE /* SignUpViewModel.h */ = {isa = PBXFileReference; fileEncoding = 4; lastKnownFileType = sourcecode.c.h; path = SignUpViewModel.h; sourceTree = "<group>"; };
		59614F741D7E4626004D3AAE /* SignUpViewModel.m */ = {isa = PBXFileReference; fileEncoding = 4; lastKnownFileType = sourcecode.c.objc; path = SignUpViewModel.m; sourceTree = "<group>"; };
		59614F771D7E484D004D3AAE /* MMModelDataMacro.h */ = {isa = PBXFileReference; lastKnownFileType = sourcecode.c.h; path = MMModelDataMacro.h; sourceTree = "<group>"; };
		59614F781D7E90A8004D3AAE /* TTRefreshFooter.h */ = {isa = PBXFileReference; fileEncoding = 4; lastKnownFileType = sourcecode.c.h; path = TTRefreshFooter.h; sourceTree = "<group>"; };
		59614F791D7E90A8004D3AAE /* TTRefreshFooter.m */ = {isa = PBXFileReference; fileEncoding = 4; lastKnownFileType = sourcecode.c.objc; path = TTRefreshFooter.m; sourceTree = "<group>"; };
		59614F7B1D7E9911004D3AAE /* CheckListModel.h */ = {isa = PBXFileReference; fileEncoding = 4; lastKnownFileType = sourcecode.c.h; path = CheckListModel.h; sourceTree = "<group>"; };
		59614F7C1D7E9911004D3AAE /* CheckListModel.m */ = {isa = PBXFileReference; fileEncoding = 4; lastKnownFileType = sourcecode.c.objc; path = CheckListModel.m; sourceTree = "<group>"; };
		59614F7E1D7E9A5E004D3AAE /* FillListModel.h */ = {isa = PBXFileReference; fileEncoding = 4; lastKnownFileType = sourcecode.c.h; path = FillListModel.h; sourceTree = "<group>"; };
		59614F7F1D7E9A5E004D3AAE /* FillListModel.m */ = {isa = PBXFileReference; fileEncoding = 4; lastKnownFileType = sourcecode.c.objc; path = FillListModel.m; sourceTree = "<group>"; };
		596606C51D7D751E0020CAB0 /* MMBaseViewModel.h */ = {isa = PBXFileReference; fileEncoding = 4; lastKnownFileType = sourcecode.c.h; path = MMBaseViewModel.h; sourceTree = "<group>"; };
		596606C61D7D751E0020CAB0 /* MMBaseViewModel.m */ = {isa = PBXFileReference; fileEncoding = 4; lastKnownFileType = sourcecode.c.objc; path = MMBaseViewModel.m; sourceTree = "<group>"; };
		597762121D489AE000BD8472 /* MM_FESCO.app */ = {isa = PBXFileReference; explicitFileType = wrapper.application; includeInIndex = 0; path = MM_FESCO.app; sourceTree = BUILT_PRODUCTS_DIR; };
		597762161D489AE000BD8472 /* main.m */ = {isa = PBXFileReference; lastKnownFileType = sourcecode.c.objc; path = main.m; sourceTree = "<group>"; };
		597762181D489AE000BD8472 /* AppDelegate.h */ = {isa = PBXFileReference; lastKnownFileType = sourcecode.c.h; path = AppDelegate.h; sourceTree = "<group>"; };
		597762191D489AE000BD8472 /* AppDelegate.mm */ = {isa = PBXFileReference; lastKnownFileType = sourcecode.cpp.objcpp; path = AppDelegate.mm; sourceTree = "<group>"; };
		5977621B1D489AE000BD8472 /* ViewController.h */ = {isa = PBXFileReference; lastKnownFileType = sourcecode.c.h; path = ViewController.h; sourceTree = "<group>"; };
		5977621C1D489AE000BD8472 /* ViewController.m */ = {isa = PBXFileReference; lastKnownFileType = sourcecode.c.objc; path = ViewController.m; sourceTree = "<group>"; };
		5977621F1D489AE000BD8472 /* Base */ = {isa = PBXFileReference; lastKnownFileType = file.storyboard; name = Base; path = Base.lproj/Main.storyboard; sourceTree = "<group>"; };
		597762211D489AE000BD8472 /* Assets.xcassets */ = {isa = PBXFileReference; lastKnownFileType = folder.assetcatalog; path = Assets.xcassets; sourceTree = "<group>"; };
		597762241D489AE000BD8472 /* Base */ = {isa = PBXFileReference; lastKnownFileType = file.storyboard; name = Base; path = Base.lproj/LaunchScreen.storyboard; sourceTree = "<group>"; };
		597762261D489AE000BD8472 /* Info.plist */ = {isa = PBXFileReference; lastKnownFileType = text.plist.xml; path = Info.plist; sourceTree = "<group>"; };
		5977622B1D489AE000BD8472 /* MM_FESCOTests.xctest */ = {isa = PBXFileReference; explicitFileType = wrapper.cfbundle; includeInIndex = 0; path = MM_FESCOTests.xctest; sourceTree = BUILT_PRODUCTS_DIR; };
		5977622F1D489AE000BD8472 /* MM_FESCOTests.m */ = {isa = PBXFileReference; lastKnownFileType = sourcecode.c.objc; path = MM_FESCOTests.m; sourceTree = "<group>"; };
		597762311D489AE000BD8472 /* Info.plist */ = {isa = PBXFileReference; lastKnownFileType = text.plist.xml; path = Info.plist; sourceTree = "<group>"; };
		597762361D489AE000BD8472 /* MM_FESCOUITests.xctest */ = {isa = PBXFileReference; explicitFileType = wrapper.cfbundle; includeInIndex = 0; path = MM_FESCOUITests.xctest; sourceTree = BUILT_PRODUCTS_DIR; };
		5977623A1D489AE000BD8472 /* MM_FESCOUITests.m */ = {isa = PBXFileReference; lastKnownFileType = sourcecode.c.objc; path = MM_FESCOUITests.m; sourceTree = "<group>"; };
		5977623C1D489AE000BD8472 /* Info.plist */ = {isa = PBXFileReference; lastKnownFileType = text.plist.xml; path = Info.plist; sourceTree = "<group>"; };
		5977624E1D48ABCB00BD8472 /* NetworkTool.h */ = {isa = PBXFileReference; fileEncoding = 4; lastKnownFileType = sourcecode.c.h; path = NetworkTool.h; sourceTree = "<group>"; };
		5977624F1D48ABCB00BD8472 /* NetworkTool.m */ = {isa = PBXFileReference; fileEncoding = 4; lastKnownFileType = sourcecode.c.objc; path = NetworkTool.m; sourceTree = "<group>"; };
		5981A94F1D66D8F700DAC097 /* PersonalMessageHeaderView.h */ = {isa = PBXFileReference; fileEncoding = 4; lastKnownFileType = sourcecode.c.h; path = PersonalMessageHeaderView.h; sourceTree = "<group>"; };
		5981A9501D66D8F700DAC097 /* PersonalMessageHeaderView.m */ = {isa = PBXFileReference; fileEncoding = 4; lastKnownFileType = sourcecode.c.objc; path = PersonalMessageHeaderView.m; sourceTree = "<group>"; };
		5981AFBA1D73C43D0003166C /* MMDataBase.h */ = {isa = PBXFileReference; fileEncoding = 4; lastKnownFileType = sourcecode.c.h; path = MMDataBase.h; sourceTree = "<group>"; };
		5981AFBB1D73C43D0003166C /* MMDataBase.m */ = {isa = PBXFileReference; fileEncoding = 4; lastKnownFileType = sourcecode.c.objc; path = MMDataBase.m; sourceTree = "<group>"; };
		598EAF171D87A82800D36889 /* ApprovalController.h */ = {isa = PBXFileReference; fileEncoding = 4; lastKnownFileType = sourcecode.c.h; path = ApprovalController.h; sourceTree = "<group>"; };
		598EAF181D87A82800D36889 /* ApprovalController.m */ = {isa = PBXFileReference; fileEncoding = 4; lastKnownFileType = sourcecode.c.objc; path = ApprovalController.m; sourceTree = "<group>"; };
		598EAF1E1D87CD4100D36889 /* OverTimeView.h */ = {isa = PBXFileReference; fileEncoding = 4; lastKnownFileType = sourcecode.c.h; path = OverTimeView.h; sourceTree = "<group>"; };
		598EAF1F1D87CD4100D36889 /* OverTimeView.m */ = {isa = PBXFileReference; fileEncoding = 4; lastKnownFileType = sourcecode.c.objc; path = OverTimeView.m; sourceTree = "<group>"; };
		598EAF211D87CE4500D36889 /* OverTimeCell.h */ = {isa = PBXFileReference; fileEncoding = 4; lastKnownFileType = sourcecode.c.h; path = OverTimeCell.h; sourceTree = "<group>"; };
		598EAF221D87CE4500D36889 /* OverTimeCell.m */ = {isa = PBXFileReference; fileEncoding = 4; lastKnownFileType = sourcecode.c.objc; path = OverTimeCell.m; sourceTree = "<group>"; };
		598EAF241D87CF4600D36889 /* ApprovalViewModel.h */ = {isa = PBXFileReference; fileEncoding = 4; lastKnownFileType = sourcecode.c.h; path = ApprovalViewModel.h; sourceTree = "<group>"; };
		598EAF251D87CF4600D36889 /* ApprovalViewModel.m */ = {isa = PBXFileReference; fileEncoding = 4; lastKnownFileType = sourcecode.c.objc; path = ApprovalViewModel.m; sourceTree = "<group>"; };
		598EAF271D87DBE300D36889 /* SignUpApprovalView.h */ = {isa = PBXFileReference; fileEncoding = 4; lastKnownFileType = sourcecode.c.h; path = SignUpApprovalView.h; sourceTree = "<group>"; };
		598EAF281D87DBE300D36889 /* SignUpApprovalView.m */ = {isa = PBXFileReference; fileEncoding = 4; lastKnownFileType = sourcecode.c.objc; path = SignUpApprovalView.m; sourceTree = "<group>"; };
		598EAF2D1D87DC7700D36889 /* SignUpApprovalCell.h */ = {isa = PBXFileReference; fileEncoding = 4; lastKnownFileType = sourcecode.c.h; path = SignUpApprovalCell.h; sourceTree = "<group>"; };
		598EAF2E1D87DC7700D36889 /* SignUpApprovalCell.m */ = {isa = PBXFileReference; fileEncoding = 4; lastKnownFileType = sourcecode.c.objc; path = SignUpApprovalCell.m; sourceTree = "<group>"; };
		598EAF301D87DF9E00D36889 /* LeaveApprovalView.h */ = {isa = PBXFileReference; fileEncoding = 4; lastKnownFileType = sourcecode.c.h; path = LeaveApprovalView.h; sourceTree = "<group>"; };
		598EAF311D87DF9E00D36889 /* LeaveApprovalView.m */ = {isa = PBXFileReference; fileEncoding = 4; lastKnownFileType = sourcecode.c.objc; path = LeaveApprovalView.m; sourceTree = "<group>"; };
		598EAF331D87DFBD00D36889 /* LeaveApprovalCell.h */ = {isa = PBXFileReference; fileEncoding = 4; lastKnownFileType = sourcecode.c.h; path = LeaveApprovalCell.h; sourceTree = "<group>"; };
		598EAF341D87DFBD00D36889 /* LeaveApprovalCell.m */ = {isa = PBXFileReference; fileEncoding = 4; lastKnownFileType = sourcecode.c.objc; path = LeaveApprovalCell.m; sourceTree = "<group>"; };
		598EAF361D87F45C00D36889 /* OverTimeDetailController.h */ = {isa = PBXFileReference; fileEncoding = 4; lastKnownFileType = sourcecode.c.h; path = OverTimeDetailController.h; sourceTree = "<group>"; };
		598EAF371D87F45C00D36889 /* OverTimeDetailController.m */ = {isa = PBXFileReference; fileEncoding = 4; lastKnownFileType = sourcecode.c.objc; path = OverTimeDetailController.m; sourceTree = "<group>"; };
		598EAF391D87F84100D36889 /* TextMainApprovalDetailCell.h */ = {isa = PBXFileReference; fileEncoding = 4; lastKnownFileType = sourcecode.c.h; path = TextMainApprovalDetailCell.h; sourceTree = "<group>"; };
		598EAF3A1D87F84100D36889 /* TextMainApprovalDetailCell.m */ = {isa = PBXFileReference; fileEncoding = 4; lastKnownFileType = sourcecode.c.objc; path = TextMainApprovalDetailCell.m; sourceTree = "<group>"; };
		598EAF3C1D87F86100D36889 /* FileMainApprovalDetailCell.h */ = {isa = PBXFileReference; fileEncoding = 4; lastKnownFileType = sourcecode.c.h; path = FileMainApprovalDetailCell.h; sourceTree = "<group>"; };
		598EAF3D1D87F86100D36889 /* FileMainApprovalDetailCell.m */ = {isa = PBXFileReference; fileEncoding = 4; lastKnownFileType = sourcecode.c.objc; path = FileMainApprovalDetailCell.m; sourceTree = "<group>"; };
		5994C46D1D823615007660DD /* ModifyPasswordViewController.h */ = {isa = PBXFileReference; fileEncoding = 4; lastKnownFileType = sourcecode.c.h; path = ModifyPasswordViewController.h; sourceTree = "<group>"; };
		5994C46E1D823615007660DD /* ModifyPasswordViewController.m */ = {isa = PBXFileReference; fileEncoding = 4; lastKnownFileType = sourcecode.c.objc; path = ModifyPasswordViewController.m; sourceTree = "<group>"; };
		5994C4701D8271FD007660DD /* MMLoginTool.h */ = {isa = PBXFileReference; fileEncoding = 4; lastKnownFileType = sourcecode.c.h; path = MMLoginTool.h; sourceTree = "<group>"; };
		5994C4711D8271FD007660DD /* MMLoginTool.m */ = {isa = PBXFileReference; fileEncoding = 4; lastKnownFileType = sourcecode.c.objc; path = MMLoginTool.m; sourceTree = "<group>"; };
		5996FFB11D5876BE0005307C /* NSString+MD5.h */ = {isa = PBXFileReference; fileEncoding = 4; lastKnownFileType = sourcecode.c.h; name = "NSString+MD5.h"; path = "../SafeDic/NSString+MD5.h"; sourceTree = "<group>"; };
		5996FFB21D5876BE0005307C /* NSString+MD5.m */ = {isa = PBXFileReference; fileEncoding = 4; lastKnownFileType = sourcecode.c.objc; name = "NSString+MD5.m"; path = "../SafeDic/NSString+MD5.m"; sourceTree = "<group>"; };
		599A25391D6F374800EF27F4 /* MMCyeleShowLableTagView.h */ = {isa = PBXFileReference; fileEncoding = 4; lastKnownFileType = sourcecode.c.h; path = MMCyeleShowLableTagView.h; sourceTree = "<group>"; };
		599A253A1D6F374800EF27F4 /* MMCyeleShowLableTagView.m */ = {isa = PBXFileReference; fileEncoding = 4; lastKnownFileType = sourcecode.c.objc; path = MMCyeleShowLableTagView.m; sourceTree = "<group>"; };
		59A59DEE1D499937001F3122 /* NSDictionary+StrDic.h */ = {isa = PBXFileReference; fileEncoding = 4; lastKnownFileType = sourcecode.c.h; path = "NSDictionary+StrDic.h"; sourceTree = "<group>"; };
		59A59DEF1D499937001F3122 /* NSDictionary+StrDic.m */ = {isa = PBXFileReference; fileEncoding = 4; lastKnownFileType = sourcecode.c.objc; path = "NSDictionary+StrDic.m"; sourceTree = "<group>"; };
		59A59DF11D499937001F3122 /* ToastAlertView.h */ = {isa = PBXFileReference; fileEncoding = 4; lastKnownFileType = sourcecode.c.h; path = ToastAlertView.h; sourceTree = "<group>"; };
		59A59DF21D499937001F3122 /* ToastAlertView.m */ = {isa = PBXFileReference; fileEncoding = 4; lastKnownFileType = sourcecode.c.objc; path = ToastAlertView.m; sourceTree = "<group>"; };
		59A59DF41D499937001F3122 /* Dlog.h */ = {isa = PBXFileReference; fileEncoding = 4; lastKnownFileType = sourcecode.c.h; path = Dlog.h; sourceTree = "<group>"; };
		59A59DF51D499937001F3122 /* SWCommonMacro.h */ = {isa = PBXFileReference; fileEncoding = 4; lastKnownFileType = sourcecode.c.h; path = SWCommonMacro.h; sourceTree = "<group>"; };
		59A59DF61D499937001F3122 /* UIView+Sizes.h */ = {isa = PBXFileReference; fileEncoding = 4; lastKnownFileType = sourcecode.c.h; path = "UIView+Sizes.h"; sourceTree = "<group>"; };
		59A59DF71D499937001F3122 /* UIView+Sizes.m */ = {isa = PBXFileReference; fileEncoding = 4; lastKnownFileType = sourcecode.c.objc; path = "UIView+Sizes.m"; sourceTree = "<group>"; };
		59A59DF81D499937001F3122 /* UIView+TKCategory.h */ = {isa = PBXFileReference; fileEncoding = 4; lastKnownFileType = sourcecode.c.h; path = "UIView+TKCategory.h"; sourceTree = "<group>"; };
		59A59DF91D499937001F3122 /* UIView+TKCategory.m */ = {isa = PBXFileReference; fileEncoding = 4; lastKnownFileType = sourcecode.c.objc; path = "UIView+TKCategory.m"; sourceTree = "<group>"; };
		59A59DFA1D499937001F3122 /* UIViewAdditions.h */ = {isa = PBXFileReference; fileEncoding = 4; lastKnownFileType = sourcecode.c.h; path = UIViewAdditions.h; sourceTree = "<group>"; };
		59A59DFB1D499937001F3122 /* UIViewAdditions.m */ = {isa = PBXFileReference; fileEncoding = 4; lastKnownFileType = sourcecode.c.objc; path = UIViewAdditions.m; sourceTree = "<group>"; };
		59A59E011D499BDC001F3122 /* PrefixHeader.pch */ = {isa = PBXFileReference; lastKnownFileType = sourcecode.c.h; path = PrefixHeader.pch; sourceTree = "<group>"; };
		59A59E031D499EF2001F3122 /* DVVDoubleRowToolBarView.h */ = {isa = PBXFileReference; fileEncoding = 4; lastKnownFileType = sourcecode.c.h; path = DVVDoubleRowToolBarView.h; sourceTree = "<group>"; };
		59A59E041D499EF2001F3122 /* DVVDoubleRowToolBarView.m */ = {isa = PBXFileReference; fileEncoding = 4; lastKnownFileType = sourcecode.c.objc; path = DVVDoubleRowToolBarView.m; sourceTree = "<group>"; };
		59A59E051D499EF2001F3122 /* DVVToolBarView.h */ = {isa = PBXFileReference; fileEncoding = 4; lastKnownFileType = sourcecode.c.h; path = DVVToolBarView.h; sourceTree = "<group>"; };
		59A59E061D499EF2001F3122 /* DVVToolBarView.m */ = {isa = PBXFileReference; fileEncoding = 4; lastKnownFileType = sourcecode.c.objc; path = DVVToolBarView.m; sourceTree = "<group>"; };
		59A59E071D499EF2001F3122 /* HMButton.h */ = {isa = PBXFileReference; fileEncoding = 4; lastKnownFileType = sourcecode.c.h; path = HMButton.h; sourceTree = "<group>"; };
		59A59E081D499EF2001F3122 /* HMButton.m */ = {isa = PBXFileReference; fileEncoding = 4; lastKnownFileType = sourcecode.c.objc; path = HMButton.m; sourceTree = "<group>"; };
		59A59E091D499EF2001F3122 /* NGOSegmentControl.h */ = {isa = PBXFileReference; fileEncoding = 4; lastKnownFileType = sourcecode.c.h; path = NGOSegmentControl.h; sourceTree = "<group>"; };
		59A59E0A1D499EF2001F3122 /* NGOSegmentControl.m */ = {isa = PBXFileReference; fileEncoding = 4; lastKnownFileType = sourcecode.c.objc; path = NGOSegmentControl.m; sourceTree = "<group>"; };
		59A59E0B1D499EF2001F3122 /* NSString+Helper.h */ = {isa = PBXFileReference; fileEncoding = 4; lastKnownFileType = sourcecode.c.h; path = "NSString+Helper.h"; sourceTree = "<group>"; };
		59A59E0C1D499EF2001F3122 /* NSString+Helper.m */ = {isa = PBXFileReference; fileEncoding = 4; lastKnownFileType = sourcecode.c.objc; path = "NSString+Helper.m"; sourceTree = "<group>"; };
		59A59E0D1D499EF2001F3122 /* PortraitView.h */ = {isa = PBXFileReference; fileEncoding = 4; lastKnownFileType = sourcecode.c.h; path = PortraitView.h; sourceTree = "<group>"; };
		59A59E0E1D499EF2001F3122 /* PortraitView.m */ = {isa = PBXFileReference; fileEncoding = 4; lastKnownFileType = sourcecode.c.objc; path = PortraitView.m; sourceTree = "<group>"; };
		59A59E0F1D499EF2001F3122 /* UIBarButtonItem+Helper.h */ = {isa = PBXFileReference; fileEncoding = 4; lastKnownFileType = sourcecode.c.h; path = "UIBarButtonItem+Helper.h"; sourceTree = "<group>"; };
		59A59E101D499EF2001F3122 /* UIBarButtonItem+Helper.m */ = {isa = PBXFileReference; fileEncoding = 4; lastKnownFileType = sourcecode.c.objc; path = "UIBarButtonItem+Helper.m"; sourceTree = "<group>"; };
		59A59E111D499EF2001F3122 /* UIColor+Extension.h */ = {isa = PBXFileReference; fileEncoding = 4; lastKnownFileType = sourcecode.c.h; path = "UIColor+Extension.h"; sourceTree = "<group>"; };
		59A59E121D499EF2001F3122 /* UIColor+Extension.m */ = {isa = PBXFileReference; fileEncoding = 4; lastKnownFileType = sourcecode.c.objc; path = "UIColor+Extension.m"; sourceTree = "<group>"; };
		59A59E131D499EF2001F3122 /* UIImage+Helper.h */ = {isa = PBXFileReference; fileEncoding = 4; lastKnownFileType = sourcecode.c.h; path = "UIImage+Helper.h"; sourceTree = "<group>"; };
		59A59E141D499EF2001F3122 /* UIImage+Helper.m */ = {isa = PBXFileReference; fileEncoding = 4; lastKnownFileType = sourcecode.c.objc; path = "UIImage+Helper.m"; sourceTree = "<group>"; };
		59A59E151D499EF2001F3122 /* UIImageView+SDWedImage.h */ = {isa = PBXFileReference; fileEncoding = 4; lastKnownFileType = sourcecode.c.h; path = "UIImageView+SDWedImage.h"; sourceTree = "<group>"; };
		59A59E161D499EF2001F3122 /* UIImageView+SDWedImage.m */ = {isa = PBXFileReference; fileEncoding = 4; lastKnownFileType = sourcecode.c.objc; path = "UIImageView+SDWedImage.m"; sourceTree = "<group>"; };
		59A59E171D499EF2001F3122 /* UINavigationItem+BackItem.h */ = {isa = PBXFileReference; fileEncoding = 4; lastKnownFileType = sourcecode.c.h; path = "UINavigationItem+BackItem.h"; sourceTree = "<group>"; };
		59A59E181D499EF2001F3122 /* UINavigationItem+BackItem.m */ = {isa = PBXFileReference; fileEncoding = 4; lastKnownFileType = sourcecode.c.objc; path = "UINavigationItem+BackItem.m"; sourceTree = "<group>"; };
		59A59E311D49C6A3001F3122 /* MMLoginController.h */ = {isa = PBXFileReference; fileEncoding = 4; lastKnownFileType = sourcecode.c.h; path = MMLoginController.h; sourceTree = "<group>"; };
		59A59E321D49C6A3001F3122 /* MMLoginController.m */ = {isa = PBXFileReference; fileEncoding = 4; lastKnownFileType = sourcecode.c.objc; path = MMLoginController.m; sourceTree = "<group>"; };
		59A59E371D49CADF001F3122 /* MMMainController.h */ = {isa = PBXFileReference; fileEncoding = 4; lastKnownFileType = sourcecode.c.h; path = MMMainController.h; sourceTree = "<group>"; };
		59A59E381D49CADF001F3122 /* MMMainController.m */ = {isa = PBXFileReference; fileEncoding = 4; lastKnownFileType = sourcecode.c.objc; path = MMMainController.m; sourceTree = "<group>"; };
		59A8D1051D6E944F002CB709 /* PhoneListCell.h */ = {isa = PBXFileReference; fileEncoding = 4; lastKnownFileType = sourcecode.c.h; path = PhoneListCell.h; sourceTree = "<group>"; };
		59A8D1061D6E944F002CB709 /* PhoneListCell.m */ = {isa = PBXFileReference; fileEncoding = 4; lastKnownFileType = sourcecode.c.objc; path = PhoneListCell.m; sourceTree = "<group>"; };
		59A8D1081D6E94E8002CB709 /* PhoneListTableController.h */ = {isa = PBXFileReference; fileEncoding = 4; lastKnownFileType = sourcecode.c.h; path = PhoneListTableController.h; sourceTree = "<group>"; };
		59A8D1091D6E94E8002CB709 /* PhoneListTableController.m */ = {isa = PBXFileReference; fileEncoding = 4; lastKnownFileType = sourcecode.c.objc; path = PhoneListTableController.m; sourceTree = "<group>"; };
		59A8D10B1D6E9646002CB709 /* PhoneListTableCell.h */ = {isa = PBXFileReference; fileEncoding = 4; lastKnownFileType = sourcecode.c.h; path = PhoneListTableCell.h; sourceTree = "<group>"; };
		59A8D10C1D6E9646002CB709 /* PhoneListTableCell.m */ = {isa = PBXFileReference; fileEncoding = 4; lastKnownFileType = sourcecode.c.objc; path = PhoneListTableCell.m; sourceTree = "<group>"; };
		59A8D10F1D6EB001002CB709 /* DDChannelLabel.h */ = {isa = PBXFileReference; fileEncoding = 4; lastKnownFileType = sourcecode.c.h; path = DDChannelLabel.h; sourceTree = "<group>"; };
		59A8D1101D6EB001002CB709 /* DDChannelLabel.m */ = {isa = PBXFileReference; fileEncoding = 4; lastKnownFileType = sourcecode.c.objc; path = DDChannelLabel.m; sourceTree = "<group>"; };
		59C197C31D5ABFB100C7F593 /* UserInfoModel.h */ = {isa = PBXFileReference; fileEncoding = 4; lastKnownFileType = sourcecode.c.h; path = UserInfoModel.h; sourceTree = "<group>"; };
		59C197C41D5ABFB100C7F593 /* UserInfoModel.m */ = {isa = PBXFileReference; fileEncoding = 4; lastKnownFileType = sourcecode.c.objc; path = UserInfoModel.m; sourceTree = "<group>"; };
		59C197C61D5AC27A00C7F593 /* UIViewController+Method.h */ = {isa = PBXFileReference; fileEncoding = 4; lastKnownFileType = sourcecode.c.h; path = "UIViewController+Method.h"; sourceTree = "<group>"; };
		59C197C71D5AC27A00C7F593 /* UIViewController+Method.m */ = {isa = PBXFileReference; fileEncoding = 4; lastKnownFileType = sourcecode.c.objc; path = "UIViewController+Method.m"; sourceTree = "<group>"; };
		59C90C2D1D5C07B300CE0385 /* UIViewController+HUD.h */ = {isa = PBXFileReference; fileEncoding = 4; lastKnownFileType = sourcecode.c.h; path = "UIViewController+HUD.h"; sourceTree = "<group>"; };
		59C90C2E1D5C07B300CE0385 /* UIViewController+HUD.m */ = {isa = PBXFileReference; fileEncoding = 4; lastKnownFileType = sourcecode.c.objc; path = "UIViewController+HUD.m"; sourceTree = "<group>"; };
		59C90C301D5C27F900CE0385 /* NSDate+Category.h */ = {isa = PBXFileReference; fileEncoding = 4; lastKnownFileType = sourcecode.c.h; path = "NSDate+Category.h"; sourceTree = "<group>"; };
		59C90C311D5C27F900CE0385 /* NSDate+Category.m */ = {isa = PBXFileReference; fileEncoding = 4; lastKnownFileType = sourcecode.c.objc; path = "NSDate+Category.m"; sourceTree = "<group>"; };
		59C90C331D5C281700CE0385 /* NSDateFormatter+Category.h */ = {isa = PBXFileReference; fileEncoding = 4; lastKnownFileType = sourcecode.c.h; path = "NSDateFormatter+Category.h"; sourceTree = "<group>"; };
		59C90C341D5C281700CE0385 /* NSDateFormatter+Category.m */ = {isa = PBXFileReference; fileEncoding = 4; lastKnownFileType = sourcecode.c.objc; path = "NSDateFormatter+Category.m"; sourceTree = "<group>"; };
		59C90C351D5C281700CE0385 /* NSDateFormatter+sharedDateFormatter.h */ = {isa = PBXFileReference; fileEncoding = 4; lastKnownFileType = sourcecode.c.h; path = "NSDateFormatter+sharedDateFormatter.h"; sourceTree = "<group>"; };
		59C90C361D5C281700CE0385 /* NSDateFormatter+sharedDateFormatter.m */ = {isa = PBXFileReference; fileEncoding = 4; lastKnownFileType = sourcecode.c.objc; path = "NSDateFormatter+sharedDateFormatter.m"; sourceTree = "<group>"; };
		59C90C371D5C281700CE0385 /* NSString+CurrentTimeDay.h */ = {isa = PBXFileReference; fileEncoding = 4; lastKnownFileType = sourcecode.c.h; path = "NSString+CurrentTimeDay.h"; sourceTree = "<group>"; };
		59C90C381D5C281700CE0385 /* NSString+CurrentTimeDay.m */ = {isa = PBXFileReference; fileEncoding = 4; lastKnownFileType = sourcecode.c.objc; path = "NSString+CurrentTimeDay.m"; sourceTree = "<group>"; };
		59C90C3F1D5C627500CE0385 /* MMCycleShowImageView.h */ = {isa = PBXFileReference; fileEncoding = 4; lastKnownFileType = sourcecode.c.h; name = MMCycleShowImageView.h; path = ../Controller/MMCycleShowImageView.h; sourceTree = "<group>"; };
		59C90C401D5C627500CE0385 /* MMCycleShowImageView.m */ = {isa = PBXFileReference; fileEncoding = 4; lastKnownFileType = sourcecode.c.objc; name = MMCycleShowImageView.m; path = ../Controller/MMCycleShowImageView.m; sourceTree = "<group>"; };
		59C90C421D5C6FE900CE0385 /* MMMainCollectionCell.h */ = {isa = PBXFileReference; fileEncoding = 4; lastKnownFileType = sourcecode.c.h; path = MMMainCollectionCell.h; sourceTree = "<group>"; };
		59C90C431D5C6FE900CE0385 /* MMMainCollectionCell.m */ = {isa = PBXFileReference; fileEncoding = 4; lastKnownFileType = sourcecode.c.objc; path = MMMainCollectionCell.m; sourceTree = "<group>"; };
		59D3FE911D506CFA002CCCA4 /* PersonalMessageController.h */ = {isa = PBXFileReference; fileEncoding = 4; lastKnownFileType = sourcecode.c.h; path = PersonalMessageController.h; sourceTree = "<group>"; };
		59D3FE921D506CFA002CCCA4 /* PersonalMessageController.m */ = {isa = PBXFileReference; fileEncoding = 4; lastKnownFileType = sourcecode.c.objc; path = PersonalMessageController.m; sourceTree = "<group>"; };
		59D3FE941D506E7C002CCCA4 /* PersonalMessageDetailCell.h */ = {isa = PBXFileReference; fileEncoding = 4; lastKnownFileType = sourcecode.c.h; path = PersonalMessageDetailCell.h; sourceTree = "<group>"; };
		59D3FE951D506E7C002CCCA4 /* PersonalMessageDetailCell.m */ = {isa = PBXFileReference; fileEncoding = 4; lastKnownFileType = sourcecode.c.objc; path = PersonalMessageDetailCell.m; sourceTree = "<group>"; };
		59D3FE971D507C62002CCCA4 /* NetworkEntity.h */ = {isa = PBXFileReference; fileEncoding = 4; lastKnownFileType = sourcecode.c.h; path = NetworkEntity.h; sourceTree = "<group>"; };
		59D3FE981D507C62002CCCA4 /* NetworkEntity.m */ = {isa = PBXFileReference; fileEncoding = 4; lastKnownFileType = sourcecode.c.objc; path = NetworkEntity.m; sourceTree = "<group>"; };
		59E729EA1D6A8AD700920CC1 /* DVVImagePickerControllerManager.h */ = {isa = PBXFileReference; fileEncoding = 4; lastKnownFileType = sourcecode.c.h; path = DVVImagePickerControllerManager.h; sourceTree = "<group>"; };
		59E729EB1D6A8AD700920CC1 /* DVVImagePickerControllerManager.m */ = {isa = PBXFileReference; fileEncoding = 4; lastKnownFileType = sourcecode.c.objc; path = DVVImagePickerControllerManager.m; sourceTree = "<group>"; };
		59E729ED1D6A8B6200920CC1 /* PFActionSheetView.h */ = {isa = PBXFileReference; fileEncoding = 4; lastKnownFileType = sourcecode.c.h; path = PFActionSheetView.h; sourceTree = "<group>"; };
		59E729EE1D6A8B6200920CC1 /* PFActionSheetView.m */ = {isa = PBXFileReference; fileEncoding = 4; lastKnownFileType = sourcecode.c.objc; path = PFActionSheetView.m; sourceTree = "<group>"; };
		59E729F01D6A8C0300920CC1 /* BLPFAlertView.h */ = {isa = PBXFileReference; fileEncoding = 4; lastKnownFileType = sourcecode.c.h; path = BLPFAlertView.h; sourceTree = "<group>"; };
		59E729F11D6A8C0300920CC1 /* BLPFAlertView.m */ = {isa = PBXFileReference; fileEncoding = 4; lastKnownFileType = sourcecode.c.objc; path = BLPFAlertView.m; sourceTree = "<group>"; };
		59E729F41D6AE3E800920CC1 /* PersonalMessageModel.h */ = {isa = PBXFileReference; fileEncoding = 4; lastKnownFileType = sourcecode.c.h; path = PersonalMessageModel.h; sourceTree = "<group>"; };
		59E729F51D6AE3E800920CC1 /* PersonalMessageModel.m */ = {isa = PBXFileReference; fileEncoding = 4; lastKnownFileType = sourcecode.c.objc; path = PersonalMessageModel.m; sourceTree = "<group>"; };
		59F4D6371D81387200C56E5D /* JZUserLoginManager.h */ = {isa = PBXFileReference; fileEncoding = 4; lastKnownFileType = sourcecode.c.h; path = JZUserLoginManager.h; sourceTree = "<group>"; };
		59F4D6381D81387200C56E5D /* JZUserLoginManager.m */ = {isa = PBXFileReference; fileEncoding = 4; lastKnownFileType = sourcecode.c.objc; path = JZUserLoginManager.m; sourceTree = "<group>"; };
		59F4D63C1D814B9E00C56E5D /* MMShuxin.plist */ = {isa = PBXFileReference; fileEncoding = 4; lastKnownFileType = text.plist.xml; path = MMShuxin.plist; sourceTree = "<group>"; };
		59F650EC1D6FCC41000596A7 /* PhoneListModel.h */ = {isa = PBXFileReference; fileEncoding = 4; lastKnownFileType = sourcecode.c.h; path = PhoneListModel.h; sourceTree = "<group>"; };
		59F650ED1D6FCC41000596A7 /* PhoneListModel.m */ = {isa = PBXFileReference; fileEncoding = 4; lastKnownFileType = sourcecode.c.objc; path = PhoneListModel.m; sourceTree = "<group>"; };
		59F650EF1D70333D000596A7 /* EasySerachViewController.h */ = {isa = PBXFileReference; fileEncoding = 4; lastKnownFileType = sourcecode.c.h; path = EasySerachViewController.h; sourceTree = "<group>"; };
		59F650F01D70333D000596A7 /* EasySerachViewController.m */ = {isa = PBXFileReference; fileEncoding = 4; lastKnownFileType = sourcecode.c.objc; path = EasySerachViewController.m; sourceTree = "<group>"; };
		59F650F31D70338C000596A7 /* ChineseInclude.h */ = {isa = PBXFileReference; fileEncoding = 4; lastKnownFileType = sourcecode.c.h; path = ChineseInclude.h; sourceTree = "<group>"; };
		59F650F41D70338C000596A7 /* ChineseInclude.m */ = {isa = PBXFileReference; fileEncoding = 4; lastKnownFileType = sourcecode.c.objc; path = ChineseInclude.m; sourceTree = "<group>"; };
		59F650F51D70338C000596A7 /* ChineseToPinyinResource.h */ = {isa = PBXFileReference; fileEncoding = 4; lastKnownFileType = sourcecode.c.h; path = ChineseToPinyinResource.h; sourceTree = "<group>"; };
		59F650F61D70338C000596A7 /* ChineseToPinyinResource.m */ = {isa = PBXFileReference; fileEncoding = 4; lastKnownFileType = sourcecode.c.objc; path = ChineseToPinyinResource.m; sourceTree = "<group>"; };
		59F650F71D70338C000596A7 /* HanyuPinyinOutputFormat.h */ = {isa = PBXFileReference; fileEncoding = 4; lastKnownFileType = sourcecode.c.h; path = HanyuPinyinOutputFormat.h; sourceTree = "<group>"; };
		59F650F81D70338C000596A7 /* HanyuPinyinOutputFormat.m */ = {isa = PBXFileReference; fileEncoding = 4; lastKnownFileType = sourcecode.c.objc; path = HanyuPinyinOutputFormat.m; sourceTree = "<group>"; };
		59F650F91D70338C000596A7 /* NSString+PinYin4Cocoa.h */ = {isa = PBXFileReference; fileEncoding = 4; lastKnownFileType = sourcecode.c.h; path = "NSString+PinYin4Cocoa.h"; sourceTree = "<group>"; };
		59F650FA1D70338C000596A7 /* NSString+PinYin4Cocoa.m */ = {isa = PBXFileReference; fileEncoding = 4; lastKnownFileType = sourcecode.c.objc; path = "NSString+PinYin4Cocoa.m"; sourceTree = "<group>"; };
		59F650FB1D70338C000596A7 /* PinyinFormatter.h */ = {isa = PBXFileReference; fileEncoding = 4; lastKnownFileType = sourcecode.c.h; path = PinyinFormatter.h; sourceTree = "<group>"; };
		59F650FC1D70338C000596A7 /* PinyinFormatter.m */ = {isa = PBXFileReference; fileEncoding = 4; lastKnownFileType = sourcecode.c.objc; path = PinyinFormatter.m; sourceTree = "<group>"; };
		59F650FD1D70338C000596A7 /* PinYinForObjc.h */ = {isa = PBXFileReference; fileEncoding = 4; lastKnownFileType = sourcecode.c.h; path = PinYinForObjc.h; sourceTree = "<group>"; };
		59F650FE1D70338C000596A7 /* PinYinForObjc.m */ = {isa = PBXFileReference; fileEncoding = 4; lastKnownFileType = sourcecode.c.objc; path = PinYinForObjc.m; sourceTree = "<group>"; };
		59F650FF1D70338C000596A7 /* PinyinHelper.h */ = {isa = PBXFileReference; fileEncoding = 4; lastKnownFileType = sourcecode.c.h; path = PinyinHelper.h; sourceTree = "<group>"; };
		59F651001D70338C000596A7 /* PinyinHelper.m */ = {isa = PBXFileReference; fileEncoding = 4; lastKnownFileType = sourcecode.c.objc; path = PinyinHelper.m; sourceTree = "<group>"; };
		59F651011D70338C000596A7 /* unicode_to_hanyu_pinyin.txt */ = {isa = PBXFileReference; fileEncoding = 4; lastKnownFileType = text; path = unicode_to_hanyu_pinyin.txt; sourceTree = "<group>"; };
		59F651021D70338C000596A7 /* ZYPinYinSearch.h */ = {isa = PBXFileReference; fileEncoding = 4; lastKnownFileType = sourcecode.c.h; path = ZYPinYinSearch.h; sourceTree = "<group>"; };
		59F651031D70338C000596A7 /* ZYPinYinSearch.m */ = {isa = PBXFileReference; fileEncoding = 4; lastKnownFileType = sourcecode.c.objc; path = ZYPinYinSearch.m; sourceTree = "<group>"; };
		59FA657C1D51E5E50013D490 /* LeaveApplicationDetailController.h */ = {isa = PBXFileReference; fileEncoding = 4; lastKnownFileType = sourcecode.c.h; name = LeaveApplicationDetailController.h; path = ../../View/MMMainDetailView/LeaveApplicationDetailController.h; sourceTree = "<group>"; };
		59FA657D1D51E5E50013D490 /* LeaveApplicationDetailController.m */ = {isa = PBXFileReference; fileEncoding = 4; lastKnownFileType = sourcecode.c.objc; name = LeaveApplicationDetailController.m; path = ../../View/MMMainDetailView/LeaveApplicationDetailController.m; sourceTree = "<group>"; };
		59FA657F1D51EAA70013D490 /* LeaveApplicationDetailCell.h */ = {isa = PBXFileReference; fileEncoding = 4; lastKnownFileType = sourcecode.c.h; path = LeaveApplicationDetailCell.h; sourceTree = "<group>"; };
		59FA65801D51EAA70013D490 /* LeaveApplicationDetailCell.m */ = {isa = PBXFileReference; fileEncoding = 4; lastKnownFileType = sourcecode.c.objc; path = LeaveApplicationDetailCell.m; sourceTree = "<group>"; };
		59FECE321D7FF3B10094EDD4 /* popOutView.h */ = {isa = PBXFileReference; fileEncoding = 4; lastKnownFileType = sourcecode.c.h; path = popOutView.h; sourceTree = "<group>"; };
		59FECE331D7FF3B10094EDD4 /* popOutView.m */ = {isa = PBXFileReference; fileEncoding = 4; lastKnownFileType = sourcecode.c.objc; path = popOutView.m; sourceTree = "<group>"; };
		851A1D3507C23C93B738EF89 /* Pods-MM_FESCO.release.xcconfig */ = {isa = PBXFileReference; includeInIndex = 1; lastKnownFileType = text.xcconfig; name = "Pods-MM_FESCO.release.xcconfig"; path = "Pods/Target Support Files/Pods-MM_FESCO/Pods-MM_FESCO.release.xcconfig"; sourceTree = "<group>"; };
/* End PBXFileReference section */

/* Begin PBXFrameworksBuildPhase section */
		5977620F1D489AE000BD8472 /* Frameworks */ = {
			isa = PBXFrameworksBuildPhase;
			buildActionMask = 2147483647;
			files = (
				59474CF81D6D956000DC6E50 /* libsqlite3.tbd in Frameworks */,
				F58695894A44DEB24A883CFF /* libPods-MM_FESCO.a in Frameworks */,
			);
			runOnlyForDeploymentPostprocessing = 0;
		};
		597762281D489AE000BD8472 /* Frameworks */ = {
			isa = PBXFrameworksBuildPhase;
			buildActionMask = 2147483647;
			files = (
			);
			runOnlyForDeploymentPostprocessing = 0;
		};
		597762331D489AE000BD8472 /* Frameworks */ = {
			isa = PBXFrameworksBuildPhase;
			buildActionMask = 2147483647;
			files = (
			);
			runOnlyForDeploymentPostprocessing = 0;
		};
/* End PBXFrameworksBuildPhase section */

/* Begin PBXGroup section */
		3307DFA9C514EA781167E167 /* Frameworks */ = {
			isa = PBXGroup;
			children = (
				59474CF71D6D956000DC6E50 /* libsqlite3.tbd */,
				4B2715EDED2AD43181CF343F /* libPods-MM_FESCO.a */,
			);
			name = Frameworks;
			sourceTree = "<group>";
		};
		59182B371D644C7B00842352 /* Base64 */ = {
			isa = PBXGroup;
			children = (
				59182B381D644C7B00842352 /* GTMBase64.h */,
				59182B391D644C7B00842352 /* GTMBase64.m */,
				59182B3A1D644C7B00842352 /* GTMDefines.h */,
				59182B3D1D644D7E00842352 /* NSString+BASE64.h */,
				59182B3E1D644D7E00842352 /* NSString+BASE64.m */,
			);
			path = Base64;
			sourceTree = "<group>";
		};
		59474CF31D6D85D400DC6E50 /* 数据库 */ = {
			isa = PBXGroup;
			children = (
				59474CF41D6D863000DC6E50 /* MMSQManagerTool.h */,
				59474CF51D6D863000DC6E50 /* MMSQManagerTool.m */,
			);
			path = "数据库";
			sourceTree = "<group>";
		};
		594775EF1D767FC50094D354 /* Check */ = {
			isa = PBXGroup;
			children = (
				594775F01D767FF90094D354 /* CheckView.h */,
				594775F11D767FF90094D354 /* CheckView.m */,
				594776021D76906C0094D354 /* CheckRecordView.h */,
				594776031D76906C0094D354 /* CheckRecordView.m */,
				594776141D76D5CF0094D354 /* FillApplyView.h */,
				594776151D76D5CF0094D354 /* FillApplyView.m */,
				5947760B1D76ACBE0094D354 /* FillRecordView.h */,
				5947760C1D76ACBE0094D354 /* FillRecordView.m */,
				594776051D7691F30094D354 /* CheckRecordCell.h */,
				594776061D7691F30094D354 /* CheckRecordCell.m */,
				5947760E1D76AD0A0094D354 /* FillRecordCell.h */,
				5947760F1D76AD0A0094D354 /* FillRecordCell.m */,
				594776111D76CE290094D354 /* MMChooseTextFile.h */,
				594776121D76CE290094D354 /* MMChooseTextFile.m */,
				59FECE321D7FF3B10094EDD4 /* popOutView.h */,
				59FECE331D7FF3B10094EDD4 /* popOutView.m */,
			);
			path = Check;
			sourceTree = "<group>";
		};
		594775F41D7684D80094D354 /* Base */ = {
			isa = PBXGroup;
			children = (
				59614F781D7E90A8004D3AAE /* TTRefreshFooter.h */,
				59614F791D7E90A8004D3AAE /* TTRefreshFooter.m */,
				594775FF1D768FEF0094D354 /* RefreshTableView.h */,
				594776001D768FEF0094D354 /* RefreshTableView.m */,
				594775F81D7686DB0094D354 /* Header.h */,
				594775F91D7686DB0094D354 /* YiRefreshFooter.h */,
				594775FA1D7686DB0094D354 /* YiRefreshFooter.m */,
				594775FB1D7686DB0094D354 /* YiRefreshHeader.h */,
				594775FC1D7686DB0094D354 /* YiRefreshHeader.m */,
				594775F51D7684D80094D354 /* MMBaseViewController.h */,
				594775F61D7684D80094D354 /* MMBaseViewController.m */,
			);
			path = Base;
			sourceTree = "<group>";
		};
		596606C11D7D74C30020CAB0 /* ViewModel */ = {
			isa = PBXGroup;
			children = (
				596606C51D7D751E0020CAB0 /* MMBaseViewModel.h */,
				596606C61D7D751E0020CAB0 /* MMBaseViewModel.m */,
				59614F731D7E4626004D3AAE /* SignUpViewModel.h */,
				59614F741D7E4626004D3AAE /* SignUpViewModel.m */,
				598EAF241D87CF4600D36889 /* ApprovalViewModel.h */,
				598EAF251D87CF4600D36889 /* ApprovalViewModel.m */,
			);
			path = ViewModel;
			sourceTree = "<group>";
		};
		597762091D489AE000BD8472 = {
			isa = PBXGroup;
			children = (
				597762141D489AE000BD8472 /* MM_FESCO */,
				5977622E1D489AE000BD8472 /* MM_FESCOTests */,
				597762391D489AE000BD8472 /* MM_FESCOUITests */,
				597762131D489AE000BD8472 /* Products */,
				D21145FCB92E766519624DFD /* Pods */,
				3307DFA9C514EA781167E167 /* Frameworks */,
			);
			sourceTree = "<group>";
		};
		597762131D489AE000BD8472 /* Products */ = {
			isa = PBXGroup;
			children = (
				597762121D489AE000BD8472 /* MM_FESCO.app */,
				5977622B1D489AE000BD8472 /* MM_FESCOTests.xctest */,
				597762361D489AE000BD8472 /* MM_FESCOUITests.xctest */,
			);
			name = Products;
			sourceTree = "<group>";
		};
		597762141D489AE000BD8472 /* MM_FESCO */ = {
			isa = PBXGroup;
			children = (
				597762181D489AE000BD8472 /* AppDelegate.h */,
				597762191D489AE000BD8472 /* AppDelegate.mm */,
				5977621B1D489AE000BD8472 /* ViewController.h */,
				5977621C1D489AE000BD8472 /* ViewController.m */,
				594775F41D7684D80094D354 /* Base */,
				59A59E351D49CADF001F3122 /* MM_HomeMain */,
				59A59E301D49C6A3001F3122 /* MM_Login */,
				59A59DEC1D499937001F3122 /* ThirdPary */,
				5977624C1D48AB8100BD8472 /* Tool */,
				597762151D489AE000BD8472 /* Supporting Files */,
			);
			path = MM_FESCO;
			sourceTree = "<group>";
		};
		597762151D489AE000BD8472 /* Supporting Files */ = {
			isa = PBXGroup;
			children = (
				59F4D63C1D814B9E00C56E5D /* MMShuxin.plist */,
				597762161D489AE000BD8472 /* main.m */,
				5977621E1D489AE000BD8472 /* Main.storyboard */,
				597762211D489AE000BD8472 /* Assets.xcassets */,
				597762231D489AE000BD8472 /* LaunchScreen.storyboard */,
				597762261D489AE000BD8472 /* Info.plist */,
				59A59E011D499BDC001F3122 /* PrefixHeader.pch */,
				59614F771D7E484D004D3AAE /* MMModelDataMacro.h */,
			);
			name = "Supporting Files";
			sourceTree = "<group>";
		};
		5977622E1D489AE000BD8472 /* MM_FESCOTests */ = {
			isa = PBXGroup;
			children = (
				5977622F1D489AE000BD8472 /* MM_FESCOTests.m */,
				597762311D489AE000BD8472 /* Info.plist */,
			);
			path = MM_FESCOTests;
			sourceTree = "<group>";
		};
		597762391D489AE000BD8472 /* MM_FESCOUITests */ = {
			isa = PBXGroup;
			children = (
				5977623A1D489AE000BD8472 /* MM_FESCOUITests.m */,
				5977623C1D489AE000BD8472 /* Info.plist */,
			);
			path = MM_FESCOUITests;
			sourceTree = "<group>";
		};
		5977624C1D48AB8100BD8472 /* Tool */ = {
			isa = PBXGroup;
			children = (
				59474CF31D6D85D400DC6E50 /* 数据库 */,
				59C197C21D5ABF8D00C7F593 /* UserInfoModel */,
				5977624D1D48AB8100BD8472 /* 网络 */,
			);
			path = Tool;
			sourceTree = "<group>";
		};
		5977624D1D48AB8100BD8472 /* 网络 */ = {
			isa = PBXGroup;
			children = (
				5977624E1D48ABCB00BD8472 /* NetworkTool.h */,
				5977624F1D48ABCB00BD8472 /* NetworkTool.m */,
				59D3FE971D507C62002CCCA4 /* NetworkEntity.h */,
				59D3FE981D507C62002CCCA4 /* NetworkEntity.m */,
			);
			path = "网络";
			sourceTree = "<group>";
		};
		598EAF1A1D87CCAB00D36889 /* Approval */ = {
			isa = PBXGroup;
			children = (
				598EAF1E1D87CD4100D36889 /* OverTimeView.h */,
				598EAF1F1D87CD4100D36889 /* OverTimeView.m */,
				598EAF211D87CE4500D36889 /* OverTimeCell.h */,
				598EAF221D87CE4500D36889 /* OverTimeCell.m */,
				598EAF271D87DBE300D36889 /* SignUpApprovalView.h */,
				598EAF281D87DBE300D36889 /* SignUpApprovalView.m */,
				598EAF2D1D87DC7700D36889 /* SignUpApprovalCell.h */,
				598EAF2E1D87DC7700D36889 /* SignUpApprovalCell.m */,
				598EAF301D87DF9E00D36889 /* LeaveApprovalView.h */,
				598EAF311D87DF9E00D36889 /* LeaveApprovalView.m */,
				598EAF331D87DFBD00D36889 /* LeaveApprovalCell.h */,
				598EAF341D87DFBD00D36889 /* LeaveApprovalCell.m */,
				598EAF391D87F84100D36889 /* TextMainApprovalDetailCell.h */,
				598EAF3A1D87F84100D36889 /* TextMainApprovalDetailCell.m */,
				598EAF3C1D87F86100D36889 /* FileMainApprovalDetailCell.h */,
				598EAF3D1D87F86100D36889 /* FileMainApprovalDetailCell.m */,
			);
			path = Approval;
			sourceTree = "<group>";
		};
		59A59DEC1D499937001F3122 /* ThirdPary */ = {
			isa = PBXGroup;
			children = (
				59F650F21D70338C000596A7 /* PinYinSearchLib */,
				59182B371D644C7B00842352 /* Base64 */,
				59A59E021D499EF2001F3122 /* UntityBox */,
				59A59DED1D499937001F3122 /* SafeDic */,
				59A59DF01D499937001F3122 /* ToastAlertView */,
				59A59DF31D499937001F3122 /* UIView+Sizes */,
			);
			path = ThirdPary;
			sourceTree = "<group>";
		};
		59A59DED1D499937001F3122 /* SafeDic */ = {
			isa = PBXGroup;
			children = (
				59A59DEE1D499937001F3122 /* NSDictionary+StrDic.h */,
				59A59DEF1D499937001F3122 /* NSDictionary+StrDic.m */,
			);
			path = SafeDic;
			sourceTree = "<group>";
		};
		59A59DF01D499937001F3122 /* ToastAlertView */ = {
			isa = PBXGroup;
			children = (
				59A59DF11D499937001F3122 /* ToastAlertView.h */,
				59A59DF21D499937001F3122 /* ToastAlertView.m */,
				59E729F01D6A8C0300920CC1 /* BLPFAlertView.h */,
				59E729F11D6A8C0300920CC1 /* BLPFAlertView.m */,
			);
			path = ToastAlertView;
			sourceTree = "<group>";
		};
		59A59DF31D499937001F3122 /* UIView+Sizes */ = {
			isa = PBXGroup;
			children = (
				59A59DF41D499937001F3122 /* Dlog.h */,
				59A59DF51D499937001F3122 /* SWCommonMacro.h */,
				59A59DF61D499937001F3122 /* UIView+Sizes.h */,
				59A59DF71D499937001F3122 /* UIView+Sizes.m */,
				59A59DF81D499937001F3122 /* UIView+TKCategory.h */,
				59A59DF91D499937001F3122 /* UIView+TKCategory.m */,
				59A59DFA1D499937001F3122 /* UIViewAdditions.h */,
				59A59DFB1D499937001F3122 /* UIViewAdditions.m */,
			);
			path = "UIView+Sizes";
			sourceTree = "<group>";
		};
		59A59E021D499EF2001F3122 /* UntityBox */ = {
			isa = PBXGroup;
			children = (
				59E729ED1D6A8B6200920CC1 /* PFActionSheetView.h */,
				59E729EE1D6A8B6200920CC1 /* PFActionSheetView.m */,
				59E729EA1D6A8AD700920CC1 /* DVVImagePickerControllerManager.h */,
				59E729EB1D6A8AD700920CC1 /* DVVImagePickerControllerManager.m */,
				59C90C301D5C27F900CE0385 /* NSDate+Category.h */,
				59C90C311D5C27F900CE0385 /* NSDate+Category.m */,
				59C90C331D5C281700CE0385 /* NSDateFormatter+Category.h */,
				59C90C341D5C281700CE0385 /* NSDateFormatter+Category.m */,
				59C90C351D5C281700CE0385 /* NSDateFormatter+sharedDateFormatter.h */,
				59C90C361D5C281700CE0385 /* NSDateFormatter+sharedDateFormatter.m */,
				59C90C371D5C281700CE0385 /* NSString+CurrentTimeDay.h */,
				59C90C381D5C281700CE0385 /* NSString+CurrentTimeDay.m */,
				59C90C2D1D5C07B300CE0385 /* UIViewController+HUD.h */,
				59C90C2E1D5C07B300CE0385 /* UIViewController+HUD.m */,
				59C197C61D5AC27A00C7F593 /* UIViewController+Method.h */,
				59C197C71D5AC27A00C7F593 /* UIViewController+Method.m */,
				59A59E031D499EF2001F3122 /* DVVDoubleRowToolBarView.h */,
				59A59E041D499EF2001F3122 /* DVVDoubleRowToolBarView.m */,
				59A59E051D499EF2001F3122 /* DVVToolBarView.h */,
				59A59E061D499EF2001F3122 /* DVVToolBarView.m */,
				59A59E071D499EF2001F3122 /* HMButton.h */,
				59A59E081D499EF2001F3122 /* HMButton.m */,
				59A59E091D499EF2001F3122 /* NGOSegmentControl.h */,
				59A59E0A1D499EF2001F3122 /* NGOSegmentControl.m */,
				59A59E0B1D499EF2001F3122 /* NSString+Helper.h */,
				59A59E0C1D499EF2001F3122 /* NSString+Helper.m */,
				59A59E0D1D499EF2001F3122 /* PortraitView.h */,
				59A59E0E1D499EF2001F3122 /* PortraitView.m */,
				59A59E0F1D499EF2001F3122 /* UIBarButtonItem+Helper.h */,
				59A59E101D499EF2001F3122 /* UIBarButtonItem+Helper.m */,
				59A59E111D499EF2001F3122 /* UIColor+Extension.h */,
				59A59E121D499EF2001F3122 /* UIColor+Extension.m */,
				59A59E131D499EF2001F3122 /* UIImage+Helper.h */,
				59A59E141D499EF2001F3122 /* UIImage+Helper.m */,
				59A59E151D499EF2001F3122 /* UIImageView+SDWedImage.h */,
				59A59E161D499EF2001F3122 /* UIImageView+SDWedImage.m */,
				59A59E171D499EF2001F3122 /* UINavigationItem+BackItem.h */,
				59A59E181D499EF2001F3122 /* UINavigationItem+BackItem.m */,
				5996FFB11D5876BE0005307C /* NSString+MD5.h */,
				5996FFB21D5876BE0005307C /* NSString+MD5.m */,
				59182B331D6448CE00842352 /* NSData+AES.h */,
				59182B341D6448CE00842352 /* NSData+AES.m */,
			);
			path = UntityBox;
			sourceTree = "<group>";
		};
		59A59E301D49C6A3001F3122 /* MM_Login */ = {
			isa = PBXGroup;
			children = (
				59F4D6371D81387200C56E5D /* JZUserLoginManager.h */,
				59F4D6381D81387200C56E5D /* JZUserLoginManager.m */,
				59A59E311D49C6A3001F3122 /* MMLoginController.h */,
				59A59E321D49C6A3001F3122 /* MMLoginController.m */,
				5994C4701D8271FD007660DD /* MMLoginTool.h */,
				5994C4711D8271FD007660DD /* MMLoginTool.m */,
			);
			path = MM_Login;
			sourceTree = "<group>";
		};
		59A59E351D49CADF001F3122 /* MM_HomeMain */ = {
			isa = PBXGroup;
			children = (
				596606C11D7D74C30020CAB0 /* ViewModel */,
				59A8D10E1D6EB001002CB709 /* Other */,
				59E729F31D6AE38100920CC1 /* Model */,
				59A59E361D49CADF001F3122 /* Controller */,
				59A59E391D49CADF001F3122 /* View */,
			);
			path = MM_HomeMain;
			sourceTree = "<group>";
		};
		59A59E361D49CADF001F3122 /* Controller */ = {
			isa = PBXGroup;
			children = (
				59A59E371D49CADF001F3122 /* MMMainController.h */,
				59A59E381D49CADF001F3122 /* MMMainController.m */,
				59D3FE901D506CAB002CCCA4 /* MMMainDetailController */,
			);
			path = Controller;
			sourceTree = "<group>";
		};
		59A59E391D49CADF001F3122 /* View */ = {
			isa = PBXGroup;
			children = (
				59C90C3F1D5C627500CE0385 /* MMCycleShowImageView.h */,
				59C90C401D5C627500CE0385 /* MMCycleShowImageView.m */,
				595B45B91D502FD30054ED8C /* MMMianCell.h */,
				595B45BA1D502FD30054ED8C /* MMMianCell.m */,
				59C90C421D5C6FE900CE0385 /* MMMainCollectionCell.h */,
				59C90C431D5C6FE900CE0385 /* MMMainCollectionCell.m */,
				59D3FE8F1D506C97002CCCA4 /* MMMainDetailView */,
			);
			path = View;
			sourceTree = "<group>";
		};
		59A8D10E1D6EB001002CB709 /* Other */ = {
			isa = PBXGroup;
			children = (
				59A8D10F1D6EB001002CB709 /* DDChannelLabel.h */,
				59A8D1101D6EB001002CB709 /* DDChannelLabel.m */,
				5981AFBA1D73C43D0003166C /* MMDataBase.h */,
				5981AFBB1D73C43D0003166C /* MMDataBase.m */,
				594775DB1D752B990094D354 /* NSArray+Sort.h */,
				594775DC1D752B990094D354 /* NSArray+Sort.m */,
			);
			path = Other;
			sourceTree = "<group>";
		};
		59C197C21D5ABF8D00C7F593 /* UserInfoModel */ = {
			isa = PBXGroup;
			children = (
				59C197C31D5ABFB100C7F593 /* UserInfoModel.h */,
				59C197C41D5ABFB100C7F593 /* UserInfoModel.m */,
			);
			path = UserInfoModel;
			sourceTree = "<group>";
		};
		59D3FE8F1D506C97002CCCA4 /* MMMainDetailView */ = {
			isa = PBXGroup;
			children = (
				598EAF1A1D87CCAB00D36889 /* Approval */,
				594775EF1D767FC50094D354 /* Check */,
				59D3FE941D506E7C002CCCA4 /* PersonalMessageDetailCell.h */,
				59D3FE951D506E7C002CCCA4 /* PersonalMessageDetailCell.m */,
				59FA657F1D51EAA70013D490 /* LeaveApplicationDetailCell.h */,
				59FA65801D51EAA70013D490 /* LeaveApplicationDetailCell.m */,
				5981A94F1D66D8F700DAC097 /* PersonalMessageHeaderView.h */,
				5981A9501D66D8F700DAC097 /* PersonalMessageHeaderView.m */,
				59A8D1051D6E944F002CB709 /* PhoneListCell.h */,
				59A8D1061D6E944F002CB709 /* PhoneListCell.m */,
				59A8D10B1D6E9646002CB709 /* PhoneListTableCell.h */,
				59A8D10C1D6E9646002CB709 /* PhoneListTableCell.m */,
				599A25391D6F374800EF27F4 /* MMCyeleShowLableTagView.h */,
				599A253A1D6F374800EF27F4 /* MMCyeleShowLableTagView.m */,
				594775EC1D7678410094D354 /* JZPassRateToolBarView.h */,
				594775ED1D7678410094D354 /* JZPassRateToolBarView.m */,
			);
			path = MMMainDetailView;
			sourceTree = "<group>";
		};
		59D3FE901D506CAB002CCCA4 /* MMMainDetailController */ = {
			isa = PBXGroup;
			children = (
				59D3FE911D506CFA002CCCA4 /* PersonalMessageController.h */,
				59D3FE921D506CFA002CCCA4 /* PersonalMessageController.m */,
				5994C46D1D823615007660DD /* ModifyPasswordViewController.h */,
				5994C46E1D823615007660DD /* ModifyPasswordViewController.m */,
				59FA657C1D51E5E50013D490 /* LeaveApplicationDetailController.h */,
				59FA657D1D51E5E50013D490 /* LeaveApplicationDetailController.m */,
				59474CEF1D6D413D00DC6E50 /* PhoneListController.h */,
				59474CF01D6D413D00DC6E50 /* PhoneListController.m */,
				59A8D1081D6E94E8002CB709 /* PhoneListTableController.h */,
				59A8D1091D6E94E8002CB709 /* PhoneListTableController.m */,
				59F650EF1D70333D000596A7 /* EasySerachViewController.h */,
				59F650F01D70333D000596A7 /* EasySerachViewController.m */,
				594775E91D7674AC0094D354 /* CheckWorkController.h */,
				594775EA1D7674AC0094D354 /* CheckWorkController.m */,
				598EAF171D87A82800D36889 /* ApprovalController.h */,
				598EAF181D87A82800D36889 /* ApprovalController.m */,
				598EAF361D87F45C00D36889 /* OverTimeDetailController.h */,
				598EAF371D87F45C00D36889 /* OverTimeDetailController.m */,
			);
			path = MMMainDetailController;
			sourceTree = "<group>";
		};
		59E729F31D6AE38100920CC1 /* Model */ = {
			isa = PBXGroup;
			children = (
				59E729F41D6AE3E800920CC1 /* PersonalMessageModel.h */,
				59E729F51D6AE3E800920CC1 /* PersonalMessageModel.m */,
				59F650EC1D6FCC41000596A7 /* PhoneListModel.h */,
				59F650ED1D6FCC41000596A7 /* PhoneListModel.m */,
				59614F7B1D7E9911004D3AAE /* CheckListModel.h */,
				59614F7C1D7E9911004D3AAE /* CheckListModel.m */,
				59614F7E1D7E9A5E004D3AAE /* FillListModel.h */,
				59614F7F1D7E9A5E004D3AAE /* FillListModel.m */,
			);
			path = Model;
			sourceTree = "<group>";
		};
		59F650F21D70338C000596A7 /* PinYinSearchLib */ = {
			isa = PBXGroup;
			children = (
				59F650F31D70338C000596A7 /* ChineseInclude.h */,
				59F650F41D70338C000596A7 /* ChineseInclude.m */,
				59F650F51D70338C000596A7 /* ChineseToPinyinResource.h */,
				59F650F61D70338C000596A7 /* ChineseToPinyinResource.m */,
				59F650F71D70338C000596A7 /* HanyuPinyinOutputFormat.h */,
				59F650F81D70338C000596A7 /* HanyuPinyinOutputFormat.m */,
				59F650F91D70338C000596A7 /* NSString+PinYin4Cocoa.h */,
				59F650FA1D70338C000596A7 /* NSString+PinYin4Cocoa.m */,
				59F650FB1D70338C000596A7 /* PinyinFormatter.h */,
				59F650FC1D70338C000596A7 /* PinyinFormatter.m */,
				59F650FD1D70338C000596A7 /* PinYinForObjc.h */,
				59F650FE1D70338C000596A7 /* PinYinForObjc.m */,
				59F650FF1D70338C000596A7 /* PinyinHelper.h */,
				59F651001D70338C000596A7 /* PinyinHelper.m */,
				59F651011D70338C000596A7 /* unicode_to_hanyu_pinyin.txt */,
				59F651021D70338C000596A7 /* ZYPinYinSearch.h */,
				59F651031D70338C000596A7 /* ZYPinYinSearch.m */,
			);
			path = PinYinSearchLib;
			sourceTree = "<group>";
		};
		D21145FCB92E766519624DFD /* Pods */ = {
			isa = PBXGroup;
			children = (
				0EC1627435845BB3423165EA /* Pods-MM_FESCO.debug.xcconfig */,
				851A1D3507C23C93B738EF89 /* Pods-MM_FESCO.release.xcconfig */,
			);
			name = Pods;
			sourceTree = "<group>";
		};
/* End PBXGroup section */

/* Begin PBXNativeTarget section */
		597762111D489AE000BD8472 /* MM_FESCO */ = {
			isa = PBXNativeTarget;
			buildConfigurationList = 5977623F1D489AE000BD8472 /* Build configuration list for PBXNativeTarget "MM_FESCO" */;
			buildPhases = (
				3AEE7BCBEF451046856A7050 /* [CP] Check Pods Manifest.lock */,
				5977620E1D489AE000BD8472 /* Sources */,
				5977620F1D489AE000BD8472 /* Frameworks */,
				597762101D489AE000BD8472 /* Resources */,
				AE628FD50888F688C3811A9D /* [CP] Embed Pods Frameworks */,
				937AE8C062C1D19AD144FAAB /* [CP] Copy Pods Resources */,
			);
			buildRules = (
			);
			dependencies = (
			);
			name = MM_FESCO;
			productName = MM_FESCO;
			productReference = 597762121D489AE000BD8472 /* MM_FESCO.app */;
			productType = "com.apple.product-type.application";
		};
		5977622A1D489AE000BD8472 /* MM_FESCOTests */ = {
			isa = PBXNativeTarget;
			buildConfigurationList = 597762421D489AE000BD8472 /* Build configuration list for PBXNativeTarget "MM_FESCOTests" */;
			buildPhases = (
				597762271D489AE000BD8472 /* Sources */,
				597762281D489AE000BD8472 /* Frameworks */,
				597762291D489AE000BD8472 /* Resources */,
			);
			buildRules = (
			);
			dependencies = (
				5977622D1D489AE000BD8472 /* PBXTargetDependency */,
			);
			name = MM_FESCOTests;
			productName = MM_FESCOTests;
			productReference = 5977622B1D489AE000BD8472 /* MM_FESCOTests.xctest */;
			productType = "com.apple.product-type.bundle.unit-test";
		};
		597762351D489AE000BD8472 /* MM_FESCOUITests */ = {
			isa = PBXNativeTarget;
			buildConfigurationList = 597762451D489AE000BD8472 /* Build configuration list for PBXNativeTarget "MM_FESCOUITests" */;
			buildPhases = (
				597762321D489AE000BD8472 /* Sources */,
				597762331D489AE000BD8472 /* Frameworks */,
				597762341D489AE000BD8472 /* Resources */,
			);
			buildRules = (
			);
			dependencies = (
				597762381D489AE000BD8472 /* PBXTargetDependency */,
			);
			name = MM_FESCOUITests;
			productName = MM_FESCOUITests;
			productReference = 597762361D489AE000BD8472 /* MM_FESCOUITests.xctest */;
			productType = "com.apple.product-type.bundle.ui-testing";
		};
/* End PBXNativeTarget section */

/* Begin PBXProject section */
		5977620A1D489AE000BD8472 /* Project object */ = {
			isa = PBXProject;
			attributes = {
				LastUpgradeCheck = 0720;
				ORGANIZATIONNAME = Mortimey;
				TargetAttributes = {
					597762111D489AE000BD8472 = {
						CreatedOnToolsVersion = 7.2.1;
					};
					5977622A1D489AE000BD8472 = {
						CreatedOnToolsVersion = 7.2.1;
						TestTargetID = 597762111D489AE000BD8472;
					};
					597762351D489AE000BD8472 = {
						CreatedOnToolsVersion = 7.2.1;
						TestTargetID = 597762111D489AE000BD8472;
					};
				};
			};
			buildConfigurationList = 5977620D1D489AE000BD8472 /* Build configuration list for PBXProject "MM_FESCO" */;
			compatibilityVersion = "Xcode 3.2";
			developmentRegion = English;
			hasScannedForEncodings = 0;
			knownRegions = (
				en,
				Base,
			);
			mainGroup = 597762091D489AE000BD8472;
			productRefGroup = 597762131D489AE000BD8472 /* Products */;
			projectDirPath = "";
			projectRoot = "";
			targets = (
				597762111D489AE000BD8472 /* MM_FESCO */,
				5977622A1D489AE000BD8472 /* MM_FESCOTests */,
				597762351D489AE000BD8472 /* MM_FESCOUITests */,
			);
		};
/* End PBXProject section */

/* Begin PBXResourcesBuildPhase section */
		597762101D489AE000BD8472 /* Resources */ = {
			isa = PBXResourcesBuildPhase;
			buildActionMask = 2147483647;
			files = (
				59F4D63D1D814B9E00C56E5D /* MMShuxin.plist in Resources */,
				59F6510B1D70338C000596A7 /* unicode_to_hanyu_pinyin.txt in Resources */,
				597762251D489AE000BD8472 /* LaunchScreen.storyboard in Resources */,
				597762221D489AE000BD8472 /* Assets.xcassets in Resources */,
				597762201D489AE000BD8472 /* Main.storyboard in Resources */,
			);
			runOnlyForDeploymentPostprocessing = 0;
		};
		597762291D489AE000BD8472 /* Resources */ = {
			isa = PBXResourcesBuildPhase;
			buildActionMask = 2147483647;
			files = (
			);
			runOnlyForDeploymentPostprocessing = 0;
		};
		597762341D489AE000BD8472 /* Resources */ = {
			isa = PBXResourcesBuildPhase;
			buildActionMask = 2147483647;
			files = (
			);
			runOnlyForDeploymentPostprocessing = 0;
		};
/* End PBXResourcesBuildPhase section */

/* Begin PBXShellScriptBuildPhase section */
		3AEE7BCBEF451046856A7050 /* [CP] Check Pods Manifest.lock */ = {
			isa = PBXShellScriptBuildPhase;
			buildActionMask = 2147483647;
			files = (
			);
			inputPaths = (
			);
			name = "[CP] Check Pods Manifest.lock";
			outputPaths = (
			);
			runOnlyForDeploymentPostprocessing = 0;
			shellPath = /bin/sh;
			shellScript = "diff \"${PODS_ROOT}/../Podfile.lock\" \"${PODS_ROOT}/Manifest.lock\" > /dev/null\nif [[ $? != 0 ]] ; then\n    cat << EOM\nerror: The sandbox is not in sync with the Podfile.lock. Run 'pod install' or update your CocoaPods installation.\nEOM\n    exit 1\nfi\n";
			showEnvVarsInLog = 0;
		};
		937AE8C062C1D19AD144FAAB /* [CP] Copy Pods Resources */ = {
			isa = PBXShellScriptBuildPhase;
			buildActionMask = 2147483647;
			files = (
			);
			inputPaths = (
			);
			name = "[CP] Copy Pods Resources";
			outputPaths = (
			);
			runOnlyForDeploymentPostprocessing = 0;
			shellPath = /bin/sh;
			shellScript = "\"${SRCROOT}/Pods/Target Support Files/Pods-MM_FESCO/Pods-MM_FESCO-resources.sh\"\n";
			showEnvVarsInLog = 0;
		};
		AE628FD50888F688C3811A9D /* [CP] Embed Pods Frameworks */ = {
			isa = PBXShellScriptBuildPhase;
			buildActionMask = 2147483647;
			files = (
			);
			inputPaths = (
			);
			name = "[CP] Embed Pods Frameworks";
			outputPaths = (
			);
			runOnlyForDeploymentPostprocessing = 0;
			shellPath = /bin/sh;
			shellScript = "\"${SRCROOT}/Pods/Target Support Files/Pods-MM_FESCO/Pods-MM_FESCO-frameworks.sh\"\n";
			showEnvVarsInLog = 0;
		};
/* End PBXShellScriptBuildPhase section */

/* Begin PBXSourcesBuildPhase section */
		5977620E1D489AE000BD8472 /* Sources */ = {
			isa = PBXSourcesBuildPhase;
			buildActionMask = 2147483647;
			files = (
				598EAF2F1D87DC7700D36889 /* SignUpApprovalCell.m in Sources */,
				59A59E1E1D499EF2001F3122 /* NGOSegmentControl.m in Sources */,
				59E729F61D6AE3E800920CC1 /* PersonalMessageModel.m in Sources */,
				59614F801D7E9A5E004D3AAE /* FillListModel.m in Sources */,
				59FA657E1D51E5E50013D490 /* LeaveApplicationDetailController.m in Sources */,
				59D3FE961D506E7C002CCCA4 /* PersonalMessageDetailCell.m in Sources */,
				59F650F11D70333D000596A7 /* EasySerachViewController.m in Sources */,
				59C90C3A1D5C281700CE0385 /* NSDateFormatter+sharedDateFormatter.m in Sources */,
				59F651061D70338C000596A7 /* HanyuPinyinOutputFormat.m in Sources */,
				598EAF3B1D87F84100D36889 /* TextMainApprovalDetailCell.m in Sources */,
				59A59DFD1D499937001F3122 /* ToastAlertView.m in Sources */,
				594775F21D767FF90094D354 /* CheckView.m in Sources */,
				594775EE1D7678410094D354 /* JZPassRateToolBarView.m in Sources */,
				5994C4721D8271FD007660DD /* MMLoginTool.m in Sources */,
				59E729F21D6A8C0300920CC1 /* BLPFAlertView.m in Sources */,
				59A8D10A1D6E94E8002CB709 /* PhoneListTableController.m in Sources */,
				59F651081D70338C000596A7 /* PinyinFormatter.m in Sources */,
				59F6510C1D70338C000596A7 /* ZYPinYinSearch.m in Sources */,
				594776101D76AD0A0094D354 /* FillRecordCell.m in Sources */,
				59A8D1111D6EB001002CB709 /* DDChannelLabel.m in Sources */,
				597762501D48ABCB00BD8472 /* NetworkTool.m in Sources */,
				59D3FE931D506CFA002CCCA4 /* PersonalMessageController.m in Sources */,
				59C90C2F1D5C07B300CE0385 /* UIViewController+HUD.m in Sources */,
				59474CF11D6D413D00DC6E50 /* PhoneListController.m in Sources */,
				598EAF381D87F45C00D36889 /* OverTimeDetailController.m in Sources */,
				5977621D1D489AE000BD8472 /* ViewController.m in Sources */,
				59A59DFE1D499937001F3122 /* UIView+Sizes.m in Sources */,
				59A59E1F1D499EF2001F3122 /* NSString+Helper.m in Sources */,
				594776041D76906C0094D354 /* CheckRecordView.m in Sources */,
				59A59E3A1D49CADF001F3122 /* MMMainController.m in Sources */,
				594776011D768FEF0094D354 /* RefreshTableView.m in Sources */,
				59E729EC1D6A8AD700920CC1 /* DVVImagePickerControllerManager.m in Sources */,
				594775FD1D7686DB0094D354 /* YiRefreshFooter.m in Sources */,
				598EAF351D87DFBD00D36889 /* LeaveApprovalCell.m in Sources */,
				59F650EE1D6FCC41000596A7 /* PhoneListModel.m in Sources */,
				59F651071D70338C000596A7 /* NSString+PinYin4Cocoa.m in Sources */,
				59614F751D7E4626004D3AAE /* SignUpViewModel.m in Sources */,
				5977621A1D489AE000BD8472 /* AppDelegate.mm in Sources */,
				59A59E331D49C6A3001F3122 /* MMLoginController.m in Sources */,
				5996FFB31D5876BE0005307C /* NSString+MD5.m in Sources */,
				59A59E251D499EF2001F3122 /* UINavigationItem+BackItem.m in Sources */,
				594775EB1D7674AC0094D354 /* CheckWorkController.m in Sources */,
				594775F71D7684D80094D354 /* MMBaseViewController.m in Sources */,
				597762171D489AE000BD8472 /* main.m in Sources */,
				5947760D1D76ACBE0094D354 /* FillRecordView.m in Sources */,
				59C197C51D5ABFB100C7F593 /* UserInfoModel.m in Sources */,
				59C90C391D5C281700CE0385 /* NSDateFormatter+Category.m in Sources */,
				59C90C441D5C6FE900CE0385 /* MMMainCollectionCell.m in Sources */,
				59D3FE991D507C62002CCCA4 /* NetworkEntity.m in Sources */,
				59F651051D70338C000596A7 /* ChineseToPinyinResource.m in Sources */,
				5981A9511D66D8F700DAC097 /* PersonalMessageHeaderView.m in Sources */,
				59A59E1D1D499EF2001F3122 /* HMButton.m in Sources */,
				59A59E201D499EF2001F3122 /* PortraitView.m in Sources */,
				59C90C321D5C27F900CE0385 /* NSDate+Category.m in Sources */,
				598EAF231D87CE4500D36889 /* OverTimeCell.m in Sources */,
				59FECE341D7FF3B10094EDD4 /* popOutView.m in Sources */,
				59A59E001D499937001F3122 /* UIViewAdditions.m in Sources */,
				59A59E1B1D499EF2001F3122 /* DVVDoubleRowToolBarView.m in Sources */,
				59474CF61D6D863000DC6E50 /* MMSQManagerTool.m in Sources */,
				594776161D76D5CF0094D354 /* FillApplyView.m in Sources */,
				59A59E221D499EF2001F3122 /* UIColor+Extension.m in Sources */,
				5994C46F1D823615007660DD /* ModifyPasswordViewController.m in Sources */,
				59A59E1C1D499EF2001F3122 /* DVVToolBarView.m in Sources */,
				599A253B1D6F374800EF27F4 /* MMCyeleShowLableTagView.m in Sources */,
				59A59E211D499EF2001F3122 /* UIBarButtonItem+Helper.m in Sources */,
				59C90C411D5C627500CE0385 /* MMCycleShowImageView.m in Sources */,
				59F6510A1D70338C000596A7 /* PinyinHelper.m in Sources */,
				59A8D1071D6E944F002CB709 /* PhoneListCell.m in Sources */,
				598EAF3E1D87F86100D36889 /* FileMainApprovalDetailCell.m in Sources */,
				594775DD1D752B990094D354 /* NSArray+Sort.m in Sources */,
				59614F7D1D7E9911004D3AAE /* CheckListModel.m in Sources */,
				59182B351D6448CE00842352 /* NSData+AES.m in Sources */,
				59A59E241D499EF2001F3122 /* UIImageView+SDWedImage.m in Sources */,
				59C90C3B1D5C281700CE0385 /* NSString+CurrentTimeDay.m in Sources */,
				598EAF261D87CF4600D36889 /* ApprovalViewModel.m in Sources */,
				598EAF321D87DF9E00D36889 /* LeaveApprovalView.m in Sources */,
				59F4D6391D81387200C56E5D /* JZUserLoginManager.m in Sources */,
				59F651041D70338C000596A7 /* ChineseInclude.m in Sources */,
				5981AFBC1D73C43D0003166C /* MMDataBase.m in Sources */,
				59182B3F1D644D7E00842352 /* NSString+BASE64.m in Sources */,
				598EAF201D87CD4100D36889 /* OverTimeView.m in Sources */,
				598EAF191D87A82800D36889 /* ApprovalController.m in Sources */,
				595B45BB1D502FD30054ED8C /* MMMianCell.m in Sources */,
				59A59DFC1D499937001F3122 /* NSDictionary+StrDic.m in Sources */,
				59A8D10D1D6E9646002CB709 /* PhoneListTableCell.m in Sources */,
				59A59E231D499EF2001F3122 /* UIImage+Helper.m in Sources */,
				59E729EF1D6A8B6200920CC1 /* PFActionSheetView.m in Sources */,
				59182B3B1D644C7B00842352 /* GTMBase64.m in Sources */,
				594776131D76CE290094D354 /* MMChooseTextFile.m in Sources */,
				59C197C81D5AC27A00C7F593 /* UIViewController+Method.m in Sources */,
				594776071D7691F30094D354 /* CheckRecordCell.m in Sources */,
				598EAF291D87DBE300D36889 /* SignUpApprovalView.m in Sources */,
				59614F7A1D7E90A8004D3AAE /* TTRefreshFooter.m in Sources */,
				59A59DFF1D499937001F3122 /* UIView+TKCategory.m in Sources */,
				59F651091D70338C000596A7 /* PinYinForObjc.m in Sources */,
				596606C71D7D751E0020CAB0 /* MMBaseViewModel.m in Sources */,
				594775FE1D7686DB0094D354 /* YiRefreshHeader.m in Sources */,
				59FA65811D51EAA70013D490 /* LeaveApplicationDetailCell.m in Sources */,
			);
			runOnlyForDeploymentPostprocessing = 0;
		};
		597762271D489AE000BD8472 /* Sources */ = {
			isa = PBXSourcesBuildPhase;
			buildActionMask = 2147483647;
			files = (
				597762301D489AE000BD8472 /* MM_FESCOTests.m in Sources */,
			);
			runOnlyForDeploymentPostprocessing = 0;
		};
		597762321D489AE000BD8472 /* Sources */ = {
			isa = PBXSourcesBuildPhase;
			buildActionMask = 2147483647;
			files = (
				5977623B1D489AE000BD8472 /* MM_FESCOUITests.m in Sources */,
			);
			runOnlyForDeploymentPostprocessing = 0;
		};
/* End PBXSourcesBuildPhase section */

/* Begin PBXTargetDependency section */
		5977622D1D489AE000BD8472 /* PBXTargetDependency */ = {
			isa = PBXTargetDependency;
			target = 597762111D489AE000BD8472 /* MM_FESCO */;
			targetProxy = 5977622C1D489AE000BD8472 /* PBXContainerItemProxy */;
		};
		597762381D489AE000BD8472 /* PBXTargetDependency */ = {
			isa = PBXTargetDependency;
			target = 597762111D489AE000BD8472 /* MM_FESCO */;
			targetProxy = 597762371D489AE000BD8472 /* PBXContainerItemProxy */;
		};
/* End PBXTargetDependency section */

/* Begin PBXVariantGroup section */
		5977621E1D489AE000BD8472 /* Main.storyboard */ = {
			isa = PBXVariantGroup;
			children = (
				5977621F1D489AE000BD8472 /* Base */,
			);
			name = Main.storyboard;
			sourceTree = "<group>";
		};
		597762231D489AE000BD8472 /* LaunchScreen.storyboard */ = {
			isa = PBXVariantGroup;
			children = (
				597762241D489AE000BD8472 /* Base */,
			);
			name = LaunchScreen.storyboard;
			sourceTree = "<group>";
		};
/* End PBXVariantGroup section */

/* Begin XCBuildConfiguration section */
		5977623D1D489AE000BD8472 /* Debug */ = {
			isa = XCBuildConfiguration;
			buildSettings = {
				ALWAYS_SEARCH_USER_PATHS = NO;
				CLANG_CXX_LANGUAGE_STANDARD = "gnu++0x";
				CLANG_CXX_LIBRARY = "libc++";
				CLANG_ENABLE_MODULES = YES;
				CLANG_ENABLE_OBJC_ARC = YES;
				CLANG_WARN_BOOL_CONVERSION = YES;
				CLANG_WARN_CONSTANT_CONVERSION = YES;
				CLANG_WARN_DIRECT_OBJC_ISA_USAGE = YES_ERROR;
				CLANG_WARN_EMPTY_BODY = YES;
				CLANG_WARN_ENUM_CONVERSION = YES;
				CLANG_WARN_INT_CONVERSION = YES;
				CLANG_WARN_OBJC_ROOT_CLASS = YES_ERROR;
				CLANG_WARN_UNREACHABLE_CODE = YES;
				CLANG_WARN__DUPLICATE_METHOD_MATCH = YES;
				"CODE_SIGN_IDENTITY[sdk=iphoneos*]" = "iPhone Developer";
				COPY_PHASE_STRIP = NO;
				DEBUG_INFORMATION_FORMAT = dwarf;
				ENABLE_STRICT_OBJC_MSGSEND = YES;
				ENABLE_TESTABILITY = YES;
				GCC_C_LANGUAGE_STANDARD = gnu99;
				GCC_DYNAMIC_NO_PIC = NO;
				GCC_NO_COMMON_BLOCKS = YES;
				GCC_OPTIMIZATION_LEVEL = 0;
				GCC_PREPROCESSOR_DEFINITIONS = (
					"DEBUG=1",
					"$(inherited)",
				);
				GCC_WARN_64_TO_32_BIT_CONVERSION = YES;
				GCC_WARN_ABOUT_RETURN_TYPE = YES_ERROR;
				GCC_WARN_UNDECLARED_SELECTOR = YES;
				GCC_WARN_UNINITIALIZED_AUTOS = YES_AGGRESSIVE;
				GCC_WARN_UNUSED_FUNCTION = YES;
				GCC_WARN_UNUSED_VARIABLE = YES;
				IPHONEOS_DEPLOYMENT_TARGET = 9.2;
				MTL_ENABLE_DEBUG_INFO = YES;
				ONLY_ACTIVE_ARCH = YES;
				SDKROOT = iphoneos;
				TARGETED_DEVICE_FAMILY = "1,2";
			};
			name = Debug;
		};
		5977623E1D489AE000BD8472 /* Release */ = {
			isa = XCBuildConfiguration;
			buildSettings = {
				ALWAYS_SEARCH_USER_PATHS = NO;
				CLANG_CXX_LANGUAGE_STANDARD = "gnu++0x";
				CLANG_CXX_LIBRARY = "libc++";
				CLANG_ENABLE_MODULES = YES;
				CLANG_ENABLE_OBJC_ARC = YES;
				CLANG_WARN_BOOL_CONVERSION = YES;
				CLANG_WARN_CONSTANT_CONVERSION = YES;
				CLANG_WARN_DIRECT_OBJC_ISA_USAGE = YES_ERROR;
				CLANG_WARN_EMPTY_BODY = YES;
				CLANG_WARN_ENUM_CONVERSION = YES;
				CLANG_WARN_INT_CONVERSION = YES;
				CLANG_WARN_OBJC_ROOT_CLASS = YES_ERROR;
				CLANG_WARN_UNREACHABLE_CODE = YES;
				CLANG_WARN__DUPLICATE_METHOD_MATCH = YES;
				"CODE_SIGN_IDENTITY[sdk=iphoneos*]" = "iPhone Developer";
				COPY_PHASE_STRIP = NO;
				DEBUG_INFORMATION_FORMAT = "dwarf-with-dsym";
				ENABLE_NS_ASSERTIONS = NO;
				ENABLE_STRICT_OBJC_MSGSEND = YES;
				GCC_C_LANGUAGE_STANDARD = gnu99;
				GCC_NO_COMMON_BLOCKS = YES;
				GCC_WARN_64_TO_32_BIT_CONVERSION = YES;
				GCC_WARN_ABOUT_RETURN_TYPE = YES_ERROR;
				GCC_WARN_UNDECLARED_SELECTOR = YES;
				GCC_WARN_UNINITIALIZED_AUTOS = YES_AGGRESSIVE;
				GCC_WARN_UNUSED_FUNCTION = YES;
				GCC_WARN_UNUSED_VARIABLE = YES;
				IPHONEOS_DEPLOYMENT_TARGET = 9.2;
				MTL_ENABLE_DEBUG_INFO = NO;
				SDKROOT = iphoneos;
				TARGETED_DEVICE_FAMILY = "1,2";
				VALIDATE_PRODUCT = YES;
			};
			name = Release;
		};
		597762401D489AE000BD8472 /* Debug */ = {
			isa = XCBuildConfiguration;
			baseConfigurationReference = 0EC1627435845BB3423165EA /* Pods-MM_FESCO.debug.xcconfig */;
			buildSettings = {
				ASSETCATALOG_COMPILER_APPICON_NAME = AppIcon;
				CLANG_WARN_DIRECT_OBJC_ISA_USAGE = YES_ERROR;
				CODE_SIGN_IDENTITY = "iPhone Distribution: FESCO e-HR Service (Beijing) Co., Ltd.";
				ENABLE_BITCODE = NO;
				GCC_PREFIX_HEADER = /Users/fesco/Desktop/MM_FESCO/MM_FESCO/PrefixHeader.pch;
				INFOPLIST_FILE = MM_FESCO/Info.plist;
				IPHONEOS_DEPLOYMENT_TARGET = 8.4;
				LD_RUNPATH_SEARCH_PATHS = "$(inherited) @executable_path/Frameworks";
				PRODUCT_BUNDLE_IDENTIFIER = com.fesco.shuxinDev;
				PRODUCT_NAME = "$(TARGET_NAME)";
				PROVISIONING_PROFILE = "";
			};
			name = Debug;
		};
		597762411D489AE000BD8472 /* Release */ = {
			isa = XCBuildConfiguration;
			baseConfigurationReference = 851A1D3507C23C93B738EF89 /* Pods-MM_FESCO.release.xcconfig */;
			buildSettings = {
				ASSETCATALOG_COMPILER_APPICON_NAME = AppIcon;
				CLANG_WARN_DIRECT_OBJC_ISA_USAGE = YES_ERROR;
				CODE_SIGN_IDENTITY = "iPhone Distribution: FESCO e-HR Service (Beijing) Co., Ltd.";
				"CODE_SIGN_IDENTITY[sdk=iphoneos*]" = "iPhone Distribution: FESCO e-HR Service (Beijing) Co., Ltd.";
				ENABLE_BITCODE = NO;
				GCC_PREFIX_HEADER = /Users/fesco/Desktop/MM_FESCO/MM_FESCO/PrefixHeader.pch;
				INFOPLIST_FILE = MM_FESCO/Info.plist;
				IPHONEOS_DEPLOYMENT_TARGET = 8.4;
				LD_RUNPATH_SEARCH_PATHS = "$(inherited) @executable_path/Frameworks";
				PRODUCT_BUNDLE_IDENTIFIER = com.fesco.shuxinDev;
				PRODUCT_NAME = "$(TARGET_NAME)";
				PROVISIONING_PROFILE = "";
			};
			name = Release;
		};
		597762431D489AE000BD8472 /* Debug */ = {
			isa = XCBuildConfiguration;
			buildSettings = {
				BUNDLE_LOADER = "$(TEST_HOST)";
				INFOPLIST_FILE = MM_FESCOTests/Info.plist;
				LD_RUNPATH_SEARCH_PATHS = "$(inherited) @executable_path/Frameworks @loader_path/Frameworks";
				PRODUCT_BUNDLE_IDENTIFIER = "Mortimey.MM-FESCOTests";
				PRODUCT_NAME = "$(TARGET_NAME)";
				TEST_HOST = "$(BUILT_PRODUCTS_DIR)/MM_FESCO.app/MM_FESCO";
			};
			name = Debug;
		};
		597762441D489AE000BD8472 /* Release */ = {
			isa = XCBuildConfiguration;
			buildSettings = {
				BUNDLE_LOADER = "$(TEST_HOST)";
				INFOPLIST_FILE = MM_FESCOTests/Info.plist;
				LD_RUNPATH_SEARCH_PATHS = "$(inherited) @executable_path/Frameworks @loader_path/Frameworks";
				PRODUCT_BUNDLE_IDENTIFIER = "Mortimey.MM-FESCOTests";
				PRODUCT_NAME = "$(TARGET_NAME)";
				TEST_HOST = "$(BUILT_PRODUCTS_DIR)/MM_FESCO.app/MM_FESCO";
			};
			name = Release;
		};
		597762461D489AE000BD8472 /* Debug */ = {
			isa = XCBuildConfiguration;
			buildSettings = {
				INFOPLIST_FILE = MM_FESCOUITests/Info.plist;
				LD_RUNPATH_SEARCH_PATHS = "$(inherited) @executable_path/Frameworks @loader_path/Frameworks";
				PRODUCT_BUNDLE_IDENTIFIER = "Mortimey.MM-FESCOUITests";
				PRODUCT_NAME = "$(TARGET_NAME)";
				TEST_TARGET_NAME = MM_FESCO;
				USES_XCTRUNNER = YES;
			};
			name = Debug;
		};
		597762471D489AE000BD8472 /* Release */ = {
			isa = XCBuildConfiguration;
			buildSettings = {
				INFOPLIST_FILE = MM_FESCOUITests/Info.plist;
				LD_RUNPATH_SEARCH_PATHS = "$(inherited) @executable_path/Frameworks @loader_path/Frameworks";
				PRODUCT_BUNDLE_IDENTIFIER = "Mortimey.MM-FESCOUITests";
				PRODUCT_NAME = "$(TARGET_NAME)";
				TEST_TARGET_NAME = MM_FESCO;
				USES_XCTRUNNER = YES;
			};
			name = Release;
		};
/* End XCBuildConfiguration section */

/* Begin XCConfigurationList section */
		5977620D1D489AE000BD8472 /* Build configuration list for PBXProject "MM_FESCO" */ = {
			isa = XCConfigurationList;
			buildConfigurations = (
				5977623D1D489AE000BD8472 /* Debug */,
				5977623E1D489AE000BD8472 /* Release */,
			);
			defaultConfigurationIsVisible = 0;
			defaultConfigurationName = Release;
		};
		5977623F1D489AE000BD8472 /* Build configuration list for PBXNativeTarget "MM_FESCO" */ = {
			isa = XCConfigurationList;
			buildConfigurations = (
				597762401D489AE000BD8472 /* Debug */,
				597762411D489AE000BD8472 /* Release */,
			);
			defaultConfigurationIsVisible = 0;
			defaultConfigurationName = Release;
		};
		597762421D489AE000BD8472 /* Build configuration list for PBXNativeTarget "MM_FESCOTests" */ = {
			isa = XCConfigurationList;
			buildConfigurations = (
				597762431D489AE000BD8472 /* Debug */,
				597762441D489AE000BD8472 /* Release */,
			);
			defaultConfigurationIsVisible = 0;
			defaultConfigurationName = Release;
		};
		597762451D489AE000BD8472 /* Build configuration list for PBXNativeTarget "MM_FESCOUITests" */ = {
			isa = XCConfigurationList;
			buildConfigurations = (
				597762461D489AE000BD8472 /* Debug */,
				597762471D489AE000BD8472 /* Release */,
			);
			defaultConfigurationIsVisible = 0;
			defaultConfigurationName = Release;
		};
/* End XCConfigurationList section */
	};
	rootObject = 5977620A1D489AE000BD8472 /* Project object */;
}
